// !$*UTF8*$!
{
	archiveVersion = 1;
	classes = {
	};
	objectVersion = 46;
	objects = {

/* Begin PBXBuildFile section */
		047A9DD820F33569003CC39F /* URLTool.m in Sources */ = {isa = PBXBuildFile; fileRef = 047A9DD720F33569003CC39F /* URLTool.m */; };
		047A9DDB20F3448A003CC39F /* BaseViewController.m in Sources */ = {isa = PBXBuildFile; fileRef = 047A9DD920F34489003CC39F /* BaseViewController.m */; };
		047A9E0720F34BFE003CC39F /* Pods_EasyRTMP.framework in Frameworks */ = {isa = PBXBuildFile; fileRef = D94BD2DDB07309B15B104DE2 /* Pods_EasyRTMP.framework */; };
		047A9E0E20F36479003CC39F /* WebViewController.m in Sources */ = {isa = PBXBuildFile; fileRef = 047A9E0D20F36479003CC39F /* WebViewController.m */; };
		047A9E1220F37C25003CC39F /* ScanViewController.m in Sources */ = {isa = PBXBuildFile; fileRef = 047A9E1120F37C25003CC39F /* ScanViewController.m */; };
		047A9E1520F37E8F003CC39F /* RecordViewController.m in Sources */ = {isa = PBXBuildFile; fileRef = 047A9E1420F37E8F003CC39F /* RecordViewController.m */; };
		047E4E2B2106F9080050146A /* AVAssetWriteManager.m in Sources */ = {isa = PBXBuildFile; fileRef = 047E4E2A2106F9080050146A /* AVAssetWriteManager.m */; };
		047E4E2E2106F98D0050146A /* XCFileManager.m in Sources */ = {isa = PBXBuildFile; fileRef = 047E4E2D2106F98D0050146A /* XCFileManager.m */; };
		047E4E3221070A720050146A /* FolderUtil.m in Sources */ = {isa = PBXBuildFile; fileRef = 047E4E3121070A720050146A /* FolderUtil.m */; };
		047E4E3521070B400050146A /* PlayRecordViewController.m in Sources */ = {isa = PBXBuildFile; fileRef = 047E4E3421070B400050146A /* PlayRecordViewController.m */; };
		04C61CA220F44B1500D755D9 /* ResolutionViewController2.m in Sources */ = {isa = PBXBuildFile; fileRef = 04C61CA120F44B1500D755D9 /* ResolutionViewController2.m */; };
		04C61CA620F45FBF00D755D9 /* VideoViewController.m in Sources */ = {isa = PBXBuildFile; fileRef = 04C61CA520F45FBF00D755D9 /* VideoViewController.m */; };
		04C61CAA20F484FD00D755D9 /* PromptView.m in Sources */ = {isa = PBXBuildFile; fileRef = 04C61CA920F484FD00D755D9 /* PromptView.m */; };
		04C61CAD20F4857D00D755D9 /* VideoCell.m in Sources */ = {isa = PBXBuildFile; fileRef = 04C61CAC20F4857D00D755D9 /* VideoCell.m */; };
		04C61CB020F48B5200D755D9 /* PhotoViewController.m in Sources */ = {isa = PBXBuildFile; fileRef = 04C61CAF20F48B5200D755D9 /* PhotoViewController.m */; };
		04DF407620F2FE120002EAB9 /* Main.storyboard in Resources */ = {isa = PBXBuildFile; fileRef = 04DF407420F2FE120002EAB9 /* Main.storyboard */; };
		04F7286D20F2F2460089EDCA /* libEasyRTMP.a in Frameworks */ = {isa = PBXBuildFile; fileRef = 04F7286020F2F2460089EDCA /* libEasyRTMP.a */; };
		04F7286F20F2F2460089EDCA /* AACEncoder.m in Sources */ = {isa = PBXBuildFile; fileRef = 04F7286820F2F2460089EDCA /* AACEncoder.m */; };
		04F7287020F2F2460089EDCA /* H264Packet.m in Sources */ = {isa = PBXBuildFile; fileRef = 04F7286920F2F2460089EDCA /* H264Packet.m */; };
		04F7287120F2F2460089EDCA /* H264HWEncoder.m in Sources */ = {isa = PBXBuildFile; fileRef = 04F7286A20F2F2460089EDCA /* H264HWEncoder.m */; };
		04F7287220F2F2460089EDCA /* CameraEncoder.m in Sources */ = {isa = PBXBuildFile; fileRef = 04F7286C20F2F2460089EDCA /* CameraEncoder.m */; };
		04F7287820F2F26D0089EDCA /* main.m in Sources */ = {isa = PBXBuildFile; fileRef = 04F7287520F2F26D0089EDCA /* main.m */; };
		04F7287920F2F26D0089EDCA /* AppDelegate.m in Sources */ = {isa = PBXBuildFile; fileRef = 04F7287620F2F26D0089EDCA /* AppDelegate.m */; };
		66747A0422704CE800BDD443 /* libavutil.a in Frameworks */ = {isa = PBXBuildFile; fileRef = 667479F622704CE800BDD443 /* libavutil.a */; };
		66747A0522704CE800BDD443 /* libavfilter.a in Frameworks */ = {isa = PBXBuildFile; fileRef = 667479F722704CE800BDD443 /* libavfilter.a */; };
		66747A0622704CE800BDD443 /* libavcodec.a in Frameworks */ = {isa = PBXBuildFile; fileRef = 667479F822704CE800BDD443 /* libavcodec.a */; };
		66747A0722704CE800BDD443 /* libpostproc.a in Frameworks */ = {isa = PBXBuildFile; fileRef = 667479F922704CE800BDD443 /* libpostproc.a */; };
		66747A0822704CE800BDD443 /* libavformat.a in Frameworks */ = {isa = PBXBuildFile; fileRef = 667479FA22704CE800BDD443 /* libavformat.a */; };
		66747A0922704CE800BDD443 /* libavdevice.a in Frameworks */ = {isa = PBXBuildFile; fileRef = 667479FB22704CE800BDD443 /* libavdevice.a */; };
		66747A0A22704CE800BDD443 /* libswresample.a in Frameworks */ = {isa = PBXBuildFile; fileRef = 667479FC22704CE800BDD443 /* libswresample.a */; };
		66747A0B22704CE800BDD443 /* libswscale.a in Frameworks */ = {isa = PBXBuildFile; fileRef = 667479FD22704CE800BDD443 /* libswscale.a */; };
		66747A0C22704CE800BDD443 /* libx264.a in Frameworks */ = {isa = PBXBuildFile; fileRef = 66747A0322704CE800BDD443 /* libx264.a */; };
		66747A1222704D3500BDD443 /* X264Encoder.m in Sources */ = {isa = PBXBuildFile; fileRef = 66747A1122704D3500BDD443 /* X264Encoder.m */; };
		A1195C581E69A22300535E11 /* ResolutionViewController.m in Sources */ = {isa = PBXBuildFile; fileRef = A1195C561E69A22300535E11 /* ResolutionViewController.m */; };
		A1195C5D1E6A6FE200535E11 /* InfoViewController.m in Sources */ = {isa = PBXBuildFile; fileRef = A1195C5B1E6A6FE200535E11 /* InfoViewController.m */; };
		A1195D251E73A1BD00535E11 /* CoreTelephony.framework in Frameworks */ = {isa = PBXBuildFile; fileRef = A1195D241E73A1BD00535E11 /* CoreTelephony.framework */; };
		A1195D291E73D43200535E11 /* NetNotifieViewController.m in Sources */ = {isa = PBXBuildFile; fileRef = A1195D271E73D43200535E11 /* NetNotifieViewController.m */; };
		A175F55B1E24D32F00C76B21 /* SettingViewController.m in Sources */ = {isa = PBXBuildFile; fileRef = A175F55A1E24D32F00C76B21 /* SettingViewController.m */; };
		A1CBFC4B1E4F099900588740 /* AVFoundation.framework in Frameworks */ = {isa = PBXBuildFile; fileRef = A1CBFC4A1E4F099900588740 /* AVFoundation.framework */; };
		A1DBC62B1E8BA7EA001E25E8 /* libc++.tbd in Frameworks */ = {isa = PBXBuildFile; fileRef = A1DBC62A1E8BA7EA001E25E8 /* libc++.tbd */; };
		A1DBC6311E8BA886001E25E8 /* CFNetwork.framework in Frameworks */ = {isa = PBXBuildFile; fileRef = A1DBC6301E8BA886001E25E8 /* CFNetwork.framework */; };
		A1DBC6331E8BA8F8001E25E8 /* libicucore.tbd in Frameworks */ = {isa = PBXBuildFile; fileRef = A1DBC6321E8BA8F8001E25E8 /* libicucore.tbd */; };
		A1DBC6351E8BA90A001E25E8 /* libiconv.tbd in Frameworks */ = {isa = PBXBuildFile; fileRef = A1DBC6341E8BA90A001E25E8 /* libiconv.tbd */; };
		A1DBC6361E8BA91C001E25E8 /* libz.tbd in Frameworks */ = {isa = PBXBuildFile; fileRef = A1DBC62E1E8BA869001E25E8 /* libz.tbd */; };
		A1DBC6381E8BA92C001E25E8 /* libbz2.tbd in Frameworks */ = {isa = PBXBuildFile; fileRef = A1DBC6371E8BA92C001E25E8 /* libbz2.tbd */; };
		A1DBC63A1E8BA93C001E25E8 /* AudioToolbox.framework in Frameworks */ = {isa = PBXBuildFile; fileRef = A1DBC6391E8BA93C001E25E8 /* AudioToolbox.framework */; };
		A1DBC63C1E8BA94A001E25E8 /* VideoToolbox.framework in Frameworks */ = {isa = PBXBuildFile; fileRef = A1DBC63B1E8BA94A001E25E8 /* VideoToolbox.framework */; };
		A1DBC63E1E8BA95A001E25E8 /* SystemConfiguration.framework in Frameworks */ = {isa = PBXBuildFile; fileRef = A1DBC63D1E8BA95A001E25E8 /* SystemConfiguration.framework */; };
		A1DBC6551E8BDFE0001E25E8 /* Foundation.framework in Frameworks */ = {isa = PBXBuildFile; fileRef = A1DBC6541E8BDFE0001E25E8 /* Foundation.framework */; };
		F6C510351D858306001EB536 /* PushViewController.m in Sources */ = {isa = PBXBuildFile; fileRef = F6C510341D858306001EB536 /* PushViewController.m */; };
		F6C5103A1D858306001EB536 /* Assets.xcassets in Resources */ = {isa = PBXBuildFile; fileRef = F6C510391D858306001EB536 /* Assets.xcassets */; };
		F6C5103D1D858306001EB536 /* LaunchScreen.storyboard in Resources */ = {isa = PBXBuildFile; fileRef = F6C5103B1D858306001EB536 /* LaunchScreen.storyboard */; };
/* End PBXBuildFile section */

/* Begin PBXFileReference section */
		047A9DD620F33569003CC39F /* URLTool.h */ = {isa = PBXFileReference; lastKnownFileType = sourcecode.c.h; path = URLTool.h; sourceTree = "<group>"; };
		047A9DD720F33569003CC39F /* URLTool.m */ = {isa = PBXFileReference; lastKnownFileType = sourcecode.c.objc; path = URLTool.m; sourceTree = "<group>"; };
		047A9DD920F34489003CC39F /* BaseViewController.m */ = {isa = PBXFileReference; fileEncoding = 4; lastKnownFileType = sourcecode.c.objc; path = BaseViewController.m; sourceTree = "<group>"; };
		047A9DDA20F3448A003CC39F /* BaseViewController.h */ = {isa = PBXFileReference; fileEncoding = 4; lastKnownFileType = sourcecode.c.h; path = BaseViewController.h; sourceTree = "<group>"; };
		047A9E0120F34B97003CC39F /* IQKeyboardManager.framework */ = {isa = PBXFileReference; explicitFileType = wrapper.framework; path = IQKeyboardManager.framework; sourceTree = BUILT_PRODUCTS_DIR; };
		047A9E0320F34B97003CC39F /* Masonry.framework */ = {isa = PBXFileReference; explicitFileType = wrapper.framework; path = Masonry.framework; sourceTree = BUILT_PRODUCTS_DIR; };
		047A9E0520F34B97003CC39F /* RTRootNavigationController.framework */ = {isa = PBXFileReference; explicitFileType = wrapper.framework; path = RTRootNavigationController.framework; sourceTree = BUILT_PRODUCTS_DIR; };
		047A9E0820F34E01003CC39F /* Security.framework */ = {isa = PBXFileReference; lastKnownFileType = wrapper.framework; name = Security.framework; path = System/Library/Frameworks/Security.framework; sourceTree = SDKROOT; };
		047A9E0A20F34E15003CC39F /* JavaScriptCore.framework */ = {isa = PBXFileReference; lastKnownFileType = wrapper.framework; name = JavaScriptCore.framework; path = System/Library/Frameworks/JavaScriptCore.framework; sourceTree = SDKROOT; };
		047A9E0C20F36479003CC39F /* WebViewController.h */ = {isa = PBXFileReference; lastKnownFileType = sourcecode.c.h; path = WebViewController.h; sourceTree = "<group>"; };
		047A9E0D20F36479003CC39F /* WebViewController.m */ = {isa = PBXFileReference; lastKnownFileType = sourcecode.c.objc; path = WebViewController.m; sourceTree = "<group>"; };
		047A9E1020F37C25003CC39F /* ScanViewController.h */ = {isa = PBXFileReference; lastKnownFileType = sourcecode.c.h; path = ScanViewController.h; sourceTree = "<group>"; };
		047A9E1120F37C25003CC39F /* ScanViewController.m */ = {isa = PBXFileReference; lastKnownFileType = sourcecode.c.objc; path = ScanViewController.m; sourceTree = "<group>"; };
		047A9E1320F37E8F003CC39F /* RecordViewController.h */ = {isa = PBXFileReference; lastKnownFileType = sourcecode.c.h; path = RecordViewController.h; sourceTree = "<group>"; };
		047A9E1420F37E8F003CC39F /* RecordViewController.m */ = {isa = PBXFileReference; lastKnownFileType = sourcecode.c.objc; path = RecordViewController.m; sourceTree = "<group>"; };
		047E4E292106F9080050146A /* AVAssetWriteManager.h */ = {isa = PBXFileReference; lastKnownFileType = sourcecode.c.h; path = AVAssetWriteManager.h; sourceTree = "<group>"; };
		047E4E2A2106F9080050146A /* AVAssetWriteManager.m */ = {isa = PBXFileReference; lastKnownFileType = sourcecode.c.objc; path = AVAssetWriteManager.m; sourceTree = "<group>"; };
		047E4E2C2106F98D0050146A /* XCFileManager.h */ = {isa = PBXFileReference; lastKnownFileType = sourcecode.c.h; path = XCFileManager.h; sourceTree = "<group>"; };
		047E4E2D2106F98D0050146A /* XCFileManager.m */ = {isa = PBXFileReference; lastKnownFileType = sourcecode.c.objc; path = XCFileManager.m; sourceTree = "<group>"; };
		047E4E3021070A720050146A /* FolderUtil.h */ = {isa = PBXFileReference; lastKnownFileType = sourcecode.c.h; path = FolderUtil.h; sourceTree = "<group>"; };
		047E4E3121070A720050146A /* FolderUtil.m */ = {isa = PBXFileReference; lastKnownFileType = sourcecode.c.objc; path = FolderUtil.m; sourceTree = "<group>"; };
		047E4E3321070B400050146A /* PlayRecordViewController.h */ = {isa = PBXFileReference; fileEncoding = 4; lastKnownFileType = sourcecode.c.h; path = PlayRecordViewController.h; sourceTree = "<group>"; };
		047E4E3421070B400050146A /* PlayRecordViewController.m */ = {isa = PBXFileReference; fileEncoding = 4; lastKnownFileType = sourcecode.c.objc; path = PlayRecordViewController.m; sourceTree = "<group>"; };
		04C61CA020F44B1400D755D9 /* ResolutionViewController2.h */ = {isa = PBXFileReference; fileEncoding = 4; lastKnownFileType = sourcecode.c.h; path = ResolutionViewController2.h; sourceTree = "<group>"; };
		04C61CA120F44B1500D755D9 /* ResolutionViewController2.m */ = {isa = PBXFileReference; fileEncoding = 4; lastKnownFileType = sourcecode.c.objc; path = ResolutionViewController2.m; sourceTree = "<group>"; };
		04C61CA420F45FBF00D755D9 /* VideoViewController.h */ = {isa = PBXFileReference; lastKnownFileType = sourcecode.c.h; path = VideoViewController.h; sourceTree = "<group>"; };
		04C61CA520F45FBF00D755D9 /* VideoViewController.m */ = {isa = PBXFileReference; lastKnownFileType = sourcecode.c.objc; path = VideoViewController.m; sourceTree = "<group>"; };
		04C61CA820F484FD00D755D9 /* PromptView.h */ = {isa = PBXFileReference; fileEncoding = 4; lastKnownFileType = sourcecode.c.h; path = PromptView.h; sourceTree = "<group>"; };
		04C61CA920F484FD00D755D9 /* PromptView.m */ = {isa = PBXFileReference; fileEncoding = 4; lastKnownFileType = sourcecode.c.objc; path = PromptView.m; sourceTree = "<group>"; };
		04C61CAB20F4857D00D755D9 /* VideoCell.h */ = {isa = PBXFileReference; lastKnownFileType = sourcecode.c.h; path = VideoCell.h; sourceTree = "<group>"; };
		04C61CAC20F4857D00D755D9 /* VideoCell.m */ = {isa = PBXFileReference; lastKnownFileType = sourcecode.c.objc; path = VideoCell.m; sourceTree = "<group>"; };
		04C61CAE20F48B5200D755D9 /* PhotoViewController.h */ = {isa = PBXFileReference; lastKnownFileType = sourcecode.c.h; path = PhotoViewController.h; sourceTree = "<group>"; };
		04C61CAF20F48B5200D755D9 /* PhotoViewController.m */ = {isa = PBXFileReference; lastKnownFileType = sourcecode.c.objc; path = PhotoViewController.m; sourceTree = "<group>"; };
		04DF407520F2FE120002EAB9 /* Base */ = {isa = PBXFileReference; lastKnownFileType = file.storyboard; name = Base; path = Base.lproj/Main.storyboard; sourceTree = "<group>"; };
		04DF407720F30F760002EAB9 /* PrefixHeader.pch */ = {isa = PBXFileReference; lastKnownFileType = sourcecode.c.h; path = PrefixHeader.pch; sourceTree = "<group>"; };
		04F7285E20F2F2460089EDCA /* EasyTypes.h */ = {isa = PBXFileReference; fileEncoding = 4; lastKnownFileType = sourcecode.c.h; path = EasyTypes.h; sourceTree = "<group>"; };
		04F7285F20F2F2460089EDCA /* EasyRTMPAPI.h */ = {isa = PBXFileReference; fileEncoding = 4; lastKnownFileType = sourcecode.c.h; path = EasyRTMPAPI.h; sourceTree = "<group>"; };
		04F7286020F2F2460089EDCA /* libEasyRTMP.a */ = {isa = PBXFileReference; lastKnownFileType = archive.ar; path = libEasyRTMP.a; sourceTree = "<group>"; };
		04F7286220F2F2460089EDCA /* CameraEncoder.h */ = {isa = PBXFileReference; fileEncoding = 4; lastKnownFileType = sourcecode.c.h; path = CameraEncoder.h; sourceTree = "<group>"; };
		04F7286420F2F2460089EDCA /* H264Packet.h */ = {isa = PBXFileReference; fileEncoding = 4; lastKnownFileType = sourcecode.c.h; path = H264Packet.h; sourceTree = "<group>"; };
		04F7286520F2F2460089EDCA /* AACEncoder.h */ = {isa = PBXFileReference; fileEncoding = 4; lastKnownFileType = sourcecode.c.h; path = AACEncoder.h; sourceTree = "<group>"; };
		04F7286620F2F2460089EDCA /* H264HWEncoder.h */ = {isa = PBXFileReference; fileEncoding = 4; lastKnownFileType = sourcecode.c.h; path = H264HWEncoder.h; sourceTree = "<group>"; };
		04F7286820F2F2460089EDCA /* AACEncoder.m */ = {isa = PBXFileReference; fileEncoding = 4; lastKnownFileType = sourcecode.c.objc; path = AACEncoder.m; sourceTree = "<group>"; };
		04F7286920F2F2460089EDCA /* H264Packet.m */ = {isa = PBXFileReference; fileEncoding = 4; lastKnownFileType = sourcecode.c.objc; path = H264Packet.m; sourceTree = "<group>"; };
		04F7286A20F2F2460089EDCA /* H264HWEncoder.m */ = {isa = PBXFileReference; fileEncoding = 4; lastKnownFileType = sourcecode.c.objc; path = H264HWEncoder.m; sourceTree = "<group>"; };
		04F7286C20F2F2460089EDCA /* CameraEncoder.m */ = {isa = PBXFileReference; fileEncoding = 4; lastKnownFileType = sourcecode.c.objc; path = CameraEncoder.m; sourceTree = "<group>"; };
		04F7287420F2F26D0089EDCA /* AppDelegate.h */ = {isa = PBXFileReference; fileEncoding = 4; lastKnownFileType = sourcecode.c.h; path = AppDelegate.h; sourceTree = "<group>"; };
		04F7287520F2F26D0089EDCA /* main.m */ = {isa = PBXFileReference; fileEncoding = 4; lastKnownFileType = sourcecode.c.objc; path = main.m; sourceTree = "<group>"; };
		04F7287620F2F26D0089EDCA /* AppDelegate.m */ = {isa = PBXFileReference; fileEncoding = 4; lastKnownFileType = sourcecode.c.objc; path = AppDelegate.m; sourceTree = "<group>"; };
		04F7287720F2F26D0089EDCA /* Info.plist */ = {isa = PBXFileReference; fileEncoding = 4; lastKnownFileType = text.plist.xml; path = Info.plist; sourceTree = "<group>"; };
		1DDF0159A3C68E6B998F514C /* Pods-EasyRTMP.release.xcconfig */ = {isa = PBXFileReference; includeInIndex = 1; lastKnownFileType = text.xcconfig; name = "Pods-EasyRTMP.release.xcconfig"; path = "Pods/Target Support Files/Pods-EasyRTMP/Pods-EasyRTMP.release.xcconfig"; sourceTree = "<group>"; };
		6674797D22704CE800BDD443 /* version.h */ = {isa = PBXFileReference; fileEncoding = 4; lastKnownFileType = sourcecode.c.h; path = version.h; sourceTree = "<group>"; };
		6674797E22704CE800BDD443 /* postprocess.h */ = {isa = PBXFileReference; fileEncoding = 4; lastKnownFileType = sourcecode.c.h; path = postprocess.h; sourceTree = "<group>"; };
		6674798022704CE800BDD443 /* version.h */ = {isa = PBXFileReference; fileEncoding = 4; lastKnownFileType = sourcecode.c.h; path = version.h; sourceTree = "<group>"; };
		6674798122704CE800BDD443 /* buffersrc.h */ = {isa = PBXFileReference; fileEncoding = 4; lastKnownFileType = sourcecode.c.h; path = buffersrc.h; sourceTree = "<group>"; };
		6674798222704CE800BDD443 /* buffersink.h */ = {isa = PBXFileReference; fileEncoding = 4; lastKnownFileType = sourcecode.c.h; path = buffersink.h; sourceTree = "<group>"; };
		6674798322704CE800BDD443 /* avfilter.h */ = {isa = PBXFileReference; fileEncoding = 4; lastKnownFileType = sourcecode.c.h; path = avfilter.h; sourceTree = "<group>"; };
		6674798522704CE800BDD443 /* hwcontext.h */ = {isa = PBXFileReference; fileEncoding = 4; lastKnownFileType = sourcecode.c.h; path = hwcontext.h; sourceTree = "<group>"; };
		6674798622704CE800BDD443 /* time.h */ = {isa = PBXFileReference; fileEncoding = 4; lastKnownFileType = sourcecode.c.h; path = time.h; sourceTree = "<group>"; };
		6674798722704CE800BDD443 /* hwcontext_cuda.h */ = {isa = PBXFileReference; fileEncoding = 4; lastKnownFileType = sourcecode.c.h; path = hwcontext_cuda.h; sourceTree = "<group>"; };
		6674798822704CE800BDD443 /* intfloat.h */ = {isa = PBXFileReference; fileEncoding = 4; lastKnownFileType = sourcecode.c.h; path = intfloat.h; sourceTree = "<group>"; };
		6674798922704CE800BDD443 /* error.h */ = {isa = PBXFileReference; fileEncoding = 4; lastKnownFileType = sourcecode.c.h; path = error.h; sourceTree = "<group>"; };
		6674798A22704CE800BDD443 /* fifo.h */ = {isa = PBXFileReference; fileEncoding = 4; lastKnownFileType = sourcecode.c.h; path = fifo.h; sourceTree = "<group>"; };
		6674798B22704CE800BDD443 /* blowfish.h */ = {isa = PBXFileReference; fileEncoding = 4; lastKnownFileType = sourcecode.c.h; path = blowfish.h; sourceTree = "<group>"; };
		6674798C22704CE800BDD443 /* hwcontext_mediacodec.h */ = {isa = PBXFileReference; fileEncoding = 4; lastKnownFileType = sourcecode.c.h; path = hwcontext_mediacodec.h; sourceTree = "<group>"; };
		6674798D22704CE800BDD443 /* replaygain.h */ = {isa = PBXFileReference; fileEncoding = 4; lastKnownFileType = sourcecode.c.h; path = replaygain.h; sourceTree = "<group>"; };
		6674798E22704CE800BDD443 /* version.h */ = {isa = PBXFileReference; fileEncoding = 4; lastKnownFileType = sourcecode.c.h; path = version.h; sourceTree = "<group>"; };
		6674798F22704CE800BDD443 /* murmur3.h */ = {isa = PBXFileReference; fileEncoding = 4; lastKnownFileType = sourcecode.c.h; path = murmur3.h; sourceTree = "<group>"; };
		6674799022704CE800BDD443 /* stereo3d.h */ = {isa = PBXFileReference; fileEncoding = 4; lastKnownFileType = sourcecode.c.h; path = stereo3d.h; sourceTree = "<group>"; };
		6674799122704CE800BDD443 /* samplefmt.h */ = {isa = PBXFileReference; fileEncoding = 4; lastKnownFileType = sourcecode.c.h; path = samplefmt.h; sourceTree = "<group>"; };
		6674799222704CE800BDD443 /* pixdesc.h */ = {isa = PBXFileReference; fileEncoding = 4; lastKnownFileType = sourcecode.c.h; path = pixdesc.h; sourceTree = "<group>"; };
		6674799322704CE800BDD443 /* base64.h */ = {isa = PBXFileReference; fileEncoding = 4; lastKnownFileType = sourcecode.c.h; path = base64.h; sourceTree = "<group>"; };
		6674799422704CE800BDD443 /* rational.h */ = {isa = PBXFileReference; fileEncoding = 4; lastKnownFileType = sourcecode.c.h; path = rational.h; sourceTree = "<group>"; };
		6674799522704CE800BDD443 /* sha.h */ = {isa = PBXFileReference; fileEncoding = 4; lastKnownFileType = sourcecode.c.h; path = sha.h; sourceTree = "<group>"; };
		6674799622704CE800BDD443 /* motion_vector.h */ = {isa = PBXFileReference; fileEncoding = 4; lastKnownFileType = sourcecode.c.h; path = motion_vector.h; sourceTree = "<group>"; };
		6674799722704CE800BDD443 /* avconfig.h */ = {isa = PBXFileReference; fileEncoding = 4; lastKnownFileType = sourcecode.c.h; path = avconfig.h; sourceTree = "<group>"; };
		6674799822704CE800BDD443 /* lfg.h */ = {isa = PBXFileReference; fileEncoding = 4; lastKnownFileType = sourcecode.c.h; path = lfg.h; sourceTree = "<group>"; };
		6674799922704CE800BDD443 /* avutil.h */ = {isa = PBXFileReference; fileEncoding = 4; lastKnownFileType = sourcecode.c.h; path = avutil.h; sourceTree = "<group>"; };
		6674799A22704CE800BDD443 /* xtea.h */ = {isa = PBXFileReference; fileEncoding = 4; lastKnownFileType = sourcecode.c.h; path = xtea.h; sourceTree = "<group>"; };
		6674799B22704CE800BDD443 /* crc.h */ = {isa = PBXFileReference; fileEncoding = 4; lastKnownFileType = sourcecode.c.h; path = crc.h; sourceTree = "<group>"; };
		6674799C22704CE800BDD443 /* hwcontext_vdpau.h */ = {isa = PBXFileReference; fileEncoding = 4; lastKnownFileType = sourcecode.c.h; path = hwcontext_vdpau.h; sourceTree = "<group>"; };
		6674799D22704CE800BDD443 /* frame.h */ = {isa = PBXFileReference; fileEncoding = 4; lastKnownFileType = sourcecode.c.h; path = frame.h; sourceTree = "<group>"; };
		6674799E22704CE800BDD443 /* file.h */ = {isa = PBXFileReference; fileEncoding = 4; lastKnownFileType = sourcecode.c.h; path = file.h; sourceTree = "<group>"; };
		6674799F22704CE800BDD443 /* md5.h */ = {isa = PBXFileReference; fileEncoding = 4; lastKnownFileType = sourcecode.c.h; path = md5.h; sourceTree = "<group>"; };
		667479A022704CE800BDD443 /* cast5.h */ = {isa = PBXFileReference; fileEncoding = 4; lastKnownFileType = sourcecode.c.h; path = cast5.h; sourceTree = "<group>"; };
		667479A122704CE800BDD443 /* hwcontext_vaapi.h */ = {isa = PBXFileReference; fileEncoding = 4; lastKnownFileType = sourcecode.c.h; path = hwcontext_vaapi.h; sourceTree = "<group>"; };
		667479A222704CE800BDD443 /* spherical.h */ = {isa = PBXFileReference; fileEncoding = 4; lastKnownFileType = sourcecode.c.h; path = spherical.h; sourceTree = "<group>"; };
		667479A322704CE800BDD443 /* ffversion.h */ = {isa = PBXFileReference; fileEncoding = 4; lastKnownFileType = sourcecode.c.h; path = ffversion.h; sourceTree = "<group>"; };
		667479A422704CE800BDD443 /* audio_fifo.h */ = {isa = PBXFileReference; fileEncoding = 4; lastKnownFileType = sourcecode.c.h; path = audio_fifo.h; sourceTree = "<group>"; };
		667479A522704CE800BDD443 /* tree.h */ = {isa = PBXFileReference; fileEncoding = 4; lastKnownFileType = sourcecode.c.h; path = tree.h; sourceTree = "<group>"; };
		667479A622704CE800BDD443 /* threadmessage.h */ = {isa = PBXFileReference; fileEncoding = 4; lastKnownFileType = sourcecode.c.h; path = threadmessage.h; sourceTree = "<group>"; };
		667479A722704CE800BDD443 /* attributes.h */ = {isa = PBXFileReference; fileEncoding = 4; lastKnownFileType = sourcecode.c.h; path = attributes.h; sourceTree = "<group>"; };
		667479A822704CE800BDD443 /* adler32.h */ = {isa = PBXFileReference; fileEncoding = 4; lastKnownFileType = sourcecode.c.h; path = adler32.h; sourceTree = "<group>"; };
		667479A922704CE800BDD443 /* hwcontext_d3d11va.h */ = {isa = PBXFileReference; fileEncoding = 4; lastKnownFileType = sourcecode.c.h; path = hwcontext_d3d11va.h; sourceTree = "<group>"; };
		667479AA22704CE800BDD443 /* timecode.h */ = {isa = PBXFileReference; fileEncoding = 4; lastKnownFileType = sourcecode.c.h; path = timecode.h; sourceTree = "<group>"; };
		667479AB22704CE800BDD443 /* sha512.h */ = {isa = PBXFileReference; fileEncoding = 4; lastKnownFileType = sourcecode.c.h; path = sha512.h; sourceTree = "<group>"; };
		667479AC22704CE800BDD443 /* hwcontext_dxva2.h */ = {isa = PBXFileReference; fileEncoding = 4; lastKnownFileType = sourcecode.c.h; path = hwcontext_dxva2.h; sourceTree = "<group>"; };
		667479AD22704CE800BDD443 /* display.h */ = {isa = PBXFileReference; fileEncoding = 4; lastKnownFileType = sourcecode.c.h; path = display.h; sourceTree = "<group>"; };
		667479AE22704CE800BDD443 /* buffer.h */ = {isa = PBXFileReference; fileEncoding = 4; lastKnownFileType = sourcecode.c.h; path = buffer.h; sourceTree = "<group>"; };
		667479AF22704CE800BDD443 /* camellia.h */ = {isa = PBXFileReference; fileEncoding = 4; lastKnownFileType = sourcecode.c.h; path = camellia.h; sourceTree = "<group>"; };
		667479B022704CE800BDD443 /* pixelutils.h */ = {isa = PBXFileReference; fileEncoding = 4; lastKnownFileType = sourcecode.c.h; path = pixelutils.h; sourceTree = "<group>"; };
		667479B122704CE800BDD443 /* hwcontext_drm.h */ = {isa = PBXFileReference; fileEncoding = 4; lastKnownFileType = sourcecode.c.h; path = hwcontext_drm.h; sourceTree = "<group>"; };
		667479B222704CE800BDD443 /* common.h */ = {isa = PBXFileReference; fileEncoding = 4; lastKnownFileType = sourcecode.c.h; path = common.h; sourceTree = "<group>"; };
		667479B322704CE800BDD443 /* hmac.h */ = {isa = PBXFileReference; fileEncoding = 4; lastKnownFileType = sourcecode.c.h; path = hmac.h; sourceTree = "<group>"; };
		667479B422704CE800BDD443 /* eval.h */ = {isa = PBXFileReference; fileEncoding = 4; lastKnownFileType = sourcecode.c.h; path = eval.h; sourceTree = "<group>"; };
		667479B522704CE800BDD443 /* dict.h */ = {isa = PBXFileReference; fileEncoding = 4; lastKnownFileType = sourcecode.c.h; path = dict.h; sourceTree = "<group>"; };
		667479B622704CE800BDD443 /* random_seed.h */ = {isa = PBXFileReference; fileEncoding = 4; lastKnownFileType = sourcecode.c.h; path = random_seed.h; sourceTree = "<group>"; };
		667479B722704CE800BDD443 /* opt.h */ = {isa = PBXFileReference; fileEncoding = 4; lastKnownFileType = sourcecode.c.h; path = opt.h; sourceTree = "<group>"; };
		667479B822704CE800BDD443 /* mastering_display_metadata.h */ = {isa = PBXFileReference; fileEncoding = 4; lastKnownFileType = sourcecode.c.h; path = mastering_display_metadata.h; sourceTree = "<group>"; };
		667479B922704CE800BDD443 /* log.h */ = {isa = PBXFileReference; fileEncoding = 4; lastKnownFileType = sourcecode.c.h; path = log.h; sourceTree = "<group>"; };
		667479BA22704CE800BDD443 /* aes.h */ = {isa = PBXFileReference; fileEncoding = 4; lastKnownFileType = sourcecode.c.h; path = aes.h; sourceTree = "<group>"; };
		667479BB22704CE800BDD443 /* macros.h */ = {isa = PBXFileReference; fileEncoding = 4; lastKnownFileType = sourcecode.c.h; path = macros.h; sourceTree = "<group>"; };
		667479BC22704CE800BDD443 /* bswap.h */ = {isa = PBXFileReference; fileEncoding = 4; lastKnownFileType = sourcecode.c.h; path = bswap.h; sourceTree = "<group>"; };
		667479BD22704CE800BDD443 /* rc4.h */ = {isa = PBXFileReference; fileEncoding = 4; lastKnownFileType = sourcecode.c.h; path = rc4.h; sourceTree = "<group>"; };
		667479BE22704CE800BDD443 /* tea.h */ = {isa = PBXFileReference; fileEncoding = 4; lastKnownFileType = sourcecode.c.h; path = tea.h; sourceTree = "<group>"; };
		667479BF22704CE800BDD443 /* cpu.h */ = {isa = PBXFileReference; fileEncoding = 4; lastKnownFileType = sourcecode.c.h; path = cpu.h; sourceTree = "<group>"; };
		667479C022704CE800BDD443 /* lzo.h */ = {isa = PBXFileReference; fileEncoding = 4; lastKnownFileType = sourcecode.c.h; path = lzo.h; sourceTree = "<group>"; };
		667479C122704CE800BDD443 /* des.h */ = {isa = PBXFileReference; fileEncoding = 4; lastKnownFileType = sourcecode.c.h; path = des.h; sourceTree = "<group>"; };
		667479C222704CE800BDD443 /* channel_layout.h */ = {isa = PBXFileReference; fileEncoding = 4; lastKnownFileType = sourcecode.c.h; path = channel_layout.h; sourceTree = "<group>"; };
		667479C322704CE800BDD443 /* encryption_info.h */ = {isa = PBXFileReference; fileEncoding = 4; lastKnownFileType = sourcecode.c.h; path = encryption_info.h; sourceTree = "<group>"; };
		667479C422704CE800BDD443 /* twofish.h */ = {isa = PBXFileReference; fileEncoding = 4; lastKnownFileType = sourcecode.c.h; path = twofish.h; sourceTree = "<group>"; };
		667479C522704CE800BDD443 /* imgutils.h */ = {isa = PBXFileReference; fileEncoding = 4; lastKnownFileType = sourcecode.c.h; path = imgutils.h; sourceTree = "<group>"; };
		667479C622704CE800BDD443 /* hwcontext_videotoolbox.h */ = {isa = PBXFileReference; fileEncoding = 4; lastKnownFileType = sourcecode.c.h; path = hwcontext_videotoolbox.h; sourceTree = "<group>"; };
		667479C722704CE800BDD443 /* mem.h */ = {isa = PBXFileReference; fileEncoding = 4; lastKnownFileType = sourcecode.c.h; path = mem.h; sourceTree = "<group>"; };
		667479C822704CE800BDD443 /* parseutils.h */ = {isa = PBXFileReference; fileEncoding = 4; lastKnownFileType = sourcecode.c.h; path = parseutils.h; sourceTree = "<group>"; };
		667479C922704CE800BDD443 /* ripemd.h */ = {isa = PBXFileReference; fileEncoding = 4; lastKnownFileType = sourcecode.c.h; path = ripemd.h; sourceTree = "<group>"; };
		667479CA22704CE800BDD443 /* bprint.h */ = {isa = PBXFileReference; fileEncoding = 4; lastKnownFileType = sourcecode.c.h; path = bprint.h; sourceTree = "<group>"; };
		667479CB22704CE800BDD443 /* hwcontext_qsv.h */ = {isa = PBXFileReference; fileEncoding = 4; lastKnownFileType = sourcecode.c.h; path = hwcontext_qsv.h; sourceTree = "<group>"; };
		667479CC22704CE800BDD443 /* pixfmt.h */ = {isa = PBXFileReference; fileEncoding = 4; lastKnownFileType = sourcecode.c.h; path = pixfmt.h; sourceTree = "<group>"; };
		667479CD22704CE800BDD443 /* aes_ctr.h */ = {isa = PBXFileReference; fileEncoding = 4; lastKnownFileType = sourcecode.c.h; path = aes_ctr.h; sourceTree = "<group>"; };
		667479CE22704CE800BDD443 /* timestamp.h */ = {isa = PBXFileReference; fileEncoding = 4; lastKnownFileType = sourcecode.c.h; path = timestamp.h; sourceTree = "<group>"; };
		667479CF22704CE800BDD443 /* downmix_info.h */ = {isa = PBXFileReference; fileEncoding = 4; lastKnownFileType = sourcecode.c.h; path = downmix_info.h; sourceTree = "<group>"; };
		667479D022704CE800BDD443 /* avassert.h */ = {isa = PBXFileReference; fileEncoding = 4; lastKnownFileType = sourcecode.c.h; path = avassert.h; sourceTree = "<group>"; };
		667479D122704CE800BDD443 /* hash.h */ = {isa = PBXFileReference; fileEncoding = 4; lastKnownFileType = sourcecode.c.h; path = hash.h; sourceTree = "<group>"; };
		667479D222704CE800BDD443 /* mathematics.h */ = {isa = PBXFileReference; fileEncoding = 4; lastKnownFileType = sourcecode.c.h; path = mathematics.h; sourceTree = "<group>"; };
		667479D322704CE800BDD443 /* intreadwrite.h */ = {isa = PBXFileReference; fileEncoding = 4; lastKnownFileType = sourcecode.c.h; path = intreadwrite.h; sourceTree = "<group>"; };
		667479D422704CE800BDD443 /* avstring.h */ = {isa = PBXFileReference; fileEncoding = 4; lastKnownFileType = sourcecode.c.h; path = avstring.h; sourceTree = "<group>"; };
		667479D622704CE800BDD443 /* version.h */ = {isa = PBXFileReference; fileEncoding = 4; lastKnownFileType = sourcecode.c.h; path = version.h; sourceTree = "<group>"; };
		667479D722704CE800BDD443 /* avdevice.h */ = {isa = PBXFileReference; fileEncoding = 4; lastKnownFileType = sourcecode.c.h; path = avdevice.h; sourceTree = "<group>"; };
		667479D922704CE800BDD443 /* version.h */ = {isa = PBXFileReference; fileEncoding = 4; lastKnownFileType = sourcecode.c.h; path = version.h; sourceTree = "<group>"; };
		667479DA22704CE800BDD443 /* avio.h */ = {isa = PBXFileReference; fileEncoding = 4; lastKnownFileType = sourcecode.c.h; path = avio.h; sourceTree = "<group>"; };
		667479DB22704CE800BDD443 /* avformat.h */ = {isa = PBXFileReference; fileEncoding = 4; lastKnownFileType = sourcecode.c.h; path = avformat.h; sourceTree = "<group>"; };
		667479DD22704CE800BDD443 /* version.h */ = {isa = PBXFileReference; fileEncoding = 4; lastKnownFileType = sourcecode.c.h; path = version.h; sourceTree = "<group>"; };
		667479DE22704CE800BDD443 /* swscale.h */ = {isa = PBXFileReference; fileEncoding = 4; lastKnownFileType = sourcecode.c.h; path = swscale.h; sourceTree = "<group>"; };
		667479E022704CE800BDD443 /* adts_parser.h */ = {isa = PBXFileReference; fileEncoding = 4; lastKnownFileType = sourcecode.c.h; path = adts_parser.h; sourceTree = "<group>"; };
		667479E122704CE800BDD443 /* avcodec.h */ = {isa = PBXFileReference; fileEncoding = 4; lastKnownFileType = sourcecode.c.h; path = avcodec.h; sourceTree = "<group>"; };
		667479E222704CE800BDD443 /* version.h */ = {isa = PBXFileReference; fileEncoding = 4; lastKnownFileType = sourcecode.c.h; path = version.h; sourceTree = "<group>"; };
		667479E322704CE800BDD443 /* vdpau.h */ = {isa = PBXFileReference; fileEncoding = 4; lastKnownFileType = sourcecode.c.h; path = vdpau.h; sourceTree = "<group>"; };
		667479E422704CE800BDD443 /* qsv.h */ = {isa = PBXFileReference; fileEncoding = 4; lastKnownFileType = sourcecode.c.h; path = qsv.h; sourceTree = "<group>"; };
		667479E522704CE800BDD443 /* vaapi.h */ = {isa = PBXFileReference; fileEncoding = 4; lastKnownFileType = sourcecode.c.h; path = vaapi.h; sourceTree = "<group>"; };
		667479E622704CE800BDD443 /* videotoolbox.h */ = {isa = PBXFileReference; fileEncoding = 4; lastKnownFileType = sourcecode.c.h; path = videotoolbox.h; sourceTree = "<group>"; };
		667479E722704CE800BDD443 /* xvmc.h */ = {isa = PBXFileReference; fileEncoding = 4; lastKnownFileType = sourcecode.c.h; path = xvmc.h; sourceTree = "<group>"; };
		667479E822704CE800BDD443 /* mediacodec.h */ = {isa = PBXFileReference; fileEncoding = 4; lastKnownFileType = sourcecode.c.h; path = mediacodec.h; sourceTree = "<group>"; };
		667479E922704CE800BDD443 /* d3d11va.h */ = {isa = PBXFileReference; fileEncoding = 4; lastKnownFileType = sourcecode.c.h; path = d3d11va.h; sourceTree = "<group>"; };
		667479EA22704CE800BDD443 /* avfft.h */ = {isa = PBXFileReference; fileEncoding = 4; lastKnownFileType = sourcecode.c.h; path = avfft.h; sourceTree = "<group>"; };
		667479EB22704CE800BDD443 /* jni.h */ = {isa = PBXFileReference; fileEncoding = 4; lastKnownFileType = sourcecode.c.h; path = jni.h; sourceTree = "<group>"; };
		667479EC22704CE800BDD443 /* dirac.h */ = {isa = PBXFileReference; fileEncoding = 4; lastKnownFileType = sourcecode.c.h; path = dirac.h; sourceTree = "<group>"; };
		667479ED22704CE800BDD443 /* avdct.h */ = {isa = PBXFileReference; fileEncoding = 4; lastKnownFileType = sourcecode.c.h; path = avdct.h; sourceTree = "<group>"; };
		667479EE22704CE800BDD443 /* ac3_parser.h */ = {isa = PBXFileReference; fileEncoding = 4; lastKnownFileType = sourcecode.c.h; path = ac3_parser.h; sourceTree = "<group>"; };
		667479EF22704CE800BDD443 /* vorbis_parser.h */ = {isa = PBXFileReference; fileEncoding = 4; lastKnownFileType = sourcecode.c.h; path = vorbis_parser.h; sourceTree = "<group>"; };
		667479F022704CE800BDD443 /* dxva2.h */ = {isa = PBXFileReference; fileEncoding = 4; lastKnownFileType = sourcecode.c.h; path = dxva2.h; sourceTree = "<group>"; };
		667479F122704CE800BDD443 /* dv_profile.h */ = {isa = PBXFileReference; fileEncoding = 4; lastKnownFileType = sourcecode.c.h; path = dv_profile.h; sourceTree = "<group>"; };
		667479F322704CE800BDD443 /* version.h */ = {isa = PBXFileReference; fileEncoding = 4; lastKnownFileType = sourcecode.c.h; path = version.h; sourceTree = "<group>"; };
		667479F422704CE800BDD443 /* swresample.h */ = {isa = PBXFileReference; fileEncoding = 4; lastKnownFileType = sourcecode.c.h; path = swresample.h; sourceTree = "<group>"; };
		667479F622704CE800BDD443 /* libavutil.a */ = {isa = PBXFileReference; lastKnownFileType = archive.ar; path = libavutil.a; sourceTree = "<group>"; };
		667479F722704CE800BDD443 /* libavfilter.a */ = {isa = PBXFileReference; lastKnownFileType = archive.ar; path = libavfilter.a; sourceTree = "<group>"; };
		667479F822704CE800BDD443 /* libavcodec.a */ = {isa = PBXFileReference; lastKnownFileType = archive.ar; path = libavcodec.a; sourceTree = "<group>"; };
		667479F922704CE800BDD443 /* libpostproc.a */ = {isa = PBXFileReference; lastKnownFileType = archive.ar; path = libpostproc.a; sourceTree = "<group>"; };
		667479FA22704CE800BDD443 /* libavformat.a */ = {isa = PBXFileReference; lastKnownFileType = archive.ar; path = libavformat.a; sourceTree = "<group>"; };
		667479FB22704CE800BDD443 /* libavdevice.a */ = {isa = PBXFileReference; lastKnownFileType = archive.ar; path = libavdevice.a; sourceTree = "<group>"; };
		667479FC22704CE800BDD443 /* libswresample.a */ = {isa = PBXFileReference; lastKnownFileType = archive.ar; path = libswresample.a; sourceTree = "<group>"; };
		667479FD22704CE800BDD443 /* libswscale.a */ = {isa = PBXFileReference; lastKnownFileType = archive.ar; path = libswscale.a; sourceTree = "<group>"; };
		66747A0022704CE800BDD443 /* x264_config.h */ = {isa = PBXFileReference; fileEncoding = 4; lastKnownFileType = sourcecode.c.h; path = x264_config.h; sourceTree = "<group>"; };
		66747A0122704CE800BDD443 /* x264.h */ = {isa = PBXFileReference; fileEncoding = 4; lastKnownFileType = sourcecode.c.h; path = x264.h; sourceTree = "<group>"; };
		66747A0322704CE800BDD443 /* libx264.a */ = {isa = PBXFileReference; lastKnownFileType = archive.ar; path = libx264.a; sourceTree = "<group>"; };
		66747A1022704D3500BDD443 /* X264Encoder.h */ = {isa = PBXFileReference; lastKnownFileType = sourcecode.c.h; path = X264Encoder.h; sourceTree = "<group>"; };
		66747A1122704D3500BDD443 /* X264Encoder.m */ = {isa = PBXFileReference; lastKnownFileType = sourcecode.c.objc; path = X264Encoder.m; sourceTree = "<group>"; };
		972B5E7907C06A56F27D883B /* Pods-EasyRTMP.debug.xcconfig */ = {isa = PBXFileReference; includeInIndex = 1; lastKnownFileType = text.xcconfig; name = "Pods-EasyRTMP.debug.xcconfig"; path = "Pods/Target Support Files/Pods-EasyRTMP/Pods-EasyRTMP.debug.xcconfig"; sourceTree = "<group>"; };
		A1195C551E69A22300535E11 /* ResolutionViewController.h */ = {isa = PBXFileReference; fileEncoding = 4; lastKnownFileType = sourcecode.c.h; path = ResolutionViewController.h; sourceTree = "<group>"; };
		A1195C561E69A22300535E11 /* ResolutionViewController.m */ = {isa = PBXFileReference; fileEncoding = 4; lastKnownFileType = sourcecode.c.objc; path = ResolutionViewController.m; sourceTree = "<group>"; };
		A1195C5A1E6A6FE200535E11 /* InfoViewController.h */ = {isa = PBXFileReference; fileEncoding = 4; lastKnownFileType = sourcecode.c.h; path = InfoViewController.h; sourceTree = "<group>"; };
		A1195C5B1E6A6FE200535E11 /* InfoViewController.m */ = {isa = PBXFileReference; fileEncoding = 4; lastKnownFileType = sourcecode.c.objc; path = InfoViewController.m; sourceTree = "<group>"; };
		A1195D241E73A1BD00535E11 /* CoreTelephony.framework */ = {isa = PBXFileReference; lastKnownFileType = wrapper.framework; name = CoreTelephony.framework; path = System/Library/Frameworks/CoreTelephony.framework; sourceTree = SDKROOT; };
		A1195D261E73D43200535E11 /* NetNotifieViewController.h */ = {isa = PBXFileReference; fileEncoding = 4; lastKnownFileType = sourcecode.c.h; path = NetNotifieViewController.h; sourceTree = "<group>"; };
		A1195D271E73D43200535E11 /* NetNotifieViewController.m */ = {isa = PBXFileReference; fileEncoding = 4; lastKnownFileType = sourcecode.c.objc; path = NetNotifieViewController.m; sourceTree = "<group>"; };
		A175F5591E24D32F00C76B21 /* SettingViewController.h */ = {isa = PBXFileReference; fileEncoding = 4; lastKnownFileType = sourcecode.c.h; path = SettingViewController.h; sourceTree = "<group>"; };
		A175F55A1E24D32F00C76B21 /* SettingViewController.m */ = {isa = PBXFileReference; fileEncoding = 4; lastKnownFileType = sourcecode.c.objc; path = SettingViewController.m; sourceTree = "<group>"; };
		A1CBFC4A1E4F099900588740 /* AVFoundation.framework */ = {isa = PBXFileReference; lastKnownFileType = wrapper.framework; name = AVFoundation.framework; path = System/Library/Frameworks/AVFoundation.framework; sourceTree = SDKROOT; };
		A1DBC62A1E8BA7EA001E25E8 /* libc++.tbd */ = {isa = PBXFileReference; lastKnownFileType = "sourcecode.text-based-dylib-definition"; name = "libc++.tbd"; path = "usr/lib/libc++.tbd"; sourceTree = SDKROOT; };
		A1DBC62C1E8BA833001E25E8 /* libstdc++.tbd */ = {isa = PBXFileReference; lastKnownFileType = "sourcecode.text-based-dylib-definition"; name = "libstdc++.tbd"; path = "usr/lib/libstdc++.tbd"; sourceTree = SDKROOT; };
		A1DBC62E1E8BA869001E25E8 /* libz.tbd */ = {isa = PBXFileReference; lastKnownFileType = "sourcecode.text-based-dylib-definition"; name = libz.tbd; path = usr/lib/libz.tbd; sourceTree = SDKROOT; };
		A1DBC6301E8BA886001E25E8 /* CFNetwork.framework */ = {isa = PBXFileReference; lastKnownFileType = wrapper.framework; name = CFNetwork.framework; path = System/Library/Frameworks/CFNetwork.framework; sourceTree = SDKROOT; };
		A1DBC6321E8BA8F8001E25E8 /* libicucore.tbd */ = {isa = PBXFileReference; lastKnownFileType = "sourcecode.text-based-dylib-definition"; name = libicucore.tbd; path = usr/lib/libicucore.tbd; sourceTree = SDKROOT; };
		A1DBC6341E8BA90A001E25E8 /* libiconv.tbd */ = {isa = PBXFileReference; lastKnownFileType = "sourcecode.text-based-dylib-definition"; name = libiconv.tbd; path = usr/lib/libiconv.tbd; sourceTree = SDKROOT; };
		A1DBC6371E8BA92C001E25E8 /* libbz2.tbd */ = {isa = PBXFileReference; lastKnownFileType = "sourcecode.text-based-dylib-definition"; name = libbz2.tbd; path = usr/lib/libbz2.tbd; sourceTree = SDKROOT; };
		A1DBC6391E8BA93C001E25E8 /* AudioToolbox.framework */ = {isa = PBXFileReference; lastKnownFileType = wrapper.framework; name = AudioToolbox.framework; path = System/Library/Frameworks/AudioToolbox.framework; sourceTree = SDKROOT; };
		A1DBC63B1E8BA94A001E25E8 /* VideoToolbox.framework */ = {isa = PBXFileReference; lastKnownFileType = wrapper.framework; name = VideoToolbox.framework; path = System/Library/Frameworks/VideoToolbox.framework; sourceTree = SDKROOT; };
		A1DBC63D1E8BA95A001E25E8 /* SystemConfiguration.framework */ = {isa = PBXFileReference; lastKnownFileType = wrapper.framework; name = SystemConfiguration.framework; path = System/Library/Frameworks/SystemConfiguration.framework; sourceTree = SDKROOT; };
		A1DBC6541E8BDFE0001E25E8 /* Foundation.framework */ = {isa = PBXFileReference; lastKnownFileType = wrapper.framework; name = Foundation.framework; path = System/Library/Frameworks/Foundation.framework; sourceTree = SDKROOT; };
		D94BD2DDB07309B15B104DE2 /* Pods_EasyRTMP.framework */ = {isa = PBXFileReference; explicitFileType = wrapper.framework; includeInIndex = 0; path = Pods_EasyRTMP.framework; sourceTree = BUILT_PRODUCTS_DIR; };
		F6C5102A1D858306001EB536 /* EasyRTMP.app */ = {isa = PBXFileReference; explicitFileType = wrapper.application; includeInIndex = 0; path = EasyRTMP.app; sourceTree = BUILT_PRODUCTS_DIR; };
		F6C510331D858306001EB536 /* PushViewController.h */ = {isa = PBXFileReference; lastKnownFileType = sourcecode.c.h; path = PushViewController.h; sourceTree = "<group>"; };
		F6C510341D858306001EB536 /* PushViewController.m */ = {isa = PBXFileReference; lastKnownFileType = sourcecode.c.objc; path = PushViewController.m; sourceTree = "<group>"; };
		F6C510391D858306001EB536 /* Assets.xcassets */ = {isa = PBXFileReference; lastKnownFileType = folder.assetcatalog; path = Assets.xcassets; sourceTree = "<group>"; };
		F6C5103C1D858306001EB536 /* Base */ = {isa = PBXFileReference; lastKnownFileType = file.storyboard; name = Base; path = Base.lproj/LaunchScreen.storyboard; sourceTree = "<group>"; };
/* End PBXFileReference section */

/* Begin PBXFrameworksBuildPhase section */
		F6C510271D858306001EB536 /* Frameworks */ = {
			isa = PBXFrameworksBuildPhase;
			buildActionMask = 2147483647;
			files = (
				66747A0522704CE800BDD443 /* libavfilter.a in Frameworks */,
				66747A0422704CE800BDD443 /* libavutil.a in Frameworks */,
				66747A0B22704CE800BDD443 /* libswscale.a in Frameworks */,
				A1DBC6381E8BA92C001E25E8 /* libbz2.tbd in Frameworks */,
				66747A0822704CE800BDD443 /* libavformat.a in Frameworks */,
				A1DBC6361E8BA91C001E25E8 /* libz.tbd in Frameworks */,
				A1DBC6351E8BA90A001E25E8 /* libiconv.tbd in Frameworks */,
				A1DBC6331E8BA8F8001E25E8 /* libicucore.tbd in Frameworks */,
				A1DBC62B1E8BA7EA001E25E8 /* libc++.tbd in Frameworks */,
				66747A0722704CE800BDD443 /* libpostproc.a in Frameworks */,
				04F7286D20F2F2460089EDCA /* libEasyRTMP.a in Frameworks */,
				66747A0922704CE800BDD443 /* libavdevice.a in Frameworks */,
				A1DBC63E1E8BA95A001E25E8 /* SystemConfiguration.framework in Frameworks */,
				A1DBC6551E8BDFE0001E25E8 /* Foundation.framework in Frameworks */,
				A1DBC63C1E8BA94A001E25E8 /* VideoToolbox.framework in Frameworks */,
				A1DBC63A1E8BA93C001E25E8 /* AudioToolbox.framework in Frameworks */,
				66747A0C22704CE800BDD443 /* libx264.a in Frameworks */,
				A1DBC6311E8BA886001E25E8 /* CFNetwork.framework in Frameworks */,
				A1195D251E73A1BD00535E11 /* CoreTelephony.framework in Frameworks */,
				66747A0622704CE800BDD443 /* libavcodec.a in Frameworks */,
				A1CBFC4B1E4F099900588740 /* AVFoundation.framework in Frameworks */,
				66747A0A22704CE800BDD443 /* libswresample.a in Frameworks */,
				047A9E0720F34BFE003CC39F /* Pods_EasyRTMP.framework in Frameworks */,
			);
			runOnlyForDeploymentPostprocessing = 0;
		};
/* End PBXFrameworksBuildPhase section */

/* Begin PBXGroup section */
		047A9DDC20F3452E003CC39F /* Setting */ = {
			isa = PBXGroup;
			children = (
				A175F5591E24D32F00C76B21 /* SettingViewController.h */,
				A175F55A1E24D32F00C76B21 /* SettingViewController.m */,
				047A9E1020F37C25003CC39F /* ScanViewController.h */,
				047A9E1120F37C25003CC39F /* ScanViewController.m */,
				04C61CA320F45F7400D755D9 /* Record */,
				A1195D261E73D43200535E11 /* NetNotifieViewController.h */,
				A1195D271E73D43200535E11 /* NetNotifieViewController.m */,
				04C61CA020F44B1400D755D9 /* ResolutionViewController2.h */,
				04C61CA120F44B1500D755D9 /* ResolutionViewController2.m */,
			);
			path = Setting;
			sourceTree = "<group>";
		};
		047A9E0F20F37C02003CC39F /* Info */ = {
			isa = PBXGroup;
			children = (
				A1195C5A1E6A6FE200535E11 /* InfoViewController.h */,
				A1195C5B1E6A6FE200535E11 /* InfoViewController.m */,
				047A9E0C20F36479003CC39F /* WebViewController.h */,
				047A9E0D20F36479003CC39F /* WebViewController.m */,
			);
			path = Info;
			sourceTree = "<group>";
		};
		047E4E2F210709FE0050146A /* Record */ = {
			isa = PBXGroup;
			children = (
				047E4E292106F9080050146A /* AVAssetWriteManager.h */,
				047E4E2A2106F9080050146A /* AVAssetWriteManager.m */,
				047E4E2C2106F98D0050146A /* XCFileManager.h */,
				047E4E2D2106F98D0050146A /* XCFileManager.m */,
				047E4E3021070A720050146A /* FolderUtil.h */,
				047E4E3121070A720050146A /* FolderUtil.m */,
			);
			path = Record;
			sourceTree = "<group>";
		};
		04C61CA320F45F7400D755D9 /* Record */ = {
			isa = PBXGroup;
			children = (
				047A9E1320F37E8F003CC39F /* RecordViewController.h */,
				047A9E1420F37E8F003CC39F /* RecordViewController.m */,
				04C61CA420F45FBF00D755D9 /* VideoViewController.h */,
				04C61CA520F45FBF00D755D9 /* VideoViewController.m */,
				04C61CAE20F48B5200D755D9 /* PhotoViewController.h */,
				04C61CAF20F48B5200D755D9 /* PhotoViewController.m */,
				047E4E3321070B400050146A /* PlayRecordViewController.h */,
				047E4E3421070B400050146A /* PlayRecordViewController.m */,
			);
			path = Record;
			sourceTree = "<group>";
		};
		04C61CA720F484F300D755D9 /* View */ = {
			isa = PBXGroup;
			children = (
				04C61CA820F484FD00D755D9 /* PromptView.h */,
				04C61CA920F484FD00D755D9 /* PromptView.m */,
				04C61CAB20F4857D00D755D9 /* VideoCell.h */,
				04C61CAC20F4857D00D755D9 /* VideoCell.m */,
			);
			path = View;
			sourceTree = "<group>";
		};
		04DF407820F3352F0002EAB9 /* DataLayer */ = {
			isa = PBXGroup;
			children = (
				047A9DD620F33569003CC39F /* URLTool.h */,
				047A9DD720F33569003CC39F /* URLTool.m */,
			);
			path = DataLayer;
			sourceTree = "<group>";
		};
		04F7285D20F2F2460089EDCA /* EasyRTMPLib */ = {
			isa = PBXGroup;
			children = (
				04F7285E20F2F2460089EDCA /* EasyTypes.h */,
				04F7285F20F2F2460089EDCA /* EasyRTMPAPI.h */,
				04F7286020F2F2460089EDCA /* libEasyRTMP.a */,
			);
			path = EasyRTMPLib;
			sourceTree = "<group>";
		};
		04F7286120F2F2460089EDCA /* Encoder */ = {
			isa = PBXGroup;
			children = (
				04F7286220F2F2460089EDCA /* CameraEncoder.h */,
				04F7286C20F2F2460089EDCA /* CameraEncoder.m */,
				04F7286320F2F2460089EDCA /* Codec */,
				047E4E2F210709FE0050146A /* Record */,
			);
			path = Encoder;
			sourceTree = "<group>";
		};
		04F7286320F2F2460089EDCA /* Codec */ = {
			isa = PBXGroup;
			children = (
				04F7286520F2F2460089EDCA /* AACEncoder.h */,
				04F7286820F2F2460089EDCA /* AACEncoder.m */,
				66747A1022704D3500BDD443 /* X264Encoder.h */,
				66747A1122704D3500BDD443 /* X264Encoder.m */,
				04F7286620F2F2460089EDCA /* H264HWEncoder.h */,
				04F7286A20F2F2460089EDCA /* H264HWEncoder.m */,
				04F7286420F2F2460089EDCA /* H264Packet.h */,
				04F7286920F2F2460089EDCA /* H264Packet.m */,
			);
			path = Codec;
			sourceTree = "<group>";
		};
		04F7287320F2F26D0089EDCA /* Main */ = {
			isa = PBXGroup;
			children = (
				04F7287420F2F26D0089EDCA /* AppDelegate.h */,
				04F7287620F2F26D0089EDCA /* AppDelegate.m */,
				04F7287520F2F26D0089EDCA /* main.m */,
				04F7287720F2F26D0089EDCA /* Info.plist */,
				04DF407720F30F760002EAB9 /* PrefixHeader.pch */,
			);
			path = Main;
			sourceTree = "<group>";
		};
		4CF00F35B117ACE87C468131 /* Pods */ = {
			isa = PBXGroup;
			children = (
				972B5E7907C06A56F27D883B /* Pods-EasyRTMP.debug.xcconfig */,
				1DDF0159A3C68E6B998F514C /* Pods-EasyRTMP.release.xcconfig */,
			);
			name = Pods;
			sourceTree = "<group>";
		};
		6674797A22704CE800BDD443 /* FFmpeg-iOS */ = {
			isa = PBXGroup;
			children = (
				6674797B22704CE800BDD443 /* include */,
				667479F522704CE800BDD443 /* lib */,
			);
			path = "FFmpeg-iOS";
			sourceTree = "<group>";
		};
		6674797B22704CE800BDD443 /* include */ = {
			isa = PBXGroup;
			children = (
				6674797C22704CE800BDD443 /* libpostproc */,
				6674797F22704CE800BDD443 /* libavfilter */,
				6674798422704CE800BDD443 /* libavutil */,
				667479D522704CE800BDD443 /* libavdevice */,
				667479D822704CE800BDD443 /* libavformat */,
				667479DC22704CE800BDD443 /* libswscale */,
				667479DF22704CE800BDD443 /* libavcodec */,
				667479F222704CE800BDD443 /* libswresample */,
			);
			path = include;
			sourceTree = "<group>";
		};
		6674797C22704CE800BDD443 /* libpostproc */ = {
			isa = PBXGroup;
			children = (
				6674797D22704CE800BDD443 /* version.h */,
				6674797E22704CE800BDD443 /* postprocess.h */,
			);
			path = libpostproc;
			sourceTree = "<group>";
		};
		6674797F22704CE800BDD443 /* libavfilter */ = {
			isa = PBXGroup;
			children = (
				6674798022704CE800BDD443 /* version.h */,
				6674798122704CE800BDD443 /* buffersrc.h */,
				6674798222704CE800BDD443 /* buffersink.h */,
				6674798322704CE800BDD443 /* avfilter.h */,
			);
			path = libavfilter;
			sourceTree = "<group>";
		};
		6674798422704CE800BDD443 /* libavutil */ = {
			isa = PBXGroup;
			children = (
				6674798522704CE800BDD443 /* hwcontext.h */,
				6674798622704CE800BDD443 /* time.h */,
				6674798722704CE800BDD443 /* hwcontext_cuda.h */,
				6674798822704CE800BDD443 /* intfloat.h */,
				6674798922704CE800BDD443 /* error.h */,
				6674798A22704CE800BDD443 /* fifo.h */,
				6674798B22704CE800BDD443 /* blowfish.h */,
				6674798C22704CE800BDD443 /* hwcontext_mediacodec.h */,
				6674798D22704CE800BDD443 /* replaygain.h */,
				6674798E22704CE800BDD443 /* version.h */,
				6674798F22704CE800BDD443 /* murmur3.h */,
				6674799022704CE800BDD443 /* stereo3d.h */,
				6674799122704CE800BDD443 /* samplefmt.h */,
				6674799222704CE800BDD443 /* pixdesc.h */,
				6674799322704CE800BDD443 /* base64.h */,
				6674799422704CE800BDD443 /* rational.h */,
				6674799522704CE800BDD443 /* sha.h */,
				6674799622704CE800BDD443 /* motion_vector.h */,
				6674799722704CE800BDD443 /* avconfig.h */,
				6674799822704CE800BDD443 /* lfg.h */,
				6674799922704CE800BDD443 /* avutil.h */,
				6674799A22704CE800BDD443 /* xtea.h */,
				6674799B22704CE800BDD443 /* crc.h */,
				6674799C22704CE800BDD443 /* hwcontext_vdpau.h */,
				6674799D22704CE800BDD443 /* frame.h */,
				6674799E22704CE800BDD443 /* file.h */,
				6674799F22704CE800BDD443 /* md5.h */,
				667479A022704CE800BDD443 /* cast5.h */,
				667479A122704CE800BDD443 /* hwcontext_vaapi.h */,
				667479A222704CE800BDD443 /* spherical.h */,
				667479A322704CE800BDD443 /* ffversion.h */,
				667479A422704CE800BDD443 /* audio_fifo.h */,
				667479A522704CE800BDD443 /* tree.h */,
				667479A622704CE800BDD443 /* threadmessage.h */,
				667479A722704CE800BDD443 /* attributes.h */,
				667479A822704CE800BDD443 /* adler32.h */,
				667479A922704CE800BDD443 /* hwcontext_d3d11va.h */,
				667479AA22704CE800BDD443 /* timecode.h */,
				667479AB22704CE800BDD443 /* sha512.h */,
				667479AC22704CE800BDD443 /* hwcontext_dxva2.h */,
				667479AD22704CE800BDD443 /* display.h */,
				667479AE22704CE800BDD443 /* buffer.h */,
				667479AF22704CE800BDD443 /* camellia.h */,
				667479B022704CE800BDD443 /* pixelutils.h */,
				667479B122704CE800BDD443 /* hwcontext_drm.h */,
				667479B222704CE800BDD443 /* common.h */,
				667479B322704CE800BDD443 /* hmac.h */,
				667479B422704CE800BDD443 /* eval.h */,
				667479B522704CE800BDD443 /* dict.h */,
				667479B622704CE800BDD443 /* random_seed.h */,
				667479B722704CE800BDD443 /* opt.h */,
				667479B822704CE800BDD443 /* mastering_display_metadata.h */,
				667479B922704CE800BDD443 /* log.h */,
				667479BA22704CE800BDD443 /* aes.h */,
				667479BB22704CE800BDD443 /* macros.h */,
				667479BC22704CE800BDD443 /* bswap.h */,
				667479BD22704CE800BDD443 /* rc4.h */,
				667479BE22704CE800BDD443 /* tea.h */,
				667479BF22704CE800BDD443 /* cpu.h */,
				667479C022704CE800BDD443 /* lzo.h */,
				667479C122704CE800BDD443 /* des.h */,
				667479C222704CE800BDD443 /* channel_layout.h */,
				667479C322704CE800BDD443 /* encryption_info.h */,
				667479C422704CE800BDD443 /* twofish.h */,
				667479C522704CE800BDD443 /* imgutils.h */,
				667479C622704CE800BDD443 /* hwcontext_videotoolbox.h */,
				667479C722704CE800BDD443 /* mem.h */,
				667479C822704CE800BDD443 /* parseutils.h */,
				667479C922704CE800BDD443 /* ripemd.h */,
				667479CA22704CE800BDD443 /* bprint.h */,
				667479CB22704CE800BDD443 /* hwcontext_qsv.h */,
				667479CC22704CE800BDD443 /* pixfmt.h */,
				667479CD22704CE800BDD443 /* aes_ctr.h */,
				667479CE22704CE800BDD443 /* timestamp.h */,
				667479CF22704CE800BDD443 /* downmix_info.h */,
				667479D022704CE800BDD443 /* avassert.h */,
				667479D122704CE800BDD443 /* hash.h */,
				667479D222704CE800BDD443 /* mathematics.h */,
				667479D322704CE800BDD443 /* intreadwrite.h */,
				667479D422704CE800BDD443 /* avstring.h */,
			);
			path = libavutil;
			sourceTree = "<group>";
		};
		667479D522704CE800BDD443 /* libavdevice */ = {
			isa = PBXGroup;
			children = (
				667479D622704CE800BDD443 /* version.h */,
				667479D722704CE800BDD443 /* avdevice.h */,
			);
			path = libavdevice;
			sourceTree = "<group>";
		};
		667479D822704CE800BDD443 /* libavformat */ = {
			isa = PBXGroup;
			children = (
				667479D922704CE800BDD443 /* version.h */,
				667479DA22704CE800BDD443 /* avio.h */,
				667479DB22704CE800BDD443 /* avformat.h */,
			);
			path = libavformat;
			sourceTree = "<group>";
		};
		667479DC22704CE800BDD443 /* libswscale */ = {
			isa = PBXGroup;
			children = (
				667479DD22704CE800BDD443 /* version.h */,
				667479DE22704CE800BDD443 /* swscale.h */,
			);
			path = libswscale;
			sourceTree = "<group>";
		};
		667479DF22704CE800BDD443 /* libavcodec */ = {
			isa = PBXGroup;
			children = (
				667479E022704CE800BDD443 /* adts_parser.h */,
				667479E122704CE800BDD443 /* avcodec.h */,
				667479E222704CE800BDD443 /* version.h */,
				667479E322704CE800BDD443 /* vdpau.h */,
				667479E422704CE800BDD443 /* qsv.h */,
				667479E522704CE800BDD443 /* vaapi.h */,
				667479E622704CE800BDD443 /* videotoolbox.h */,
				667479E722704CE800BDD443 /* xvmc.h */,
				667479E822704CE800BDD443 /* mediacodec.h */,
				667479E922704CE800BDD443 /* d3d11va.h */,
				667479EA22704CE800BDD443 /* avfft.h */,
				667479EB22704CE800BDD443 /* jni.h */,
				667479EC22704CE800BDD443 /* dirac.h */,
				667479ED22704CE800BDD443 /* avdct.h */,
				667479EE22704CE800BDD443 /* ac3_parser.h */,
				667479EF22704CE800BDD443 /* vorbis_parser.h */,
				667479F022704CE800BDD443 /* dxva2.h */,
				667479F122704CE800BDD443 /* dv_profile.h */,
			);
			path = libavcodec;
			sourceTree = "<group>";
		};
		667479F222704CE800BDD443 /* libswresample */ = {
			isa = PBXGroup;
			children = (
				667479F322704CE800BDD443 /* version.h */,
				667479F422704CE800BDD443 /* swresample.h */,
			);
			path = libswresample;
			sourceTree = "<group>";
		};
		667479F522704CE800BDD443 /* lib */ = {
			isa = PBXGroup;
			children = (
				667479F622704CE800BDD443 /* libavutil.a */,
				667479F722704CE800BDD443 /* libavfilter.a */,
				667479F822704CE800BDD443 /* libavcodec.a */,
				667479F922704CE800BDD443 /* libpostproc.a */,
				667479FA22704CE800BDD443 /* libavformat.a */,
				667479FB22704CE800BDD443 /* libavdevice.a */,
				667479FC22704CE800BDD443 /* libswresample.a */,
				667479FD22704CE800BDD443 /* libswscale.a */,
			);
			path = lib;
			sourceTree = "<group>";
		};
		667479FE22704CE800BDD443 /* x264-iOS */ = {
			isa = PBXGroup;
			children = (
				667479FF22704CE800BDD443 /* include */,
				66747A0222704CE800BDD443 /* lib */,
			);
			path = "x264-iOS";
			sourceTree = "<group>";
		};
		667479FF22704CE800BDD443 /* include */ = {
			isa = PBXGroup;
			children = (
				66747A0022704CE800BDD443 /* x264_config.h */,
				66747A0122704CE800BDD443 /* x264.h */,
			);
			path = include;
			sourceTree = "<group>";
		};
		66747A0222704CE800BDD443 /* lib */ = {
			isa = PBXGroup;
			children = (
				66747A0322704CE800BDD443 /* libx264.a */,
			);
			path = lib;
			sourceTree = "<group>";
		};
		667D99D82007AD8F00F580D7 /* ViewController */ = {
			isa = PBXGroup;
			children = (
				047A9DDA20F3448A003CC39F /* BaseViewController.h */,
				047A9DD920F34489003CC39F /* BaseViewController.m */,
				F6C510331D858306001EB536 /* PushViewController.h */,
				F6C510341D858306001EB536 /* PushViewController.m */,
				A1195C551E69A22300535E11 /* ResolutionViewController.h */,
				A1195C561E69A22300535E11 /* ResolutionViewController.m */,
				047A9E0F20F37C02003CC39F /* Info */,
				047A9DDC20F3452E003CC39F /* Setting */,
			);
			path = ViewController;
			sourceTree = "<group>";
		};
		A1CBFC491E4F099900588740 /* Frameworks */ = {
			isa = PBXGroup;
			children = (
				047A9E0A20F34E15003CC39F /* JavaScriptCore.framework */,
				047A9E0820F34E01003CC39F /* Security.framework */,
				047A9E0120F34B97003CC39F /* IQKeyboardManager.framework */,
				047A9E0320F34B97003CC39F /* Masonry.framework */,
				047A9E0520F34B97003CC39F /* RTRootNavigationController.framework */,
				A1DBC6541E8BDFE0001E25E8 /* Foundation.framework */,
				A1DBC63D1E8BA95A001E25E8 /* SystemConfiguration.framework */,
				A1DBC63B1E8BA94A001E25E8 /* VideoToolbox.framework */,
				A1DBC6391E8BA93C001E25E8 /* AudioToolbox.framework */,
				A1DBC6371E8BA92C001E25E8 /* libbz2.tbd */,
				A1DBC6341E8BA90A001E25E8 /* libiconv.tbd */,
				A1DBC6321E8BA8F8001E25E8 /* libicucore.tbd */,
				A1DBC6301E8BA886001E25E8 /* CFNetwork.framework */,
				A1DBC62E1E8BA869001E25E8 /* libz.tbd */,
				A1DBC62C1E8BA833001E25E8 /* libstdc++.tbd */,
				A1DBC62A1E8BA7EA001E25E8 /* libc++.tbd */,
				A1195D241E73A1BD00535E11 /* CoreTelephony.framework */,
				A1CBFC4A1E4F099900588740 /* AVFoundation.framework */,
				D94BD2DDB07309B15B104DE2 /* Pods_EasyRTMP.framework */,
			);
			name = Frameworks;
			sourceTree = "<group>";
		};
		F6C510211D858306001EB536 = {
			isa = PBXGroup;
			children = (
				F6C5102C1D858306001EB536 /* EasyRTMP */,
				F6C5102B1D858306001EB536 /* Products */,
				A1CBFC491E4F099900588740 /* Frameworks */,
				4CF00F35B117ACE87C468131 /* Pods */,
			);
			sourceTree = "<group>";
		};
		F6C5102B1D858306001EB536 /* Products */ = {
			isa = PBXGroup;
			children = (
				F6C5102A1D858306001EB536 /* EasyRTMP.app */,
			);
			name = Products;
			sourceTree = "<group>";
		};
		F6C5102C1D858306001EB536 /* EasyRTMP */ = {
			isa = PBXGroup;
			children = (
				04F7287320F2F26D0089EDCA /* Main */,
				04C61CA720F484F300D755D9 /* View */,
				667D99D82007AD8F00F580D7 /* ViewController */,
				04DF407820F3352F0002EAB9 /* DataLayer */,
				04F7286120F2F2460089EDCA /* Encoder */,
				04F7285D20F2F2460089EDCA /* EasyRTMPLib */,
				667479FE22704CE800BDD443 /* x264-iOS */,
				6674797A22704CE800BDD443 /* FFmpeg-iOS */,
				F6C5102D1D858306001EB536 /* Supporting Files */,
			);
			path = EasyRTMP;
			sourceTree = "<group>";
		};
		F6C5102D1D858306001EB536 /* Supporting Files */ = {
			isa = PBXGroup;
			children = (
				F6C5103B1D858306001EB536 /* LaunchScreen.storyboard */,
				04DF407420F2FE120002EAB9 /* Main.storyboard */,
				F6C510391D858306001EB536 /* Assets.xcassets */,
			);
			name = "Supporting Files";
			sourceTree = "<group>";
		};
/* End PBXGroup section */

/* Begin PBXNativeTarget section */
		F6C510291D858306001EB536 /* EasyRTMP */ = {
			isa = PBXNativeTarget;
			buildConfigurationList = F6C510411D858306001EB536 /* Build configuration list for PBXNativeTarget "EasyRTMP" */;
			buildPhases = (
				E4824ADC41F78FD1A3828CEC /* [CP] Check Pods Manifest.lock */,
				F6C510261D858306001EB536 /* Sources */,
				F6C510271D858306001EB536 /* Frameworks */,
				F6C510281D858306001EB536 /* Resources */,
				73AB458BCE39B739FC6189FF /* [CP] Embed Pods Frameworks */,
			);
			buildRules = (
			);
			dependencies = (
			);
			name = EasyRTMP;
			productName = EasyPusher;
			productReference = F6C5102A1D858306001EB536 /* EasyRTMP.app */;
			productType = "com.apple.product-type.application";
		};
/* End PBXNativeTarget section */

/* Begin PBXProject section */
		F6C510221D858306001EB536 /* Project object */ = {
			isa = PBXProject;
			attributes = {
				LastUpgradeCheck = 0940;
				ORGANIZATIONNAME = phylony;
				TargetAttributes = {
					F6C510291D858306001EB536 = {
						CreatedOnToolsVersion = 7.3.1;
						DevelopmentTeam = 33USAS7KQX;
						ProvisioningStyle = Automatic;
					};
				};
			};
			buildConfigurationList = F6C510251D858306001EB536 /* Build configuration list for PBXProject "EasyRTMP" */;
			compatibilityVersion = "Xcode 3.2";
			developmentRegion = English;
			hasScannedForEncodings = 0;
			knownRegions = (
				English,
				en,
				Base,
			);
			mainGroup = F6C510211D858306001EB536;
			productRefGroup = F6C5102B1D858306001EB536 /* Products */;
			projectDirPath = "";
			projectRoot = "";
			targets = (
				F6C510291D858306001EB536 /* EasyRTMP */,
			);
		};
/* End PBXProject section */

/* Begin PBXResourcesBuildPhase section */
		F6C510281D858306001EB536 /* Resources */ = {
			isa = PBXResourcesBuildPhase;
			buildActionMask = 2147483647;
			files = (
				04DF407620F2FE120002EAB9 /* Main.storyboard in Resources */,
				F6C5103D1D858306001EB536 /* LaunchScreen.storyboard in Resources */,
				F6C5103A1D858306001EB536 /* Assets.xcassets in Resources */,
			);
			runOnlyForDeploymentPostprocessing = 0;
		};
/* End PBXResourcesBuildPhase section */

/* Begin PBXShellScriptBuildPhase section */
		73AB458BCE39B739FC6189FF /* [CP] Embed Pods Frameworks */ = {
			isa = PBXShellScriptBuildPhase;
			buildActionMask = 2147483647;
			files = (
			);
			inputPaths = (
				"${SRCROOT}/Pods/Target Support Files/Pods-EasyRTMP/Pods-EasyRTMP-frameworks.sh",
				"${BUILT_PRODUCTS_DIR}/IQKeyboardManager/IQKeyboardManager.framework",
				"${BUILT_PRODUCTS_DIR}/Masonry/Masonry.framework",
				"${BUILT_PRODUCTS_DIR}/RTRootNavigationController/RTRootNavigationController.framework",
				"${BUILT_PRODUCTS_DIR}/ReactiveCocoa/ReactiveCocoa.framework",
			);
			name = "[CP] Embed Pods Frameworks";
			outputPaths = (
				"${TARGET_BUILD_DIR}/${FRAMEWORKS_FOLDER_PATH}/IQKeyboardManager.framework",
				"${TARGET_BUILD_DIR}/${FRAMEWORKS_FOLDER_PATH}/Masonry.framework",
				"${TARGET_BUILD_DIR}/${FRAMEWORKS_FOLDER_PATH}/RTRootNavigationController.framework",
				"${TARGET_BUILD_DIR}/${FRAMEWORKS_FOLDER_PATH}/ReactiveCocoa.framework",
			);
			runOnlyForDeploymentPostprocessing = 0;
			shellPath = /bin/sh;
			shellScript = "\"${SRCROOT}/Pods/Target Support Files/Pods-EasyRTMP/Pods-EasyRTMP-frameworks.sh\"\n";
			showEnvVarsInLog = 0;
		};
		E4824ADC41F78FD1A3828CEC /* [CP] Check Pods Manifest.lock */ = {
			isa = PBXShellScriptBuildPhase;
			buildActionMask = 2147483647;
			files = (
			);
			inputPaths = (
				"${PODS_PODFILE_DIR_PATH}/Podfile.lock",
				"${PODS_ROOT}/Manifest.lock",
			);
			name = "[CP] Check Pods Manifest.lock";
			outputPaths = (
				"$(DERIVED_FILE_DIR)/Pods-EasyRTMP-checkManifestLockResult.txt",
			);
			runOnlyForDeploymentPostprocessing = 0;
			shellPath = /bin/sh;
			shellScript = "diff \"${PODS_PODFILE_DIR_PATH}/Podfile.lock\" \"${PODS_ROOT}/Manifest.lock\" > /dev/null\nif [ $? != 0 ] ; then\n    # print error to STDERR\n    echo \"error: The sandbox is not in sync with the Podfile.lock. Run 'pod install' or update your CocoaPods installation.\" >&2\n    exit 1\nfi\n# This output is used by Xcode 'outputs' to avoid re-running this script phase.\necho \"SUCCESS\" > \"${SCRIPT_OUTPUT_FILE_0}\"\n";
			showEnvVarsInLog = 0;
		};
/* End PBXShellScriptBuildPhase section */

/* Begin PBXSourcesBuildPhase section */
		F6C510261D858306001EB536 /* Sources */ = {
			isa = PBXSourcesBuildPhase;
			buildActionMask = 2147483647;
			files = (
				04F7287020F2F2460089EDCA /* H264Packet.m in Sources */,
				047A9E1220F37C25003CC39F /* ScanViewController.m in Sources */,
				66747A1222704D3500BDD443 /* X264Encoder.m in Sources */,
				A1195C581E69A22300535E11 /* ResolutionViewController.m in Sources */,
				04C61CA220F44B1500D755D9 /* ResolutionViewController2.m in Sources */,
				04F7286F20F2F2460089EDCA /* AACEncoder.m in Sources */,
				04F7287820F2F26D0089EDCA /* main.m in Sources */,
				F6C510351D858306001EB536 /* PushViewController.m in Sources */,
				A1195C5D1E6A6FE200535E11 /* InfoViewController.m in Sources */,
				04C61CB020F48B5200D755D9 /* PhotoViewController.m in Sources */,
				047E4E3521070B400050146A /* PlayRecordViewController.m in Sources */,
				04C61CA620F45FBF00D755D9 /* VideoViewController.m in Sources */,
				04C61CAD20F4857D00D755D9 /* VideoCell.m in Sources */,
				A1195D291E73D43200535E11 /* NetNotifieViewController.m in Sources */,
				047A9E0E20F36479003CC39F /* WebViewController.m in Sources */,
				047A9DD820F33569003CC39F /* URLTool.m in Sources */,
				A175F55B1E24D32F00C76B21 /* SettingViewController.m in Sources */,
				04F7287120F2F2460089EDCA /* H264HWEncoder.m in Sources */,
				047A9DDB20F3448A003CC39F /* BaseViewController.m in Sources */,
				047E4E3221070A720050146A /* FolderUtil.m in Sources */,
				047E4E2B2106F9080050146A /* AVAssetWriteManager.m in Sources */,
				047A9E1520F37E8F003CC39F /* RecordViewController.m in Sources */,
				047E4E2E2106F98D0050146A /* XCFileManager.m in Sources */,
				04F7287920F2F26D0089EDCA /* AppDelegate.m in Sources */,
				04C61CAA20F484FD00D755D9 /* PromptView.m in Sources */,
				04F7287220F2F2460089EDCA /* CameraEncoder.m in Sources */,
			);
			runOnlyForDeploymentPostprocessing = 0;
		};
/* End PBXSourcesBuildPhase section */

/* Begin PBXVariantGroup section */
		04DF407420F2FE120002EAB9 /* Main.storyboard */ = {
			isa = PBXVariantGroup;
			children = (
				04DF407520F2FE120002EAB9 /* Base */,
			);
			name = Main.storyboard;
			sourceTree = "<group>";
		};
		F6C5103B1D858306001EB536 /* LaunchScreen.storyboard */ = {
			isa = PBXVariantGroup;
			children = (
				F6C5103C1D858306001EB536 /* Base */,
			);
			name = LaunchScreen.storyboard;
			sourceTree = "<group>";
		};
/* End PBXVariantGroup section */

/* Begin XCBuildConfiguration section */
		F6C5103F1D858306001EB536 /* Debug */ = {
			isa = XCBuildConfiguration;
			buildSettings = {
				ALWAYS_SEARCH_USER_PATHS = NO;
				CLANG_ANALYZER_NONNULL = YES;
				CLANG_CXX_LANGUAGE_STANDARD = "gnu++0x";
				CLANG_CXX_LIBRARY = "libc++";
				CLANG_ENABLE_MODULES = YES;
				CLANG_ENABLE_OBJC_ARC = YES;
				CLANG_WARN_BLOCK_CAPTURE_AUTORELEASING = YES;
				CLANG_WARN_BOOL_CONVERSION = YES;
				CLANG_WARN_COMMA = YES;
				CLANG_WARN_CONSTANT_CONVERSION = YES;
				CLANG_WARN_DEPRECATED_OBJC_IMPLEMENTATIONS = YES;
				CLANG_WARN_DIRECT_OBJC_ISA_USAGE = YES_ERROR;
				CLANG_WARN_EMPTY_BODY = YES;
				CLANG_WARN_ENUM_CONVERSION = YES;
				CLANG_WARN_INFINITE_RECURSION = YES;
				CLANG_WARN_INT_CONVERSION = YES;
				CLANG_WARN_NON_LITERAL_NULL_CONVERSION = YES;
				CLANG_WARN_OBJC_IMPLICIT_RETAIN_SELF = YES;
				CLANG_WARN_OBJC_LITERAL_CONVERSION = YES;
				CLANG_WARN_OBJC_ROOT_CLASS = YES_ERROR;
				CLANG_WARN_RANGE_LOOP_ANALYSIS = YES;
				CLANG_WARN_STRICT_PROTOTYPES = YES;
				CLANG_WARN_SUSPICIOUS_MOVE = YES;
				CLANG_WARN_UNREACHABLE_CODE = YES;
				CLANG_WARN__DUPLICATE_METHOD_MATCH = YES;
				CODE_SIGN_IDENTITY = "";
				"CODE_SIGN_IDENTITY[sdk=iphoneos*]" = "";
				COPY_PHASE_STRIP = NO;
				DEBUG_INFORMATION_FORMAT = dwarf;
				DEVELOPMENT_TEAM = DNN39LJ53Q;
				ENABLE_BITCODE = NO;
				ENABLE_STRICT_OBJC_MSGSEND = YES;
				ENABLE_TESTABILITY = YES;
				GCC_C_LANGUAGE_STANDARD = gnu99;
				GCC_DYNAMIC_NO_PIC = NO;
				GCC_NO_COMMON_BLOCKS = YES;
				GCC_OPTIMIZATION_LEVEL = 0;
				GCC_PREPROCESSOR_DEFINITIONS = (
					"DEBUG=1",
					"$(inherited)",
				);
				GCC_WARN_64_TO_32_BIT_CONVERSION = YES;
				GCC_WARN_ABOUT_RETURN_TYPE = YES_ERROR;
				GCC_WARN_UNDECLARED_SELECTOR = YES;
				GCC_WARN_UNINITIALIZED_AUTOS = YES_AGGRESSIVE;
				GCC_WARN_UNUSED_FUNCTION = YES;
				GCC_WARN_UNUSED_VARIABLE = YES;
				IPHONEOS_DEPLOYMENT_TARGET = 8.0;
				MTL_ENABLE_DEBUG_INFO = YES;
				ONLY_ACTIVE_ARCH = YES;
				OTHER_LDFLAGS = (
					"$(OTHER_LDFLAGS)",
					"-ObjC",
				);
				PROVISIONING_PROFILE = "";
				PROVISIONING_PROFILE_SPECIFIER = "";
				SDKROOT = iphoneos;
				TARGETED_DEVICE_FAMILY = "1,2";
			};
			name = Debug;
		};
		F6C510401D858306001EB536 /* Release */ = {
			isa = XCBuildConfiguration;
			buildSettings = {
				ALWAYS_SEARCH_USER_PATHS = NO;
				CLANG_ANALYZER_NONNULL = YES;
				CLANG_CXX_LANGUAGE_STANDARD = "gnu++0x";
				CLANG_CXX_LIBRARY = "libc++";
				CLANG_ENABLE_MODULES = YES;
				CLANG_ENABLE_OBJC_ARC = YES;
				CLANG_WARN_BLOCK_CAPTURE_AUTORELEASING = YES;
				CLANG_WARN_BOOL_CONVERSION = YES;
				CLANG_WARN_COMMA = YES;
				CLANG_WARN_CONSTANT_CONVERSION = YES;
				CLANG_WARN_DEPRECATED_OBJC_IMPLEMENTATIONS = YES;
				CLANG_WARN_DIRECT_OBJC_ISA_USAGE = YES_ERROR;
				CLANG_WARN_EMPTY_BODY = YES;
				CLANG_WARN_ENUM_CONVERSION = YES;
				CLANG_WARN_INFINITE_RECURSION = YES;
				CLANG_WARN_INT_CONVERSION = YES;
				CLANG_WARN_NON_LITERAL_NULL_CONVERSION = YES;
				CLANG_WARN_OBJC_IMPLICIT_RETAIN_SELF = YES;
				CLANG_WARN_OBJC_LITERAL_CONVERSION = YES;
				CLANG_WARN_OBJC_ROOT_CLASS = YES_ERROR;
				CLANG_WARN_RANGE_LOOP_ANALYSIS = YES;
				CLANG_WARN_STRICT_PROTOTYPES = YES;
				CLANG_WARN_SUSPICIOUS_MOVE = YES;
				CLANG_WARN_UNREACHABLE_CODE = YES;
				CLANG_WARN__DUPLICATE_METHOD_MATCH = YES;
				CODE_SIGN_IDENTITY = "";
				"CODE_SIGN_IDENTITY[sdk=iphoneos*]" = "";
				COPY_PHASE_STRIP = NO;
				DEBUG_INFORMATION_FORMAT = "dwarf-with-dsym";
				DEVELOPMENT_TEAM = DNN39LJ53Q;
				ENABLE_BITCODE = NO;
				ENABLE_NS_ASSERTIONS = NO;
				ENABLE_STRICT_OBJC_MSGSEND = YES;
				GCC_C_LANGUAGE_STANDARD = gnu99;
				GCC_NO_COMMON_BLOCKS = YES;
				GCC_WARN_64_TO_32_BIT_CONVERSION = YES;
				GCC_WARN_ABOUT_RETURN_TYPE = YES_ERROR;
				GCC_WARN_UNDECLARED_SELECTOR = YES;
				GCC_WARN_UNINITIALIZED_AUTOS = YES_AGGRESSIVE;
				GCC_WARN_UNUSED_FUNCTION = YES;
				GCC_WARN_UNUSED_VARIABLE = YES;
				IPHONEOS_DEPLOYMENT_TARGET = 8.0;
				MTL_ENABLE_DEBUG_INFO = NO;
				OTHER_LDFLAGS = (
					"$(OTHER_LDFLAGS)",
					"-ObjC",
				);
				PROVISIONING_PROFILE = "";
				PROVISIONING_PROFILE_SPECIFIER = "";
				SDKROOT = iphoneos;
				TARGETED_DEVICE_FAMILY = "1,2";
				VALIDATE_PRODUCT = YES;
			};
			name = Release;
		};
		F6C510421D858306001EB536 /* Debug */ = {
			isa = XCBuildConfiguration;
			baseConfigurationReference = 972B5E7907C06A56F27D883B /* Pods-EasyRTMP.debug.xcconfig */;
			buildSettings = {
				ALWAYS_SEARCH_USER_PATHS = NO;
				ASSETCATALOG_COMPILER_APPICON_NAME = AppIcon;
				CLANG_CXX_LIBRARY = "libc++";
				CODE_SIGN_IDENTITY = "iPhone Developer";
				"CODE_SIGN_IDENTITY[sdk=iphoneos*]" = "iPhone Developer";
				CODE_SIGN_STYLE = Automatic;
				DEVELOPMENT_TEAM = 33USAS7KQX;
				ENABLE_BITCODE = NO;
				GCC_PREFIX_HEADER = "${SRCROOT}/EasyRTMP/Main/PrefixHeader.pch";
				HEADER_SEARCH_PATHS = "$(PROJECT_DIR)/EasyRTMP/FFmpeg-iOS/include";
				INFOPLIST_FILE = "$(SRCROOT)/EasyRTMP/Main/Info.plist";
				IPHONEOS_DEPLOYMENT_TARGET = 9.0;
				LD_RUNPATH_SEARCH_PATHS = "$(inherited) @executable_path/Frameworks";
				LIBRARY_SEARCH_PATHS = (
					"$(inherited)",
					"$(PROJECT_DIR)/EasyRTMP/EasyRTMPLib",
					"$(PROJECT_DIR)/EasyRTMP/FFmpeg-iOS/lib",
					"$(PROJECT_DIR)/EasyRTMP/x264-iOS/lib",
				);
				ONLY_ACTIVE_ARCH = YES;
				OTHER_LDFLAGS = (
					"$(inherited)",
					"-ObjC",
					"-l\"c++\"",
					"-l\"sqlite3.0\"",
					"-l\"stdc++.6.0.9\"",
					"-l\"z\"",
					"-framework",
					"\"AVFoundation\"",
					"-framework",
					"\"AudioToolbox\"",
					"-framework",
					"\"Bugly\"",
					"-framework",
					"\"CoreGraphics\"",
					"-framework",
					"\"CoreLocation\"",
					"-framework",
					"\"CoreMedia\"",
					"-framework",
					"\"CoreTelephony\"",
					"-framework",
					"\"CoreText\"",
					"-framework",
					"\"GLKit\"",
					"-framework",
					"\"IQKeyboardManager\"",
					"-framework",
					"\"Masonry\"",
					"-framework",
					"\"OpenGLES\"",
					"-framework",
					"\"QuartzCore\"",
					"-framework",
					"\"RTRootNavigationController\"",
					"-framework",
					"\"ReactiveCocoa\"",
					"-framework",
					"\"SystemConfiguration\"",
					"-framework",
					"\"VideoToolbox\"",
				);
				PRODUCT_BUNDLE_IDENTIFIER = org.easydarwin.easydarwinrtmp;
				PRODUCT_NAME = "$(TARGET_NAME)";
				PROVISIONING_PROFILE = "";
				PROVISIONING_PROFILE_SPECIFIER = "";
				TARGETED_DEVICE_FAMILY = 1;
				USER_HEADER_SEARCH_PATHS = "";
				VALID_ARCHS = "armv7 armv7s arm64";
			};
			name = Debug;
		};
		F6C510431D858306001EB536 /* Release */ = {
			isa = XCBuildConfiguration;
			baseConfigurationReference = 1DDF0159A3C68E6B998F514C /* Pods-EasyRTMP.release.xcconfig */;
			buildSettings = {
				ALWAYS_SEARCH_USER_PATHS = NO;
				ASSETCATALOG_COMPILER_APPICON_NAME = AppIcon;
				CLANG_CXX_LIBRARY = "libc++";
				CODE_SIGN_IDENTITY = "iPhone Developer";
				"CODE_SIGN_IDENTITY[sdk=iphoneos*]" = "iPhone Developer";
				CODE_SIGN_STYLE = Automatic;
				DEVELOPMENT_TEAM = 33USAS7KQX;
				ENABLE_BITCODE = NO;
				GCC_PREFIX_HEADER = "${SRCROOT}/EasyRTMP/Main/PrefixHeader.pch";
				HEADER_SEARCH_PATHS = "$(PROJECT_DIR)/EasyRTMP/FFmpeg-iOS/include";
				INFOPLIST_FILE = "$(SRCROOT)/EasyRTMP/Main/Info.plist";
				IPHONEOS_DEPLOYMENT_TARGET = 9.0;
				LD_RUNPATH_SEARCH_PATHS = "$(inherited) @executable_path/Frameworks";
				LIBRARY_SEARCH_PATHS = (
					"$(inherited)",
					"$(PROJECT_DIR)/EasyRTMP/EasyRTMPLib",
					"$(PROJECT_DIR)/EasyRTMP/FFmpeg-iOS/lib",
					"$(PROJECT_DIR)/EasyRTMP/x264-iOS/lib",
				);
				ONLY_ACTIVE_ARCH = YES;
				OTHER_LDFLAGS = (
					"$(inherited)",
					"-ObjC",
					"-l\"c++\"",
					"-l\"sqlite3.0\"",
					"-l\"stdc++.6.0.9\"",
					"-l\"z\"",
					"-framework",
					"\"AVFoundation\"",
					"-framework",
					"\"AudioToolbox\"",
					"-framework",
					"\"Bugly\"",
					"-framework",
					"\"CoreGraphics\"",
					"-framework",
					"\"CoreLocation\"",
					"-framework",
					"\"CoreMedia\"",
					"-framework",
					"\"CoreTelephony\"",
					"-framework",
					"\"CoreText\"",
					"-framework",
					"\"GLKit\"",
					"-framework",
					"\"IQKeyboardManager\"",
					"-framework",
					"\"Masonry\"",
					"-framework",
					"\"OpenGLES\"",
					"-framework",
					"\"QuartzCore\"",
					"-framework",
					"\"RTRootNavigationController\"",
					"-framework",
					"\"ReactiveCocoa\"",
					"-framework",
					"\"SystemConfiguration\"",
					"-framework",
					"\"VideoToolbox\"",
				);
				PRODUCT_BUNDLE_IDENTIFIER = org.easydarwin.easydarwinrtmp;
				PRODUCT_NAME = "$(TARGET_NAME)";
				PROVISIONING_PROFILE = "";
				PROVISIONING_PROFILE_SPECIFIER = "";
				TARGETED_DEVICE_FAMILY = 1;
				USER_HEADER_SEARCH_PATHS = "";
				VALID_ARCHS = "armv7 armv7s arm64";
			};
			name = Release;
		};
/* End XCBuildConfiguration section */

/* Begin XCConfigurationList section */
		F6C510251D858306001EB536 /* Build configuration list for PBXProject "EasyRTMP" */ = {
			isa = XCConfigurationList;
			buildConfigurations = (
				F6C5103F1D858306001EB536 /* Debug */,
				F6C510401D858306001EB536 /* Release */,
			);
			defaultConfigurationIsVisible = 0;
			defaultConfigurationName = Release;
		};
		F6C510411D858306001EB536 /* Build configuration list for PBXNativeTarget "EasyRTMP" */ = {
			isa = XCConfigurationList;
			buildConfigurations = (
				F6C510421D858306001EB536 /* Debug */,
				F6C510431D858306001EB536 /* Release */,
			);
			defaultConfigurationIsVisible = 0;
			defaultConfigurationName = Release;
		};
/* End XCConfigurationList section */
	};
	rootObject = F6C510221D858306001EB536 /* Project object */;
}
