// !$*UTF8*$!
{
	archiveVersion = 1;
	classes = {
	};
	objectVersion = 46;
	objects = {

/* Begin PBXBuildFile section */
		047A9DDB20F3448A003CC39F /* BaseViewController.m in Sources */ = {isa = PBXBuildFile; fileRef = 047A9DD920F34489003CC39F /* BaseViewController.m */; };
		047A9E0720F34BFE003CC39F /* Pods_EasyRTMP.framework in Frameworks */ = {isa = PBXBuildFile; fileRef = D94BD2DDB07309B15B104DE2 /* Pods_EasyRTMP.framework */; };
		047A9E0E20F36479003CC39F /* WebViewController.m in Sources */ = {isa = PBXBuildFile; fileRef = 047A9E0D20F36479003CC39F /* WebViewController.m */; };
		047A9E1220F37C25003CC39F /* ScanViewController.m in Sources */ = {isa = PBXBuildFile; fileRef = 047A9E1120F37C25003CC39F /* ScanViewController.m */; };
		047A9E1520F37E8F003CC39F /* RecordViewController.m in Sources */ = {isa = PBXBuildFile; fileRef = 047A9E1420F37E8F003CC39F /* RecordViewController.m */; };
		047E4E3521070B400050146A /* PlayRecordViewController.m in Sources */ = {isa = PBXBuildFile; fileRef = 047E4E3421070B400050146A /* PlayRecordViewController.m */; };
		04C61CA220F44B1500D755D9 /* ResolutionViewController2.m in Sources */ = {isa = PBXBuildFile; fileRef = 04C61CA120F44B1500D755D9 /* ResolutionViewController2.m */; };
		04C61CA620F45FBF00D755D9 /* VideoViewController.m in Sources */ = {isa = PBXBuildFile; fileRef = 04C61CA520F45FBF00D755D9 /* VideoViewController.m */; };
		04C61CAA20F484FD00D755D9 /* PromptView.m in Sources */ = {isa = PBXBuildFile; fileRef = 04C61CA920F484FD00D755D9 /* PromptView.m */; };
		04C61CAD20F4857D00D755D9 /* VideoCell.m in Sources */ = {isa = PBXBuildFile; fileRef = 04C61CAC20F4857D00D755D9 /* VideoCell.m */; };
		04C61CB020F48B5200D755D9 /* PhotoViewController.m in Sources */ = {isa = PBXBuildFile; fileRef = 04C61CAF20F48B5200D755D9 /* PhotoViewController.m */; };
		04DF407620F2FE120002EAB9 /* Main.storyboard in Resources */ = {isa = PBXBuildFile; fileRef = 04DF407420F2FE120002EAB9 /* Main.storyboard */; };
		04F7287820F2F26D0089EDCA /* main.m in Sources */ = {isa = PBXBuildFile; fileRef = 04F7287520F2F26D0089EDCA /* main.m */; };
		04F7287920F2F26D0089EDCA /* AppDelegate.m in Sources */ = {isa = PBXBuildFile; fileRef = 04F7287620F2F26D0089EDCA /* AppDelegate.m */; };
		66112AF6233392F000B33FC4 /* libstdc++.tbd in Frameworks */ = {isa = PBXBuildFile; fileRef = A1DBC62C1E8BA833001E25E8 /* libstdc++.tbd */; };
		661DD09B24E3D36200C64435 /* VideoPlayerController.m in Sources */ = {isa = PBXBuildFile; fileRef = 661DD09A24E3D36200C64435 /* VideoPlayerController.m */; };
		661DD6CE24E4056400C64435 /* libEasyRTMP-iOS-Library.a in Frameworks */ = {isa = PBXBuildFile; fileRef = 661DD63824E4056400C64435 /* libEasyRTMP-iOS-Library.a */; };
		666895CB24CB2E0400285715 /* SIMYOU.ttf in Resources */ = {isa = PBXBuildFile; fileRef = 666895CA24CB2E0300285715 /* SIMYOU.ttf */; };
		A1195C581E69A22300535E11 /* ResolutionViewController.m in Sources */ = {isa = PBXBuildFile; fileRef = A1195C561E69A22300535E11 /* ResolutionViewController.m */; };
		A1195C5D1E6A6FE200535E11 /* InfoViewController.m in Sources */ = {isa = PBXBuildFile; fileRef = A1195C5B1E6A6FE200535E11 /* InfoViewController.m */; };
		A1195D251E73A1BD00535E11 /* CoreTelephony.framework in Frameworks */ = {isa = PBXBuildFile; fileRef = A1195D241E73A1BD00535E11 /* CoreTelephony.framework */; };
		A1195D291E73D43200535E11 /* NetNotifieViewController.m in Sources */ = {isa = PBXBuildFile; fileRef = A1195D271E73D43200535E11 /* NetNotifieViewController.m */; };
		A175F55B1E24D32F00C76B21 /* SettingViewController.m in Sources */ = {isa = PBXBuildFile; fileRef = A175F55A1E24D32F00C76B21 /* SettingViewController.m */; };
		A1CBFC4B1E4F099900588740 /* AVFoundation.framework in Frameworks */ = {isa = PBXBuildFile; fileRef = A1CBFC4A1E4F099900588740 /* AVFoundation.framework */; };
		A1DBC62B1E8BA7EA001E25E8 /* libc++.tbd in Frameworks */ = {isa = PBXBuildFile; fileRef = A1DBC62A1E8BA7EA001E25E8 /* libc++.tbd */; };
		A1DBC6311E8BA886001E25E8 /* CFNetwork.framework in Frameworks */ = {isa = PBXBuildFile; fileRef = A1DBC6301E8BA886001E25E8 /* CFNetwork.framework */; };
		A1DBC6331E8BA8F8001E25E8 /* libicucore.tbd in Frameworks */ = {isa = PBXBuildFile; fileRef = A1DBC6321E8BA8F8001E25E8 /* libicucore.tbd */; };
		A1DBC6351E8BA90A001E25E8 /* libiconv.tbd in Frameworks */ = {isa = PBXBuildFile; fileRef = A1DBC6341E8BA90A001E25E8 /* libiconv.tbd */; };
		A1DBC6361E8BA91C001E25E8 /* libz.tbd in Frameworks */ = {isa = PBXBuildFile; fileRef = A1DBC62E1E8BA869001E25E8 /* libz.tbd */; };
		A1DBC6381E8BA92C001E25E8 /* libbz2.tbd in Frameworks */ = {isa = PBXBuildFile; fileRef = A1DBC6371E8BA92C001E25E8 /* libbz2.tbd */; };
		A1DBC63A1E8BA93C001E25E8 /* AudioToolbox.framework in Frameworks */ = {isa = PBXBuildFile; fileRef = A1DBC6391E8BA93C001E25E8 /* AudioToolbox.framework */; };
		A1DBC63C1E8BA94A001E25E8 /* VideoToolbox.framework in Frameworks */ = {isa = PBXBuildFile; fileRef = A1DBC63B1E8BA94A001E25E8 /* VideoToolbox.framework */; };
		A1DBC63E1E8BA95A001E25E8 /* SystemConfiguration.framework in Frameworks */ = {isa = PBXBuildFile; fileRef = A1DBC63D1E8BA95A001E25E8 /* SystemConfiguration.framework */; };
		A1DBC6551E8BDFE0001E25E8 /* Foundation.framework in Frameworks */ = {isa = PBXBuildFile; fileRef = A1DBC6541E8BDFE0001E25E8 /* Foundation.framework */; };
		F6C510351D858306001EB536 /* PushViewController.m in Sources */ = {isa = PBXBuildFile; fileRef = F6C510341D858306001EB536 /* PushViewController.m */; };
		F6C5103A1D858306001EB536 /* Assets.xcassets in Resources */ = {isa = PBXBuildFile; fileRef = F6C510391D858306001EB536 /* Assets.xcassets */; };
		F6C5103D1D858306001EB536 /* LaunchScreen.storyboard in Resources */ = {isa = PBXBuildFile; fileRef = F6C5103B1D858306001EB536 /* LaunchScreen.storyboard */; };
/* End PBXBuildFile section */

/* Begin PBXCopyFilesBuildPhase section */
		663578AC22C60A590075E217 /* Embed App Extensions */ = {
			isa = PBXCopyFilesBuildPhase;
			buildActionMask = 2147483647;
			dstPath = "";
			dstSubfolderSpec = 13;
			files = (
			);
			name = "Embed App Extensions";
			runOnlyForDeploymentPostprocessing = 0;
		};
/* End PBXCopyFilesBuildPhase section */

/* Begin PBXFileReference section */
		047A9DD920F34489003CC39F /* BaseViewController.m */ = {isa = PBXFileReference; fileEncoding = 4; lastKnownFileType = sourcecode.c.objc; path = BaseViewController.m; sourceTree = "<group>"; };
		047A9DDA20F3448A003CC39F /* BaseViewController.h */ = {isa = PBXFileReference; fileEncoding = 4; lastKnownFileType = sourcecode.c.h; path = BaseViewController.h; sourceTree = "<group>"; };
		047A9E0120F34B97003CC39F /* IQKeyboardManager.framework */ = {isa = PBXFileReference; explicitFileType = wrapper.framework; path = IQKeyboardManager.framework; sourceTree = BUILT_PRODUCTS_DIR; };
		047A9E0320F34B97003CC39F /* Masonry.framework */ = {isa = PBXFileReference; explicitFileType = wrapper.framework; path = Masonry.framework; sourceTree = BUILT_PRODUCTS_DIR; };
		047A9E0520F34B97003CC39F /* RTRootNavigationController.framework */ = {isa = PBXFileReference; explicitFileType = wrapper.framework; path = RTRootNavigationController.framework; sourceTree = BUILT_PRODUCTS_DIR; };
		047A9E0820F34E01003CC39F /* Security.framework */ = {isa = PBXFileReference; lastKnownFileType = wrapper.framework; name = Security.framework; path = System/Library/Frameworks/Security.framework; sourceTree = SDKROOT; };
		047A9E0A20F34E15003CC39F /* JavaScriptCore.framework */ = {isa = PBXFileReference; lastKnownFileType = wrapper.framework; name = JavaScriptCore.framework; path = System/Library/Frameworks/JavaScriptCore.framework; sourceTree = SDKROOT; };
		047A9E0C20F36479003CC39F /* WebViewController.h */ = {isa = PBXFileReference; lastKnownFileType = sourcecode.c.h; path = WebViewController.h; sourceTree = "<group>"; };
		047A9E0D20F36479003CC39F /* WebViewController.m */ = {isa = PBXFileReference; lastKnownFileType = sourcecode.c.objc; path = WebViewController.m; sourceTree = "<group>"; };
		047A9E1020F37C25003CC39F /* ScanViewController.h */ = {isa = PBXFileReference; lastKnownFileType = sourcecode.c.h; path = ScanViewController.h; sourceTree = "<group>"; };
		047A9E1120F37C25003CC39F /* ScanViewController.m */ = {isa = PBXFileReference; lastKnownFileType = sourcecode.c.objc; path = ScanViewController.m; sourceTree = "<group>"; };
		047A9E1320F37E8F003CC39F /* RecordViewController.h */ = {isa = PBXFileReference; lastKnownFileType = sourcecode.c.h; path = RecordViewController.h; sourceTree = "<group>"; };
		047A9E1420F37E8F003CC39F /* RecordViewController.m */ = {isa = PBXFileReference; lastKnownFileType = sourcecode.c.objc; path = RecordViewController.m; sourceTree = "<group>"; };
		047E4E3321070B400050146A /* PlayRecordViewController.h */ = {isa = PBXFileReference; fileEncoding = 4; lastKnownFileType = sourcecode.c.h; path = PlayRecordViewController.h; sourceTree = "<group>"; };
		047E4E3421070B400050146A /* PlayRecordViewController.m */ = {isa = PBXFileReference; fileEncoding = 4; lastKnownFileType = sourcecode.c.objc; path = PlayRecordViewController.m; sourceTree = "<group>"; };
		04C61CA020F44B1400D755D9 /* ResolutionViewController2.h */ = {isa = PBXFileReference; fileEncoding = 4; lastKnownFileType = sourcecode.c.h; path = ResolutionViewController2.h; sourceTree = "<group>"; };
		04C61CA120F44B1500D755D9 /* ResolutionViewController2.m */ = {isa = PBXFileReference; fileEncoding = 4; lastKnownFileType = sourcecode.c.objc; path = ResolutionViewController2.m; sourceTree = "<group>"; };
		04C61CA420F45FBF00D755D9 /* VideoViewController.h */ = {isa = PBXFileReference; lastKnownFileType = sourcecode.c.h; path = VideoViewController.h; sourceTree = "<group>"; };
		04C61CA520F45FBF00D755D9 /* VideoViewController.m */ = {isa = PBXFileReference; lastKnownFileType = sourcecode.c.objc; path = VideoViewController.m; sourceTree = "<group>"; };
		04C61CA820F484FD00D755D9 /* PromptView.h */ = {isa = PBXFileReference; fileEncoding = 4; lastKnownFileType = sourcecode.c.h; path = PromptView.h; sourceTree = "<group>"; };
		04C61CA920F484FD00D755D9 /* PromptView.m */ = {isa = PBXFileReference; fileEncoding = 4; lastKnownFileType = sourcecode.c.objc; path = PromptView.m; sourceTree = "<group>"; };
		04C61CAB20F4857D00D755D9 /* VideoCell.h */ = {isa = PBXFileReference; lastKnownFileType = sourcecode.c.h; path = VideoCell.h; sourceTree = "<group>"; };
		04C61CAC20F4857D00D755D9 /* VideoCell.m */ = {isa = PBXFileReference; lastKnownFileType = sourcecode.c.objc; path = VideoCell.m; sourceTree = "<group>"; };
		04C61CAE20F48B5200D755D9 /* PhotoViewController.h */ = {isa = PBXFileReference; lastKnownFileType = sourcecode.c.h; path = PhotoViewController.h; sourceTree = "<group>"; };
		04C61CAF20F48B5200D755D9 /* PhotoViewController.m */ = {isa = PBXFileReference; lastKnownFileType = sourcecode.c.objc; path = PhotoViewController.m; sourceTree = "<group>"; };
		04DF407520F2FE120002EAB9 /* Base */ = {isa = PBXFileReference; lastKnownFileType = file.storyboard; name = Base; path = Base.lproj/Main.storyboard; sourceTree = "<group>"; };
		04DF407720F30F760002EAB9 /* PrefixHeader.pch */ = {isa = PBXFileReference; lastKnownFileType = sourcecode.c.h; path = PrefixHeader.pch; sourceTree = "<group>"; };
		04F7287420F2F26D0089EDCA /* AppDelegate.h */ = {isa = PBXFileReference; fileEncoding = 4; lastKnownFileType = sourcecode.c.h; path = AppDelegate.h; sourceTree = "<group>"; };
		04F7287520F2F26D0089EDCA /* main.m */ = {isa = PBXFileReference; fileEncoding = 4; lastKnownFileType = sourcecode.c.objc; path = main.m; sourceTree = "<group>"; };
		04F7287620F2F26D0089EDCA /* AppDelegate.m */ = {isa = PBXFileReference; fileEncoding = 4; lastKnownFileType = sourcecode.c.objc; path = AppDelegate.m; sourceTree = "<group>"; };
		04F7287720F2F26D0089EDCA /* Info.plist */ = {isa = PBXFileReference; fileEncoding = 4; lastKnownFileType = text.plist.xml; path = Info.plist; sourceTree = "<group>"; };
		1DDF0159A3C68E6B998F514C /* Pods-EasyRTMP.release.xcconfig */ = {isa = PBXFileReference; includeInIndex = 1; lastKnownFileType = text.xcconfig; name = "Pods-EasyRTMP.release.xcconfig"; path = "Pods/Target Support Files/Pods-EasyRTMP/Pods-EasyRTMP.release.xcconfig"; sourceTree = "<group>"; };
		661DD09924E3D36000C64435 /* VideoPlayerController.h */ = {isa = PBXFileReference; fileEncoding = 4; lastKnownFileType = sourcecode.c.h; path = VideoPlayerController.h; sourceTree = "<group>"; };
		661DD09A24E3D36200C64435 /* VideoPlayerController.m */ = {isa = PBXFileReference; fileEncoding = 4; lastKnownFileType = sourcecode.c.objc; path = VideoPlayerController.m; sourceTree = "<group>"; };
		661DD2F224E3EFBE00C64435 /* EasyRTMP_iOS_library.framework */ = {isa = PBXFileReference; lastKnownFileType = wrapper.framework; name = EasyRTMP_iOS_library.framework; path = EasyRTMP/EasyRTMP_iOS_library.framework; sourceTree = "<group>"; };
		661DD63824E4056400C64435 /* libEasyRTMP-iOS-Library.a */ = {isa = PBXFileReference; lastKnownFileType = archive.ar; path = "libEasyRTMP-iOS-Library.a"; sourceTree = "<group>"; };
		661DD63B24E4056400C64435 /* version.h */ = {isa = PBXFileReference; fileEncoding = 4; lastKnownFileType = sourcecode.c.h; path = version.h; sourceTree = "<group>"; };
		661DD63C24E4056400C64435 /* buffersrc.h */ = {isa = PBXFileReference; fileEncoding = 4; lastKnownFileType = sourcecode.c.h; path = buffersrc.h; sourceTree = "<group>"; };
		661DD63D24E4056400C64435 /* buffersink.h */ = {isa = PBXFileReference; fileEncoding = 4; lastKnownFileType = sourcecode.c.h; path = buffersink.h; sourceTree = "<group>"; };
		661DD63E24E4056400C64435 /* avfilter.h */ = {isa = PBXFileReference; fileEncoding = 4; lastKnownFileType = sourcecode.c.h; path = avfilter.h; sourceTree = "<group>"; };
		661DD63F24E4056400C64435 /* avfiltergraph.h */ = {isa = PBXFileReference; fileEncoding = 4; lastKnownFileType = sourcecode.c.h; path = avfiltergraph.h; sourceTree = "<group>"; };
		661DD64124E4056400C64435 /* hwcontext.h */ = {isa = PBXFileReference; fileEncoding = 4; lastKnownFileType = sourcecode.c.h; path = hwcontext.h; sourceTree = "<group>"; };
		661DD64224E4056400C64435 /* time.h */ = {isa = PBXFileReference; fileEncoding = 4; lastKnownFileType = sourcecode.c.h; path = time.h; sourceTree = "<group>"; };
		661DD64324E4056400C64435 /* hwcontext_cuda.h */ = {isa = PBXFileReference; fileEncoding = 4; lastKnownFileType = sourcecode.c.h; path = hwcontext_cuda.h; sourceTree = "<group>"; };
		661DD64424E4056400C64435 /* intfloat.h */ = {isa = PBXFileReference; fileEncoding = 4; lastKnownFileType = sourcecode.c.h; path = intfloat.h; sourceTree = "<group>"; };
		661DD64524E4056400C64435 /* error.h */ = {isa = PBXFileReference; fileEncoding = 4; lastKnownFileType = sourcecode.c.h; path = error.h; sourceTree = "<group>"; };
		661DD64624E4056400C64435 /* fifo.h */ = {isa = PBXFileReference; fileEncoding = 4; lastKnownFileType = sourcecode.c.h; path = fifo.h; sourceTree = "<group>"; };
		661DD64724E4056400C64435 /* blowfish.h */ = {isa = PBXFileReference; fileEncoding = 4; lastKnownFileType = sourcecode.c.h; path = blowfish.h; sourceTree = "<group>"; };
		661DD64824E4056400C64435 /* replaygain.h */ = {isa = PBXFileReference; fileEncoding = 4; lastKnownFileType = sourcecode.c.h; path = replaygain.h; sourceTree = "<group>"; };
		661DD64924E4056400C64435 /* version.h */ = {isa = PBXFileReference; fileEncoding = 4; lastKnownFileType = sourcecode.c.h; path = version.h; sourceTree = "<group>"; };
		661DD64A24E4056400C64435 /* murmur3.h */ = {isa = PBXFileReference; fileEncoding = 4; lastKnownFileType = sourcecode.c.h; path = murmur3.h; sourceTree = "<group>"; };
		661DD64B24E4056400C64435 /* stereo3d.h */ = {isa = PBXFileReference; fileEncoding = 4; lastKnownFileType = sourcecode.c.h; path = stereo3d.h; sourceTree = "<group>"; };
		661DD64C24E4056400C64435 /* samplefmt.h */ = {isa = PBXFileReference; fileEncoding = 4; lastKnownFileType = sourcecode.c.h; path = samplefmt.h; sourceTree = "<group>"; };
		661DD64D24E4056400C64435 /* pixdesc.h */ = {isa = PBXFileReference; fileEncoding = 4; lastKnownFileType = sourcecode.c.h; path = pixdesc.h; sourceTree = "<group>"; };
		661DD64E24E4056400C64435 /* base64.h */ = {isa = PBXFileReference; fileEncoding = 4; lastKnownFileType = sourcecode.c.h; path = base64.h; sourceTree = "<group>"; };
		661DD64F24E4056400C64435 /* rational.h */ = {isa = PBXFileReference; fileEncoding = 4; lastKnownFileType = sourcecode.c.h; path = rational.h; sourceTree = "<group>"; };
		661DD65024E4056400C64435 /* sha.h */ = {isa = PBXFileReference; fileEncoding = 4; lastKnownFileType = sourcecode.c.h; path = sha.h; sourceTree = "<group>"; };
		661DD65124E4056400C64435 /* motion_vector.h */ = {isa = PBXFileReference; fileEncoding = 4; lastKnownFileType = sourcecode.c.h; path = motion_vector.h; sourceTree = "<group>"; };
		661DD65224E4056400C64435 /* avconfig.h */ = {isa = PBXFileReference; fileEncoding = 4; lastKnownFileType = sourcecode.c.h; path = avconfig.h; sourceTree = "<group>"; };
		661DD65324E4056400C64435 /* lfg.h */ = {isa = PBXFileReference; fileEncoding = 4; lastKnownFileType = sourcecode.c.h; path = lfg.h; sourceTree = "<group>"; };
		661DD65424E4056400C64435 /* avutil.h */ = {isa = PBXFileReference; fileEncoding = 4; lastKnownFileType = sourcecode.c.h; path = avutil.h; sourceTree = "<group>"; };
		661DD65524E4056400C64435 /* xtea.h */ = {isa = PBXFileReference; fileEncoding = 4; lastKnownFileType = sourcecode.c.h; path = xtea.h; sourceTree = "<group>"; };
		661DD65624E4056400C64435 /* crc.h */ = {isa = PBXFileReference; fileEncoding = 4; lastKnownFileType = sourcecode.c.h; path = crc.h; sourceTree = "<group>"; };
		661DD65724E4056400C64435 /* hwcontext_vdpau.h */ = {isa = PBXFileReference; fileEncoding = 4; lastKnownFileType = sourcecode.c.h; path = hwcontext_vdpau.h; sourceTree = "<group>"; };
		661DD65824E4056400C64435 /* frame.h */ = {isa = PBXFileReference; fileEncoding = 4; lastKnownFileType = sourcecode.c.h; path = frame.h; sourceTree = "<group>"; };
		661DD65924E4056400C64435 /* file.h */ = {isa = PBXFileReference; fileEncoding = 4; lastKnownFileType = sourcecode.c.h; path = file.h; sourceTree = "<group>"; };
		661DD65A24E4056400C64435 /* md5.h */ = {isa = PBXFileReference; fileEncoding = 4; lastKnownFileType = sourcecode.c.h; path = md5.h; sourceTree = "<group>"; };
		661DD65B24E4056400C64435 /* cast5.h */ = {isa = PBXFileReference; fileEncoding = 4; lastKnownFileType = sourcecode.c.h; path = cast5.h; sourceTree = "<group>"; };
		661DD65C24E4056400C64435 /* hwcontext_vaapi.h */ = {isa = PBXFileReference; fileEncoding = 4; lastKnownFileType = sourcecode.c.h; path = hwcontext_vaapi.h; sourceTree = "<group>"; };
		661DD65D24E4056400C64435 /* spherical.h */ = {isa = PBXFileReference; fileEncoding = 4; lastKnownFileType = sourcecode.c.h; path = spherical.h; sourceTree = "<group>"; };
		661DD65E24E4056400C64435 /* ffversion.h */ = {isa = PBXFileReference; fileEncoding = 4; lastKnownFileType = sourcecode.c.h; path = ffversion.h; sourceTree = "<group>"; };
		661DD65F24E4056400C64435 /* audio_fifo.h */ = {isa = PBXFileReference; fileEncoding = 4; lastKnownFileType = sourcecode.c.h; path = audio_fifo.h; sourceTree = "<group>"; };
		661DD66024E4056400C64435 /* tree.h */ = {isa = PBXFileReference; fileEncoding = 4; lastKnownFileType = sourcecode.c.h; path = tree.h; sourceTree = "<group>"; };
		661DD66124E4056400C64435 /* threadmessage.h */ = {isa = PBXFileReference; fileEncoding = 4; lastKnownFileType = sourcecode.c.h; path = threadmessage.h; sourceTree = "<group>"; };
		661DD66224E4056400C64435 /* attributes.h */ = {isa = PBXFileReference; fileEncoding = 4; lastKnownFileType = sourcecode.c.h; path = attributes.h; sourceTree = "<group>"; };
		661DD66324E4056400C64435 /* adler32.h */ = {isa = PBXFileReference; fileEncoding = 4; lastKnownFileType = sourcecode.c.h; path = adler32.h; sourceTree = "<group>"; };
		661DD66424E4056400C64435 /* hwcontext_d3d11va.h */ = {isa = PBXFileReference; fileEncoding = 4; lastKnownFileType = sourcecode.c.h; path = hwcontext_d3d11va.h; sourceTree = "<group>"; };
		661DD66524E4056400C64435 /* timecode.h */ = {isa = PBXFileReference; fileEncoding = 4; lastKnownFileType = sourcecode.c.h; path = timecode.h; sourceTree = "<group>"; };
		661DD66624E4056400C64435 /* sha512.h */ = {isa = PBXFileReference; fileEncoding = 4; lastKnownFileType = sourcecode.c.h; path = sha512.h; sourceTree = "<group>"; };
		661DD66724E4056400C64435 /* hwcontext_dxva2.h */ = {isa = PBXFileReference; fileEncoding = 4; lastKnownFileType = sourcecode.c.h; path = hwcontext_dxva2.h; sourceTree = "<group>"; };
		661DD66824E4056400C64435 /* display.h */ = {isa = PBXFileReference; fileEncoding = 4; lastKnownFileType = sourcecode.c.h; path = display.h; sourceTree = "<group>"; };
		661DD66924E4056400C64435 /* buffer.h */ = {isa = PBXFileReference; fileEncoding = 4; lastKnownFileType = sourcecode.c.h; path = buffer.h; sourceTree = "<group>"; };
		661DD66A24E4056400C64435 /* camellia.h */ = {isa = PBXFileReference; fileEncoding = 4; lastKnownFileType = sourcecode.c.h; path = camellia.h; sourceTree = "<group>"; };
		661DD66B24E4056400C64435 /* pixelutils.h */ = {isa = PBXFileReference; fileEncoding = 4; lastKnownFileType = sourcecode.c.h; path = pixelutils.h; sourceTree = "<group>"; };
		661DD66C24E4056400C64435 /* hwcontext_drm.h */ = {isa = PBXFileReference; fileEncoding = 4; lastKnownFileType = sourcecode.c.h; path = hwcontext_drm.h; sourceTree = "<group>"; };
		661DD66D24E4056400C64435 /* common.h */ = {isa = PBXFileReference; fileEncoding = 4; lastKnownFileType = sourcecode.c.h; path = common.h; sourceTree = "<group>"; };
		661DD66E24E4056400C64435 /* hmac.h */ = {isa = PBXFileReference; fileEncoding = 4; lastKnownFileType = sourcecode.c.h; path = hmac.h; sourceTree = "<group>"; };
		661DD66F24E4056400C64435 /* eval.h */ = {isa = PBXFileReference; fileEncoding = 4; lastKnownFileType = sourcecode.c.h; path = eval.h; sourceTree = "<group>"; };
		661DD67024E4056400C64435 /* dict.h */ = {isa = PBXFileReference; fileEncoding = 4; lastKnownFileType = sourcecode.c.h; path = dict.h; sourceTree = "<group>"; };
		661DD67124E4056400C64435 /* random_seed.h */ = {isa = PBXFileReference; fileEncoding = 4; lastKnownFileType = sourcecode.c.h; path = random_seed.h; sourceTree = "<group>"; };
		661DD67224E4056400C64435 /* opt.h */ = {isa = PBXFileReference; fileEncoding = 4; lastKnownFileType = sourcecode.c.h; path = opt.h; sourceTree = "<group>"; };
		661DD67324E4056400C64435 /* mastering_display_metadata.h */ = {isa = PBXFileReference; fileEncoding = 4; lastKnownFileType = sourcecode.c.h; path = mastering_display_metadata.h; sourceTree = "<group>"; };
		661DD67424E4056400C64435 /* log.h */ = {isa = PBXFileReference; fileEncoding = 4; lastKnownFileType = sourcecode.c.h; path = log.h; sourceTree = "<group>"; };
		661DD67524E4056400C64435 /* aes.h */ = {isa = PBXFileReference; fileEncoding = 4; lastKnownFileType = sourcecode.c.h; path = aes.h; sourceTree = "<group>"; };
		661DD67624E4056400C64435 /* macros.h */ = {isa = PBXFileReference; fileEncoding = 4; lastKnownFileType = sourcecode.c.h; path = macros.h; sourceTree = "<group>"; };
		661DD67724E4056400C64435 /* bswap.h */ = {isa = PBXFileReference; fileEncoding = 4; lastKnownFileType = sourcecode.c.h; path = bswap.h; sourceTree = "<group>"; };
		661DD67824E4056400C64435 /* rc4.h */ = {isa = PBXFileReference; fileEncoding = 4; lastKnownFileType = sourcecode.c.h; path = rc4.h; sourceTree = "<group>"; };
		661DD67924E4056400C64435 /* tea.h */ = {isa = PBXFileReference; fileEncoding = 4; lastKnownFileType = sourcecode.c.h; path = tea.h; sourceTree = "<group>"; };
		661DD67A24E4056400C64435 /* cpu.h */ = {isa = PBXFileReference; fileEncoding = 4; lastKnownFileType = sourcecode.c.h; path = cpu.h; sourceTree = "<group>"; };
		661DD67B24E4056400C64435 /* lzo.h */ = {isa = PBXFileReference; fileEncoding = 4; lastKnownFileType = sourcecode.c.h; path = lzo.h; sourceTree = "<group>"; };
		661DD67C24E4056400C64435 /* des.h */ = {isa = PBXFileReference; fileEncoding = 4; lastKnownFileType = sourcecode.c.h; path = des.h; sourceTree = "<group>"; };
		661DD67D24E4056400C64435 /* channel_layout.h */ = {isa = PBXFileReference; fileEncoding = 4; lastKnownFileType = sourcecode.c.h; path = channel_layout.h; sourceTree = "<group>"; };
		661DD67E24E4056400C64435 /* twofish.h */ = {isa = PBXFileReference; fileEncoding = 4; lastKnownFileType = sourcecode.c.h; path = twofish.h; sourceTree = "<group>"; };
		661DD67F24E4056400C64435 /* imgutils.h */ = {isa = PBXFileReference; fileEncoding = 4; lastKnownFileType = sourcecode.c.h; path = imgutils.h; sourceTree = "<group>"; };
		661DD68024E4056400C64435 /* hwcontext_videotoolbox.h */ = {isa = PBXFileReference; fileEncoding = 4; lastKnownFileType = sourcecode.c.h; path = hwcontext_videotoolbox.h; sourceTree = "<group>"; };
		661DD68124E4056400C64435 /* mem.h */ = {isa = PBXFileReference; fileEncoding = 4; lastKnownFileType = sourcecode.c.h; path = mem.h; sourceTree = "<group>"; };
		661DD68224E4056400C64435 /* parseutils.h */ = {isa = PBXFileReference; fileEncoding = 4; lastKnownFileType = sourcecode.c.h; path = parseutils.h; sourceTree = "<group>"; };
		661DD68324E4056400C64435 /* ripemd.h */ = {isa = PBXFileReference; fileEncoding = 4; lastKnownFileType = sourcecode.c.h; path = ripemd.h; sourceTree = "<group>"; };
		661DD68424E4056400C64435 /* bprint.h */ = {isa = PBXFileReference; fileEncoding = 4; lastKnownFileType = sourcecode.c.h; path = bprint.h; sourceTree = "<group>"; };
		661DD68524E4056400C64435 /* hwcontext_qsv.h */ = {isa = PBXFileReference; fileEncoding = 4; lastKnownFileType = sourcecode.c.h; path = hwcontext_qsv.h; sourceTree = "<group>"; };
		661DD68624E4056400C64435 /* pixfmt.h */ = {isa = PBXFileReference; fileEncoding = 4; lastKnownFileType = sourcecode.c.h; path = pixfmt.h; sourceTree = "<group>"; };
		661DD68724E4056400C64435 /* aes_ctr.h */ = {isa = PBXFileReference; fileEncoding = 4; lastKnownFileType = sourcecode.c.h; path = aes_ctr.h; sourceTree = "<group>"; };
		661DD68824E4056400C64435 /* timestamp.h */ = {isa = PBXFileReference; fileEncoding = 4; lastKnownFileType = sourcecode.c.h; path = timestamp.h; sourceTree = "<group>"; };
		661DD68924E4056400C64435 /* downmix_info.h */ = {isa = PBXFileReference; fileEncoding = 4; lastKnownFileType = sourcecode.c.h; path = downmix_info.h; sourceTree = "<group>"; };
		661DD68A24E4056400C64435 /* avassert.h */ = {isa = PBXFileReference; fileEncoding = 4; lastKnownFileType = sourcecode.c.h; path = avassert.h; sourceTree = "<group>"; };
		661DD68B24E4056400C64435 /* hash.h */ = {isa = PBXFileReference; fileEncoding = 4; lastKnownFileType = sourcecode.c.h; path = hash.h; sourceTree = "<group>"; };
		661DD68C24E4056400C64435 /* mathematics.h */ = {isa = PBXFileReference; fileEncoding = 4; lastKnownFileType = sourcecode.c.h; path = mathematics.h; sourceTree = "<group>"; };
		661DD68D24E4056400C64435 /* intreadwrite.h */ = {isa = PBXFileReference; fileEncoding = 4; lastKnownFileType = sourcecode.c.h; path = intreadwrite.h; sourceTree = "<group>"; };
		661DD68E24E4056400C64435 /* avstring.h */ = {isa = PBXFileReference; fileEncoding = 4; lastKnownFileType = sourcecode.c.h; path = avstring.h; sourceTree = "<group>"; };
		661DD69024E4056400C64435 /* version.h */ = {isa = PBXFileReference; fileEncoding = 4; lastKnownFileType = sourcecode.c.h; path = version.h; sourceTree = "<group>"; };
		661DD69124E4056400C64435 /* avdevice.h */ = {isa = PBXFileReference; fileEncoding = 4; lastKnownFileType = sourcecode.c.h; path = avdevice.h; sourceTree = "<group>"; };
		661DD69324E4056400C64435 /* version.h */ = {isa = PBXFileReference; fileEncoding = 4; lastKnownFileType = sourcecode.c.h; path = version.h; sourceTree = "<group>"; };
		661DD69424E4056400C64435 /* avio.h */ = {isa = PBXFileReference; fileEncoding = 4; lastKnownFileType = sourcecode.c.h; path = avio.h; sourceTree = "<group>"; };
		661DD69524E4056400C64435 /* avformat.h */ = {isa = PBXFileReference; fileEncoding = 4; lastKnownFileType = sourcecode.c.h; path = avformat.h; sourceTree = "<group>"; };
		661DD69724E4056400C64435 /* version.h */ = {isa = PBXFileReference; fileEncoding = 4; lastKnownFileType = sourcecode.c.h; path = version.h; sourceTree = "<group>"; };
		661DD69824E4056400C64435 /* swscale.h */ = {isa = PBXFileReference; fileEncoding = 4; lastKnownFileType = sourcecode.c.h; path = swscale.h; sourceTree = "<group>"; };
		661DD69A24E4056400C64435 /* avcodec.h */ = {isa = PBXFileReference; fileEncoding = 4; lastKnownFileType = sourcecode.c.h; path = avcodec.h; sourceTree = "<group>"; };
		661DD69B24E4056400C64435 /* version.h */ = {isa = PBXFileReference; fileEncoding = 4; lastKnownFileType = sourcecode.c.h; path = version.h; sourceTree = "<group>"; };
		661DD69C24E4056400C64435 /* vdpau.h */ = {isa = PBXFileReference; fileEncoding = 4; lastKnownFileType = sourcecode.c.h; path = vdpau.h; sourceTree = "<group>"; };
		661DD69D24E4056400C64435 /* qsv.h */ = {isa = PBXFileReference; fileEncoding = 4; lastKnownFileType = sourcecode.c.h; path = qsv.h; sourceTree = "<group>"; };
		661DD69E24E4056400C64435 /* vaapi.h */ = {isa = PBXFileReference; fileEncoding = 4; lastKnownFileType = sourcecode.c.h; path = vaapi.h; sourceTree = "<group>"; };
		661DD69F24E4056400C64435 /* videotoolbox.h */ = {isa = PBXFileReference; fileEncoding = 4; lastKnownFileType = sourcecode.c.h; path = videotoolbox.h; sourceTree = "<group>"; };
		661DD6A024E4056400C64435 /* xvmc.h */ = {isa = PBXFileReference; fileEncoding = 4; lastKnownFileType = sourcecode.c.h; path = xvmc.h; sourceTree = "<group>"; };
		661DD6A124E4056400C64435 /* mediacodec.h */ = {isa = PBXFileReference; fileEncoding = 4; lastKnownFileType = sourcecode.c.h; path = mediacodec.h; sourceTree = "<group>"; };
		661DD6A224E4056400C64435 /* d3d11va.h */ = {isa = PBXFileReference; fileEncoding = 4; lastKnownFileType = sourcecode.c.h; path = d3d11va.h; sourceTree = "<group>"; };
		661DD6A324E4056400C64435 /* avfft.h */ = {isa = PBXFileReference; fileEncoding = 4; lastKnownFileType = sourcecode.c.h; path = avfft.h; sourceTree = "<group>"; };
		661DD6A424E4056400C64435 /* vda.h */ = {isa = PBXFileReference; fileEncoding = 4; lastKnownFileType = sourcecode.c.h; path = vda.h; sourceTree = "<group>"; };
		661DD6A524E4056400C64435 /* jni.h */ = {isa = PBXFileReference; fileEncoding = 4; lastKnownFileType = sourcecode.c.h; path = jni.h; sourceTree = "<group>"; };
		661DD6A624E4056400C64435 /* dirac.h */ = {isa = PBXFileReference; fileEncoding = 4; lastKnownFileType = sourcecode.c.h; path = dirac.h; sourceTree = "<group>"; };
		661DD6A724E4056400C64435 /* avdct.h */ = {isa = PBXFileReference; fileEncoding = 4; lastKnownFileType = sourcecode.c.h; path = avdct.h; sourceTree = "<group>"; };
		661DD6A824E4056400C64435 /* vorbis_parser.h */ = {isa = PBXFileReference; fileEncoding = 4; lastKnownFileType = sourcecode.c.h; path = vorbis_parser.h; sourceTree = "<group>"; };
		661DD6A924E4056400C64435 /* dxva2.h */ = {isa = PBXFileReference; fileEncoding = 4; lastKnownFileType = sourcecode.c.h; path = dxva2.h; sourceTree = "<group>"; };
		661DD6AA24E4056400C64435 /* dv_profile.h */ = {isa = PBXFileReference; fileEncoding = 4; lastKnownFileType = sourcecode.c.h; path = dv_profile.h; sourceTree = "<group>"; };
		661DD6AC24E4056400C64435 /* version.h */ = {isa = PBXFileReference; fileEncoding = 4; lastKnownFileType = sourcecode.c.h; path = version.h; sourceTree = "<group>"; };
		661DD6AD24E4056400C64435 /* swresample.h */ = {isa = PBXFileReference; fileEncoding = 4; lastKnownFileType = sourcecode.c.h; path = swresample.h; sourceTree = "<group>"; };
		661DD6AF24E4056400C64435 /* MuxerToVideo.h */ = {isa = PBXFileReference; fileEncoding = 4; lastKnownFileType = sourcecode.c.h; path = MuxerToVideo.h; sourceTree = "<group>"; };
		661DD6B024E4056400C64435 /* H264Packet.h */ = {isa = PBXFileReference; fileEncoding = 4; lastKnownFileType = sourcecode.c.h; path = H264Packet.h; sourceTree = "<group>"; };
		661DD6B124E4056400C64435 /* AACEncoder.h */ = {isa = PBXFileReference; fileEncoding = 4; lastKnownFileType = sourcecode.c.h; path = AACEncoder.h; sourceTree = "<group>"; };
		661DD6B224E4056400C64435 /* URLModel.h */ = {isa = PBXFileReference; fileEncoding = 4; lastKnownFileType = sourcecode.c.h; path = URLModel.h; sourceTree = "<group>"; };
		661DD6B324E4056400C64435 /* KxMovieDecoder.h */ = {isa = PBXFileReference; fileEncoding = 4; lastKnownFileType = sourcecode.c.h; path = KxMovieDecoder.h; sourceTree = "<group>"; };
		661DD6B424E4056400C64435 /* CameraEncoder.h */ = {isa = PBXFileReference; fileEncoding = 4; lastKnownFileType = sourcecode.c.h; path = CameraEncoder.h; sourceTree = "<group>"; };
		661DD6B524E4056400C64435 /* H264HWEncoder.h */ = {isa = PBXFileReference; fileEncoding = 4; lastKnownFileType = sourcecode.c.h; path = H264HWEncoder.h; sourceTree = "<group>"; };
		661DD6B624E4056400C64435 /* AudioManager.h */ = {isa = PBXFileReference; fileEncoding = 4; lastKnownFileType = sourcecode.c.h; path = AudioManager.h; sourceTree = "<group>"; };
		661DD6B724E4056400C64435 /* EasyAudioDecoder.h */ = {isa = PBXFileReference; fileEncoding = 4; lastKnownFileType = sourcecode.c.h; path = EasyAudioDecoder.h; sourceTree = "<group>"; };
		661DD6B824E4056400C64435 /* Muxer.h */ = {isa = PBXFileReference; fileEncoding = 4; lastKnownFileType = sourcecode.c.h; path = Muxer.h; sourceTree = "<group>"; };
		661DD6B924E4056400C64435 /* EasyTypes.h */ = {isa = PBXFileReference; fileEncoding = 4; lastKnownFileType = sourcecode.c.h; path = EasyTypes.h; sourceTree = "<group>"; };
		661DD6BA24E4056400C64435 /* EasyRTMPAPI.h */ = {isa = PBXFileReference; fileEncoding = 4; lastKnownFileType = sourcecode.c.h; path = EasyRTMPAPI.h; sourceTree = "<group>"; };
		661DD6BB24E4056400C64435 /* x264_config.h */ = {isa = PBXFileReference; fileEncoding = 4; lastKnownFileType = sourcecode.c.h; path = x264_config.h; sourceTree = "<group>"; };
		661DD6BC24E4056400C64435 /* EasyRTMPClientAPI.h */ = {isa = PBXFileReference; fileEncoding = 4; lastKnownFileType = sourcecode.c.h; path = EasyRTMPClientAPI.h; sourceTree = "<group>"; };
		661DD6BD24E4056400C64435 /* VideoDecode.h */ = {isa = PBXFileReference; fileEncoding = 4; lastKnownFileType = sourcecode.c.h; path = VideoDecode.h; sourceTree = "<group>"; };
		661DD6BE24E4056400C64435 /* URLTool.h */ = {isa = PBXFileReference; fileEncoding = 4; lastKnownFileType = sourcecode.c.h; path = URLTool.h; sourceTree = "<group>"; };
		661DD6BF24E4056400C64435 /* PathUnit.h */ = {isa = PBXFileReference; fileEncoding = 4; lastKnownFileType = sourcecode.c.h; path = PathUnit.h; sourceTree = "<group>"; };
		661DD6C024E4056400C64435 /* X264Encoder.h */ = {isa = PBXFileReference; fileEncoding = 4; lastKnownFileType = sourcecode.c.h; path = X264Encoder.h; sourceTree = "<group>"; };
		661DD6C124E4056400C64435 /* AVAssetWriteManager.h */ = {isa = PBXFileReference; fileEncoding = 4; lastKnownFileType = sourcecode.c.h; path = AVAssetWriteManager.h; sourceTree = "<group>"; };
		661DD6C224E4056400C64435 /* x264.h */ = {isa = PBXFileReference; fileEncoding = 4; lastKnownFileType = sourcecode.c.h; path = x264.h; sourceTree = "<group>"; };
		661DD6C324E4056400C64435 /* HWVideoDecoder.h */ = {isa = PBXFileReference; fileEncoding = 4; lastKnownFileType = sourcecode.c.h; path = HWVideoDecoder.h; sourceTree = "<group>"; };
		661DD6C424E4056400C64435 /* KxMovieGLView.h */ = {isa = PBXFileReference; fileEncoding = 4; lastKnownFileType = sourcecode.c.h; path = KxMovieGLView.h; sourceTree = "<group>"; };
		661DD6C524E4056400C64435 /* FolderUtil.h */ = {isa = PBXFileReference; fileEncoding = 4; lastKnownFileType = sourcecode.c.h; path = FolderUtil.h; sourceTree = "<group>"; };
		661DD6C624E4056400C64435 /* VideoView.h */ = {isa = PBXFileReference; fileEncoding = 4; lastKnownFileType = sourcecode.c.h; path = VideoView.h; sourceTree = "<group>"; };
		661DD6C724E4056400C64435 /* g711.h */ = {isa = PBXFileReference; fileEncoding = 4; lastKnownFileType = sourcecode.c.h; path = g711.h; sourceTree = "<group>"; };
		661DD6C824E4056400C64435 /* XCFileManager.h */ = {isa = PBXFileReference; fileEncoding = 4; lastKnownFileType = sourcecode.c.h; path = XCFileManager.h; sourceTree = "<group>"; };
		661DD6C924E4056400C64435 /* UIColor+HexColor.h */ = {isa = PBXFileReference; fileEncoding = 4; lastKnownFileType = sourcecode.c.h; path = "UIColor+HexColor.h"; sourceTree = "<group>"; };
		661DD6CA24E4056400C64435 /* PlayerDataReader.h */ = {isa = PBXFileReference; fileEncoding = 4; lastKnownFileType = sourcecode.c.h; path = PlayerDataReader.h; sourceTree = "<group>"; };
		661DD6CB24E4056400C64435 /* MuxerToMP4.h */ = {isa = PBXFileReference; fileEncoding = 4; lastKnownFileType = sourcecode.c.h; path = MuxerToMP4.h; sourceTree = "<group>"; };
		661DD6CC24E4056400C64435 /* AACDecoder.h */ = {isa = PBXFileReference; fileEncoding = 4; lastKnownFileType = sourcecode.c.h; path = AACDecoder.h; sourceTree = "<group>"; };
		661DD6CD24E4056400C64435 /* VideoPanel.h */ = {isa = PBXFileReference; fileEncoding = 4; lastKnownFileType = sourcecode.c.h; path = VideoPanel.h; sourceTree = "<group>"; };
		6635788C22C60A590075E217 /* ReplayKit.framework */ = {isa = PBXFileReference; lastKnownFileType = wrapper.framework; name = ReplayKit.framework; path = System/Library/Frameworks/ReplayKit.framework; sourceTree = SDKROOT; };
		6635789922C60A590075E217 /* UIKit.framework */ = {isa = PBXFileReference; lastKnownFileType = wrapper.framework; name = UIKit.framework; path = System/Library/Frameworks/UIKit.framework; sourceTree = SDKROOT; };
		6635795F22C60CF30075E217 /* EasyRTMP.entitlements */ = {isa = PBXFileReference; lastKnownFileType = text.plist.entitlements; path = EasyRTMP.entitlements; sourceTree = "<group>"; };
		666895CA24CB2E0300285715 /* SIMYOU.ttf */ = {isa = PBXFileReference; lastKnownFileType = file; path = SIMYOU.ttf; sourceTree = "<group>"; };
		972B5E7907C06A56F27D883B /* Pods-EasyRTMP.debug.xcconfig */ = {isa = PBXFileReference; includeInIndex = 1; lastKnownFileType = text.xcconfig; name = "Pods-EasyRTMP.debug.xcconfig"; path = "Pods/Target Support Files/Pods-EasyRTMP/Pods-EasyRTMP.debug.xcconfig"; sourceTree = "<group>"; };
		A1195C551E69A22300535E11 /* ResolutionViewController.h */ = {isa = PBXFileReference; fileEncoding = 4; lastKnownFileType = sourcecode.c.h; path = ResolutionViewController.h; sourceTree = "<group>"; };
		A1195C561E69A22300535E11 /* ResolutionViewController.m */ = {isa = PBXFileReference; fileEncoding = 4; lastKnownFileType = sourcecode.c.objc; path = ResolutionViewController.m; sourceTree = "<group>"; };
		A1195C5A1E6A6FE200535E11 /* InfoViewController.h */ = {isa = PBXFileReference; fileEncoding = 4; lastKnownFileType = sourcecode.c.h; path = InfoViewController.h; sourceTree = "<group>"; };
		A1195C5B1E6A6FE200535E11 /* InfoViewController.m */ = {isa = PBXFileReference; fileEncoding = 4; lastKnownFileType = sourcecode.c.objc; path = InfoViewController.m; sourceTree = "<group>"; };
		A1195D241E73A1BD00535E11 /* CoreTelephony.framework */ = {isa = PBXFileReference; lastKnownFileType = wrapper.framework; name = CoreTelephony.framework; path = System/Library/Frameworks/CoreTelephony.framework; sourceTree = SDKROOT; };
		A1195D261E73D43200535E11 /* NetNotifieViewController.h */ = {isa = PBXFileReference; fileEncoding = 4; lastKnownFileType = sourcecode.c.h; path = NetNotifieViewController.h; sourceTree = "<group>"; };
		A1195D271E73D43200535E11 /* NetNotifieViewController.m */ = {isa = PBXFileReference; fileEncoding = 4; lastKnownFileType = sourcecode.c.objc; path = NetNotifieViewController.m; sourceTree = "<group>"; };
		A175F5591E24D32F00C76B21 /* SettingViewController.h */ = {isa = PBXFileReference; fileEncoding = 4; lastKnownFileType = sourcecode.c.h; path = SettingViewController.h; sourceTree = "<group>"; };
		A175F55A1E24D32F00C76B21 /* SettingViewController.m */ = {isa = PBXFileReference; fileEncoding = 4; lastKnownFileType = sourcecode.c.objc; path = SettingViewController.m; sourceTree = "<group>"; };
		A1CBFC4A1E4F099900588740 /* AVFoundation.framework */ = {isa = PBXFileReference; lastKnownFileType = wrapper.framework; name = AVFoundation.framework; path = System/Library/Frameworks/AVFoundation.framework; sourceTree = SDKROOT; };
		A1DBC62A1E8BA7EA001E25E8 /* libc++.tbd */ = {isa = PBXFileReference; lastKnownFileType = "sourcecode.text-based-dylib-definition"; name = "libc++.tbd"; path = "usr/lib/libc++.tbd"; sourceTree = SDKROOT; };
		A1DBC62C1E8BA833001E25E8 /* libstdc++.tbd */ = {isa = PBXFileReference; lastKnownFileType = "sourcecode.text-based-dylib-definition"; name = "libstdc++.tbd"; path = "usr/lib/libstdc++.tbd"; sourceTree = SDKROOT; };
		A1DBC62E1E8BA869001E25E8 /* libz.tbd */ = {isa = PBXFileReference; lastKnownFileType = "sourcecode.text-based-dylib-definition"; name = libz.tbd; path = usr/lib/libz.tbd; sourceTree = SDKROOT; };
		A1DBC6301E8BA886001E25E8 /* CFNetwork.framework */ = {isa = PBXFileReference; lastKnownFileType = wrapper.framework; name = CFNetwork.framework; path = System/Library/Frameworks/CFNetwork.framework; sourceTree = SDKROOT; };
		A1DBC6321E8BA8F8001E25E8 /* libicucore.tbd */ = {isa = PBXFileReference; lastKnownFileType = "sourcecode.text-based-dylib-definition"; name = libicucore.tbd; path = usr/lib/libicucore.tbd; sourceTree = SDKROOT; };
		A1DBC6341E8BA90A001E25E8 /* libiconv.tbd */ = {isa = PBXFileReference; lastKnownFileType = "sourcecode.text-based-dylib-definition"; name = libiconv.tbd; path = usr/lib/libiconv.tbd; sourceTree = SDKROOT; };
		A1DBC6371E8BA92C001E25E8 /* libbz2.tbd */ = {isa = PBXFileReference; lastKnownFileType = "sourcecode.text-based-dylib-definition"; name = libbz2.tbd; path = usr/lib/libbz2.tbd; sourceTree = SDKROOT; };
		A1DBC6391E8BA93C001E25E8 /* AudioToolbox.framework */ = {isa = PBXFileReference; lastKnownFileType = wrapper.framework; name = AudioToolbox.framework; path = System/Library/Frameworks/AudioToolbox.framework; sourceTree = SDKROOT; };
		A1DBC63B1E8BA94A001E25E8 /* VideoToolbox.framework */ = {isa = PBXFileReference; lastKnownFileType = wrapper.framework; name = VideoToolbox.framework; path = System/Library/Frameworks/VideoToolbox.framework; sourceTree = SDKROOT; };
		A1DBC63D1E8BA95A001E25E8 /* SystemConfiguration.framework */ = {isa = PBXFileReference; lastKnownFileType = wrapper.framework; name = SystemConfiguration.framework; path = System/Library/Frameworks/SystemConfiguration.framework; sourceTree = SDKROOT; };
		A1DBC6541E8BDFE0001E25E8 /* Foundation.framework */ = {isa = PBXFileReference; lastKnownFileType = wrapper.framework; name = Foundation.framework; path = System/Library/Frameworks/Foundation.framework; sourceTree = SDKROOT; };
		D94BD2DDB07309B15B104DE2 /* Pods_EasyRTMP.framework */ = {isa = PBXFileReference; explicitFileType = wrapper.framework; includeInIndex = 0; path = Pods_EasyRTMP.framework; sourceTree = BUILT_PRODUCTS_DIR; };
		F6C5102A1D858306001EB536 /* EasyRTMP.app */ = {isa = PBXFileReference; explicitFileType = wrapper.application; includeInIndex = 0; path = EasyRTMP.app; sourceTree = BUILT_PRODUCTS_DIR; };
		F6C510331D858306001EB536 /* PushViewController.h */ = {isa = PBXFileReference; lastKnownFileType = sourcecode.c.h; path = PushViewController.h; sourceTree = "<group>"; };
		F6C510341D858306001EB536 /* PushViewController.m */ = {isa = PBXFileReference; lastKnownFileType = sourcecode.c.objc; path = PushViewController.m; sourceTree = "<group>"; };
		F6C510391D858306001EB536 /* Assets.xcassets */ = {isa = PBXFileReference; lastKnownFileType = folder.assetcatalog; path = Assets.xcassets; sourceTree = "<group>"; };
		F6C5103C1D858306001EB536 /* Base */ = {isa = PBXFileReference; lastKnownFileType = file.storyboard; name = Base; path = Base.lproj/LaunchScreen.storyboard; sourceTree = "<group>"; };
/* End PBXFileReference section */

/* Begin PBXFrameworksBuildPhase section */
		F6C510271D858306001EB536 /* Frameworks */ = {
			isa = PBXFrameworksBuildPhase;
			buildActionMask = 2147483647;
			files = (
				66112AF6233392F000B33FC4 /* libstdc++.tbd in Frameworks */,
				A1DBC6381E8BA92C001E25E8 /* libbz2.tbd in Frameworks */,
				A1DBC6361E8BA91C001E25E8 /* libz.tbd in Frameworks */,
				661DD6CE24E4056400C64435 /* libEasyRTMP-iOS-Library.a in Frameworks */,
				A1DBC6351E8BA90A001E25E8 /* libiconv.tbd in Frameworks */,
				A1DBC6331E8BA8F8001E25E8 /* libicucore.tbd in Frameworks */,
				A1DBC62B1E8BA7EA001E25E8 /* libc++.tbd in Frameworks */,
				A1DBC63E1E8BA95A001E25E8 /* SystemConfiguration.framework in Frameworks */,
				A1DBC6551E8BDFE0001E25E8 /* Foundation.framework in Frameworks */,
				A1DBC63C1E8BA94A001E25E8 /* VideoToolbox.framework in Frameworks */,
				A1DBC63A1E8BA93C001E25E8 /* AudioToolbox.framework in Frameworks */,
				A1DBC6311E8BA886001E25E8 /* CFNetwork.framework in Frameworks */,
				A1195D251E73A1BD00535E11 /* CoreTelephony.framework in Frameworks */,
				A1CBFC4B1E4F099900588740 /* AVFoundation.framework in Frameworks */,
				047A9E0720F34BFE003CC39F /* Pods_EasyRTMP.framework in Frameworks */,
			);
			runOnlyForDeploymentPostprocessing = 0;
		};
/* End PBXFrameworksBuildPhase section */

/* Begin PBXGroup section */
		047A9DDC20F3452E003CC39F /* Setting */ = {
			isa = PBXGroup;
			children = (
				A175F5591E24D32F00C76B21 /* SettingViewController.h */,
				A175F55A1E24D32F00C76B21 /* SettingViewController.m */,
				047A9E1020F37C25003CC39F /* ScanViewController.h */,
				047A9E1120F37C25003CC39F /* ScanViewController.m */,
				04C61CA320F45F7400D755D9 /* Record */,
				A1195D261E73D43200535E11 /* NetNotifieViewController.h */,
				A1195D271E73D43200535E11 /* NetNotifieViewController.m */,
				04C61CA020F44B1400D755D9 /* ResolutionViewController2.h */,
				04C61CA120F44B1500D755D9 /* ResolutionViewController2.m */,
			);
			path = Setting;
			sourceTree = "<group>";
		};
		047A9E0F20F37C02003CC39F /* Info */ = {
			isa = PBXGroup;
			children = (
				A1195C5A1E6A6FE200535E11 /* InfoViewController.h */,
				A1195C5B1E6A6FE200535E11 /* InfoViewController.m */,
				047A9E0C20F36479003CC39F /* WebViewController.h */,
				047A9E0D20F36479003CC39F /* WebViewController.m */,
			);
			path = Info;
			sourceTree = "<group>";
		};
		04C61CA320F45F7400D755D9 /* Record */ = {
			isa = PBXGroup;
			children = (
				047A9E1320F37E8F003CC39F /* RecordViewController.h */,
				047A9E1420F37E8F003CC39F /* RecordViewController.m */,
				04C61CA420F45FBF00D755D9 /* VideoViewController.h */,
				04C61CA520F45FBF00D755D9 /* VideoViewController.m */,
				04C61CAE20F48B5200D755D9 /* PhotoViewController.h */,
				04C61CAF20F48B5200D755D9 /* PhotoViewController.m */,
				047E4E3321070B400050146A /* PlayRecordViewController.h */,
				047E4E3421070B400050146A /* PlayRecordViewController.m */,
			);
			path = Record;
			sourceTree = "<group>";
		};
		04C61CA720F484F300D755D9 /* View */ = {
			isa = PBXGroup;
			children = (
				04C61CA820F484FD00D755D9 /* PromptView.h */,
				04C61CA920F484FD00D755D9 /* PromptView.m */,
				04C61CAB20F4857D00D755D9 /* VideoCell.h */,
				04C61CAC20F4857D00D755D9 /* VideoCell.m */,
			);
			path = View;
			sourceTree = "<group>";
		};
		04F7287320F2F26D0089EDCA /* Main */ = {
			isa = PBXGroup;
			children = (
				04F7287420F2F26D0089EDCA /* AppDelegate.h */,
				04F7287620F2F26D0089EDCA /* AppDelegate.m */,
				04F7287520F2F26D0089EDCA /* main.m */,
				04F7287720F2F26D0089EDCA /* Info.plist */,
				04DF407720F30F760002EAB9 /* PrefixHeader.pch */,
			);
			path = Main;
			sourceTree = "<group>";
		};
		4CF00F35B117ACE87C468131 /* Pods */ = {
			isa = PBXGroup;
			children = (
				972B5E7907C06A56F27D883B /* Pods-EasyRTMP.debug.xcconfig */,
				1DDF0159A3C68E6B998F514C /* Pods-EasyRTMP.release.xcconfig */,
			);
			name = Pods;
			sourceTree = "<group>";
		};
		661DD63724E4056400C64435 /* EasyRTMP-iOS-Library */ = {
			isa = PBXGroup;
			children = (
				661DD63824E4056400C64435 /* libEasyRTMP-iOS-Library.a */,
				661DD63924E4056400C64435 /* include */,
				661DD6AE24E4056400C64435 /* header */,
			);
			path = "EasyRTMP-iOS-Library";
			sourceTree = "<group>";
		};
		661DD63924E4056400C64435 /* include */ = {
			isa = PBXGroup;
			children = (
				661DD63A24E4056400C64435 /* libavfilter */,
				661DD64024E4056400C64435 /* libavutil */,
				661DD68F24E4056400C64435 /* libavdevice */,
				661DD69224E4056400C64435 /* libavformat */,
				661DD69624E4056400C64435 /* libswscale */,
				661DD69924E4056400C64435 /* libavcodec */,
				661DD6AB24E4056400C64435 /* libswresample */,
			);
			path = include;
			sourceTree = "<group>";
		};
		661DD63A24E4056400C64435 /* libavfilter */ = {
			isa = PBXGroup;
			children = (
				661DD63B24E4056400C64435 /* version.h */,
				661DD63C24E4056400C64435 /* buffersrc.h */,
				661DD63D24E4056400C64435 /* buffersink.h */,
				661DD63E24E4056400C64435 /* avfilter.h */,
				661DD63F24E4056400C64435 /* avfiltergraph.h */,
			);
			path = libavfilter;
			sourceTree = "<group>";
		};
		661DD64024E4056400C64435 /* libavutil */ = {
			isa = PBXGroup;
			children = (
				661DD64124E4056400C64435 /* hwcontext.h */,
				661DD64224E4056400C64435 /* time.h */,
				661DD64324E4056400C64435 /* hwcontext_cuda.h */,
				661DD64424E4056400C64435 /* intfloat.h */,
				661DD64524E4056400C64435 /* error.h */,
				661DD64624E4056400C64435 /* fifo.h */,
				661DD64724E4056400C64435 /* blowfish.h */,
				661DD64824E4056400C64435 /* replaygain.h */,
				661DD64924E4056400C64435 /* version.h */,
				661DD64A24E4056400C64435 /* murmur3.h */,
				661DD64B24E4056400C64435 /* stereo3d.h */,
				661DD64C24E4056400C64435 /* samplefmt.h */,
				661DD64D24E4056400C64435 /* pixdesc.h */,
				661DD64E24E4056400C64435 /* base64.h */,
				661DD64F24E4056400C64435 /* rational.h */,
				661DD65024E4056400C64435 /* sha.h */,
				661DD65124E4056400C64435 /* motion_vector.h */,
				661DD65224E4056400C64435 /* avconfig.h */,
				661DD65324E4056400C64435 /* lfg.h */,
				661DD65424E4056400C64435 /* avutil.h */,
				661DD65524E4056400C64435 /* xtea.h */,
				661DD65624E4056400C64435 /* crc.h */,
				661DD65724E4056400C64435 /* hwcontext_vdpau.h */,
				661DD65824E4056400C64435 /* frame.h */,
				661DD65924E4056400C64435 /* file.h */,
				661DD65A24E4056400C64435 /* md5.h */,
				661DD65B24E4056400C64435 /* cast5.h */,
				661DD65C24E4056400C64435 /* hwcontext_vaapi.h */,
				661DD65D24E4056400C64435 /* spherical.h */,
				661DD65E24E4056400C64435 /* ffversion.h */,
				661DD65F24E4056400C64435 /* audio_fifo.h */,
				661DD66024E4056400C64435 /* tree.h */,
				661DD66124E4056400C64435 /* threadmessage.h */,
				661DD66224E4056400C64435 /* attributes.h */,
				661DD66324E4056400C64435 /* adler32.h */,
				661DD66424E4056400C64435 /* hwcontext_d3d11va.h */,
				661DD66524E4056400C64435 /* timecode.h */,
				661DD66624E4056400C64435 /* sha512.h */,
				661DD66724E4056400C64435 /* hwcontext_dxva2.h */,
				661DD66824E4056400C64435 /* display.h */,
				661DD66924E4056400C64435 /* buffer.h */,
				661DD66A24E4056400C64435 /* camellia.h */,
				661DD66B24E4056400C64435 /* pixelutils.h */,
				661DD66C24E4056400C64435 /* hwcontext_drm.h */,
				661DD66D24E4056400C64435 /* common.h */,
				661DD66E24E4056400C64435 /* hmac.h */,
				661DD66F24E4056400C64435 /* eval.h */,
				661DD67024E4056400C64435 /* dict.h */,
				661DD67124E4056400C64435 /* random_seed.h */,
				661DD67224E4056400C64435 /* opt.h */,
				661DD67324E4056400C64435 /* mastering_display_metadata.h */,
				661DD67424E4056400C64435 /* log.h */,
				661DD67524E4056400C64435 /* aes.h */,
				661DD67624E4056400C64435 /* macros.h */,
				661DD67724E4056400C64435 /* bswap.h */,
				661DD67824E4056400C64435 /* rc4.h */,
				661DD67924E4056400C64435 /* tea.h */,
				661DD67A24E4056400C64435 /* cpu.h */,
				661DD67B24E4056400C64435 /* lzo.h */,
				661DD67C24E4056400C64435 /* des.h */,
				661DD67D24E4056400C64435 /* channel_layout.h */,
				661DD67E24E4056400C64435 /* twofish.h */,
				661DD67F24E4056400C64435 /* imgutils.h */,
				661DD68024E4056400C64435 /* hwcontext_videotoolbox.h */,
				661DD68124E4056400C64435 /* mem.h */,
				661DD68224E4056400C64435 /* parseutils.h */,
				661DD68324E4056400C64435 /* ripemd.h */,
				661DD68424E4056400C64435 /* bprint.h */,
				661DD68524E4056400C64435 /* hwcontext_qsv.h */,
				661DD68624E4056400C64435 /* pixfmt.h */,
				661DD68724E4056400C64435 /* aes_ctr.h */,
				661DD68824E4056400C64435 /* timestamp.h */,
				661DD68924E4056400C64435 /* downmix_info.h */,
				661DD68A24E4056400C64435 /* avassert.h */,
				661DD68B24E4056400C64435 /* hash.h */,
				661DD68C24E4056400C64435 /* mathematics.h */,
				661DD68D24E4056400C64435 /* intreadwrite.h */,
				661DD68E24E4056400C64435 /* avstring.h */,
			);
			path = libavutil;
			sourceTree = "<group>";
		};
		661DD68F24E4056400C64435 /* libavdevice */ = {
			isa = PBXGroup;
			children = (
				661DD69024E4056400C64435 /* version.h */,
				661DD69124E4056400C64435 /* avdevice.h */,
			);
			path = libavdevice;
			sourceTree = "<group>";
		};
		661DD69224E4056400C64435 /* libavformat */ = {
			isa = PBXGroup;
			children = (
				661DD69324E4056400C64435 /* version.h */,
				661DD69424E4056400C64435 /* avio.h */,
				661DD69524E4056400C64435 /* avformat.h */,
			);
			path = libavformat;
			sourceTree = "<group>";
		};
		661DD69624E4056400C64435 /* libswscale */ = {
			isa = PBXGroup;
			children = (
				661DD69724E4056400C64435 /* version.h */,
				661DD69824E4056400C64435 /* swscale.h */,
			);
			path = libswscale;
			sourceTree = "<group>";
		};
		661DD69924E4056400C64435 /* libavcodec */ = {
			isa = PBXGroup;
			children = (
				661DD69A24E4056400C64435 /* avcodec.h */,
				661DD69B24E4056400C64435 /* version.h */,
				661DD69C24E4056400C64435 /* vdpau.h */,
				661DD69D24E4056400C64435 /* qsv.h */,
				661DD69E24E4056400C64435 /* vaapi.h */,
				661DD69F24E4056400C64435 /* videotoolbox.h */,
				661DD6A024E4056400C64435 /* xvmc.h */,
				661DD6A124E4056400C64435 /* mediacodec.h */,
				661DD6A224E4056400C64435 /* d3d11va.h */,
				661DD6A324E4056400C64435 /* avfft.h */,
				661DD6A424E4056400C64435 /* vda.h */,
				661DD6A524E4056400C64435 /* jni.h */,
				661DD6A624E4056400C64435 /* dirac.h */,
				661DD6A724E4056400C64435 /* avdct.h */,
				661DD6A824E4056400C64435 /* vorbis_parser.h */,
				661DD6A924E4056400C64435 /* dxva2.h */,
				661DD6AA24E4056400C64435 /* dv_profile.h */,
			);
			path = libavcodec;
			sourceTree = "<group>";
		};
		661DD6AB24E4056400C64435 /* libswresample */ = {
			isa = PBXGroup;
			children = (
				661DD6AC24E4056400C64435 /* version.h */,
				661DD6AD24E4056400C64435 /* swresample.h */,
			);
			path = libswresample;
			sourceTree = "<group>";
		};
		661DD6AE24E4056400C64435 /* header */ = {
			isa = PBXGroup;
			children = (
				661DD6AF24E4056400C64435 /* MuxerToVideo.h */,
				661DD6B024E4056400C64435 /* H264Packet.h */,
				661DD6B124E4056400C64435 /* AACEncoder.h */,
				661DD6B224E4056400C64435 /* URLModel.h */,
				661DD6B324E4056400C64435 /* KxMovieDecoder.h */,
				661DD6B424E4056400C64435 /* CameraEncoder.h */,
				661DD6B524E4056400C64435 /* H264HWEncoder.h */,
				661DD6B624E4056400C64435 /* AudioManager.h */,
				661DD6B724E4056400C64435 /* EasyAudioDecoder.h */,
				661DD6B824E4056400C64435 /* Muxer.h */,
				661DD6B924E4056400C64435 /* EasyTypes.h */,
				661DD6BA24E4056400C64435 /* EasyRTMPAPI.h */,
				661DD6BB24E4056400C64435 /* x264_config.h */,
				661DD6BC24E4056400C64435 /* EasyRTMPClientAPI.h */,
				661DD6BD24E4056400C64435 /* VideoDecode.h */,
				661DD6BE24E4056400C64435 /* URLTool.h */,
				661DD6BF24E4056400C64435 /* PathUnit.h */,
				661DD6C024E4056400C64435 /* X264Encoder.h */,
				661DD6C124E4056400C64435 /* AVAssetWriteManager.h */,
				661DD6C224E4056400C64435 /* x264.h */,
				661DD6C324E4056400C64435 /* HWVideoDecoder.h */,
				661DD6C424E4056400C64435 /* KxMovieGLView.h */,
				661DD6C524E4056400C64435 /* FolderUtil.h */,
				661DD6C624E4056400C64435 /* VideoView.h */,
				661DD6C724E4056400C64435 /* g711.h */,
				661DD6C824E4056400C64435 /* XCFileManager.h */,
				661DD6C924E4056400C64435 /* UIColor+HexColor.h */,
				661DD6CA24E4056400C64435 /* PlayerDataReader.h */,
				661DD6CB24E4056400C64435 /* MuxerToMP4.h */,
				661DD6CC24E4056400C64435 /* AACDecoder.h */,
				661DD6CD24E4056400C64435 /* VideoPanel.h */,
			);
			path = header;
			sourceTree = "<group>";
		};
		667D99D82007AD8F00F580D7 /* ViewController */ = {
			isa = PBXGroup;
			children = (
				661DD09924E3D36000C64435 /* VideoPlayerController.h */,
				661DD09A24E3D36200C64435 /* VideoPlayerController.m */,
				047A9DDA20F3448A003CC39F /* BaseViewController.h */,
				047A9DD920F34489003CC39F /* BaseViewController.m */,
				F6C510331D858306001EB536 /* PushViewController.h */,
				F6C510341D858306001EB536 /* PushViewController.m */,
				A1195C551E69A22300535E11 /* ResolutionViewController.h */,
				A1195C561E69A22300535E11 /* ResolutionViewController.m */,
				047A9E0F20F37C02003CC39F /* Info */,
				047A9DDC20F3452E003CC39F /* Setting */,
			);
			path = ViewController;
			sourceTree = "<group>";
		};
		A1CBFC491E4F099900588740 /* Frameworks */ = {
			isa = PBXGroup;
			children = (
				661DD2F224E3EFBE00C64435 /* EasyRTMP_iOS_library.framework */,
				047A9E0A20F34E15003CC39F /* JavaScriptCore.framework */,
				047A9E0820F34E01003CC39F /* Security.framework */,
				047A9E0120F34B97003CC39F /* IQKeyboardManager.framework */,
				047A9E0320F34B97003CC39F /* Masonry.framework */,
				047A9E0520F34B97003CC39F /* RTRootNavigationController.framework */,
				A1DBC6541E8BDFE0001E25E8 /* Foundation.framework */,
				A1DBC63D1E8BA95A001E25E8 /* SystemConfiguration.framework */,
				A1DBC63B1E8BA94A001E25E8 /* VideoToolbox.framework */,
				A1DBC6391E8BA93C001E25E8 /* AudioToolbox.framework */,
				A1DBC6371E8BA92C001E25E8 /* libbz2.tbd */,
				A1DBC6341E8BA90A001E25E8 /* libiconv.tbd */,
				A1DBC6321E8BA8F8001E25E8 /* libicucore.tbd */,
				A1DBC6301E8BA886001E25E8 /* CFNetwork.framework */,
				A1DBC62E1E8BA869001E25E8 /* libz.tbd */,
				A1DBC62C1E8BA833001E25E8 /* libstdc++.tbd */,
				A1DBC62A1E8BA7EA001E25E8 /* libc++.tbd */,
				A1195D241E73A1BD00535E11 /* CoreTelephony.framework */,
				A1CBFC4A1E4F099900588740 /* AVFoundation.framework */,
				D94BD2DDB07309B15B104DE2 /* Pods_EasyRTMP.framework */,
				6635788C22C60A590075E217 /* ReplayKit.framework */,
				6635789922C60A590075E217 /* UIKit.framework */,
			);
			name = Frameworks;
			sourceTree = "<group>";
		};
		F6C510211D858306001EB536 = {
			isa = PBXGroup;
			children = (
				F6C5102C1D858306001EB536 /* EasyRTMP */,
				F6C5102B1D858306001EB536 /* Products */,
				A1CBFC491E4F099900588740 /* Frameworks */,
				4CF00F35B117ACE87C468131 /* Pods */,
			);
			sourceTree = "<group>";
		};
		F6C5102B1D858306001EB536 /* Products */ = {
			isa = PBXGroup;
			children = (
				F6C5102A1D858306001EB536 /* EasyRTMP.app */,
			);
			name = Products;
			sourceTree = "<group>";
		};
		F6C5102C1D858306001EB536 /* EasyRTMP */ = {
			isa = PBXGroup;
			children = (
				661DD63724E4056400C64435 /* EasyRTMP-iOS-Library */,
				6635795F22C60CF30075E217 /* EasyRTMP.entitlements */,
				04F7287320F2F26D0089EDCA /* Main */,
				04C61CA720F484F300D755D9 /* View */,
				667D99D82007AD8F00F580D7 /* ViewController */,
				F6C5102D1D858306001EB536 /* Supporting Files */,
			);
			path = EasyRTMP;
			sourceTree = "<group>";
		};
		F6C5102D1D858306001EB536 /* Supporting Files */ = {
			isa = PBXGroup;
			children = (
				666895CA24CB2E0300285715 /* SIMYOU.ttf */,
				F6C5103B1D858306001EB536 /* LaunchScreen.storyboard */,
				04DF407420F2FE120002EAB9 /* Main.storyboard */,
				F6C510391D858306001EB536 /* Assets.xcassets */,
			);
			name = "Supporting Files";
			sourceTree = "<group>";
		};
/* End PBXGroup section */

/* Begin PBXNativeTarget section */
		F6C510291D858306001EB536 /* EasyRTMP */ = {
			isa = PBXNativeTarget;
			buildConfigurationList = F6C510411D858306001EB536 /* Build configuration list for PBXNativeTarget "EasyRTMP" */;
			buildPhases = (
				E4824ADC41F78FD1A3828CEC /* [CP] Check Pods Manifest.lock */,
				F6C510261D858306001EB536 /* Sources */,
				F6C510271D858306001EB536 /* Frameworks */,
				F6C510281D858306001EB536 /* Resources */,
				73AB458BCE39B739FC6189FF /* [CP] Embed Pods Frameworks */,
				663578AC22C60A590075E217 /* Embed App Extensions */,
			);
			buildRules = (
			);
			dependencies = (
			);
			name = EasyRTMP;
			productName = EasyPusher;
			productReference = F6C5102A1D858306001EB536 /* EasyRTMP.app */;
			productType = "com.apple.product-type.application";
		};
/* End PBXNativeTarget section */

/* Begin PBXProject section */
		F6C510221D858306001EB536 /* Project object */ = {
			isa = PBXProject;
			attributes = {
				LastUpgradeCheck = 1030;
				ORGANIZATIONNAME = phylony;
				TargetAttributes = {
					F6C510291D858306001EB536 = {
						CreatedOnToolsVersion = 7.3.1;
						DevelopmentTeam = 33USAS7KQX;
						ProvisioningStyle = Automatic;
						SystemCapabilities = {
							com.apple.ApplicationGroups.iOS = {
								enabled = 1;
							};
						};
					};
				};
			};
			buildConfigurationList = F6C510251D858306001EB536 /* Build configuration list for PBXProject "EasyRTMP" */;
			compatibilityVersion = "Xcode 3.2";
			developmentRegion = en;
			hasScannedForEncodings = 0;
			knownRegions = (
				en,
				Base,
			);
			mainGroup = F6C510211D858306001EB536;
			productRefGroup = F6C5102B1D858306001EB536 /* Products */;
			projectDirPath = "";
			projectRoot = "";
			targets = (
				F6C510291D858306001EB536 /* EasyRTMP */,
			);
		};
/* End PBXProject section */

/* Begin PBXResourcesBuildPhase section */
		F6C510281D858306001EB536 /* Resources */ = {
			isa = PBXResourcesBuildPhase;
			buildActionMask = 2147483647;
			files = (
				666895CB24CB2E0400285715 /* SIMYOU.ttf in Resources */,
				04DF407620F2FE120002EAB9 /* Main.storyboard in Resources */,
				F6C5103D1D858306001EB536 /* LaunchScreen.storyboard in Resources */,
				F6C5103A1D858306001EB536 /* Assets.xcassets in Resources */,
			);
			runOnlyForDeploymentPostprocessing = 0;
		};
/* End PBXResourcesBuildPhase section */

/* Begin PBXShellScriptBuildPhase section */
		73AB458BCE39B739FC6189FF /* [CP] Embed Pods Frameworks */ = {
			isa = PBXShellScriptBuildPhase;
			buildActionMask = 2147483647;
			files = (
			);
			inputPaths = (
				"${SRCROOT}/Pods/Target Support Files/Pods-EasyRTMP/Pods-EasyRTMP-frameworks.sh",
				"${BUILT_PRODUCTS_DIR}/IQKeyboardManager/IQKeyboardManager.framework",
				"${BUILT_PRODUCTS_DIR}/Masonry/Masonry.framework",
				"${BUILT_PRODUCTS_DIR}/RTRootNavigationController/RTRootNavigationController.framework",
				"${BUILT_PRODUCTS_DIR}/ReactiveCocoa/ReactiveCocoa.framework",
				"${BUILT_PRODUCTS_DIR}/WHToast/WHToast.framework",
			);
			name = "[CP] Embed Pods Frameworks";
			outputPaths = (
				"${TARGET_BUILD_DIR}/${FRAMEWORKS_FOLDER_PATH}/IQKeyboardManager.framework",
				"${TARGET_BUILD_DIR}/${FRAMEWORKS_FOLDER_PATH}/Masonry.framework",
				"${TARGET_BUILD_DIR}/${FRAMEWORKS_FOLDER_PATH}/RTRootNavigationController.framework",
				"${TARGET_BUILD_DIR}/${FRAMEWORKS_FOLDER_PATH}/ReactiveCocoa.framework",
				"${TARGET_BUILD_DIR}/${FRAMEWORKS_FOLDER_PATH}/WHToast.framework",
			);
			runOnlyForDeploymentPostprocessing = 0;
			shellPath = /bin/sh;
			shellScript = "\"${SRCROOT}/Pods/Target Support Files/Pods-EasyRTMP/Pods-EasyRTMP-frameworks.sh\"\n";
			showEnvVarsInLog = 0;
		};
		E4824ADC41F78FD1A3828CEC /* [CP] Check Pods Manifest.lock */ = {
			isa = PBXShellScriptBuildPhase;
			buildActionMask = 2147483647;
			files = (
			);
			inputPaths = (
				"${PODS_PODFILE_DIR_PATH}/Podfile.lock",
				"${PODS_ROOT}/Manifest.lock",
			);
			name = "[CP] Check Pods Manifest.lock";
			outputPaths = (
				"$(DERIVED_FILE_DIR)/Pods-EasyRTMP-checkManifestLockResult.txt",
			);
			runOnlyForDeploymentPostprocessing = 0;
			shellPath = /bin/sh;
			shellScript = "diff \"${PODS_PODFILE_DIR_PATH}/Podfile.lock\" \"${PODS_ROOT}/Manifest.lock\" > /dev/null\nif [ $? != 0 ] ; then\n    # print error to STDERR\n    echo \"error: The sandbox is not in sync with the Podfile.lock. Run 'pod install' or update your CocoaPods installation.\" >&2\n    exit 1\nfi\n# This output is used by Xcode 'outputs' to avoid re-running this script phase.\necho \"SUCCESS\" > \"${SCRIPT_OUTPUT_FILE_0}\"\n";
			showEnvVarsInLog = 0;
		};
/* End PBXShellScriptBuildPhase section */

/* Begin PBXSourcesBuildPhase section */
		F6C510261D858306001EB536 /* Sources */ = {
			isa = PBXSourcesBuildPhase;
			buildActionMask = 2147483647;
			files = (
				047A9E1220F37C25003CC39F /* ScanViewController.m in Sources */,
				A1195C581E69A22300535E11 /* ResolutionViewController.m in Sources */,
				04C61CA220F44B1500D755D9 /* ResolutionViewController2.m in Sources */,
				04F7287820F2F26D0089EDCA /* main.m in Sources */,
				F6C510351D858306001EB536 /* PushViewController.m in Sources */,
				A1195C5D1E6A6FE200535E11 /* InfoViewController.m in Sources */,
				04C61CB020F48B5200D755D9 /* PhotoViewController.m in Sources */,
				047E4E3521070B400050146A /* PlayRecordViewController.m in Sources */,
				04C61CA620F45FBF00D755D9 /* VideoViewController.m in Sources */,
				04C61CAD20F4857D00D755D9 /* VideoCell.m in Sources */,
				A1195D291E73D43200535E11 /* NetNotifieViewController.m in Sources */,
				047A9E0E20F36479003CC39F /* WebViewController.m in Sources */,
				661DD09B24E3D36200C64435 /* VideoPlayerController.m in Sources */,
				A175F55B1E24D32F00C76B21 /* SettingViewController.m in Sources */,
				047A9DDB20F3448A003CC39F /* BaseViewController.m in Sources */,
				047A9E1520F37E8F003CC39F /* RecordViewController.m in Sources */,
				04F7287920F2F26D0089EDCA /* AppDelegate.m in Sources */,
				04C61CAA20F484FD00D755D9 /* PromptView.m in Sources */,
			);
			runOnlyForDeploymentPostprocessing = 0;
		};
/* End PBXSourcesBuildPhase section */

/* Begin PBXVariantGroup section */
		04DF407420F2FE120002EAB9 /* Main.storyboard */ = {
			isa = PBXVariantGroup;
			children = (
				04DF407520F2FE120002EAB9 /* Base */,
			);
			name = Main.storyboard;
			sourceTree = "<group>";
		};
		F6C5103B1D858306001EB536 /* LaunchScreen.storyboard */ = {
			isa = PBXVariantGroup;
			children = (
				F6C5103C1D858306001EB536 /* Base */,
			);
			name = LaunchScreen.storyboard;
			sourceTree = "<group>";
		};
/* End PBXVariantGroup section */

/* Begin XCBuildConfiguration section */
		F6C5103F1D858306001EB536 /* Debug */ = {
			isa = XCBuildConfiguration;
			buildSettings = {
				ALWAYS_SEARCH_USER_PATHS = NO;
				CLANG_ANALYZER_LOCALIZABILITY_NONLOCALIZED = YES;
				CLANG_ANALYZER_NONNULL = YES;
				CLANG_CXX_LANGUAGE_STANDARD = "gnu++0x";
				CLANG_CXX_LIBRARY = "libc++";
				CLANG_ENABLE_MODULES = YES;
				CLANG_ENABLE_OBJC_ARC = YES;
				CLANG_WARN_BLOCK_CAPTURE_AUTORELEASING = YES;
				CLANG_WARN_BOOL_CONVERSION = YES;
				CLANG_WARN_COMMA = YES;
				CLANG_WARN_CONSTANT_CONVERSION = YES;
				CLANG_WARN_DEPRECATED_OBJC_IMPLEMENTATIONS = YES;
				CLANG_WARN_DIRECT_OBJC_ISA_USAGE = YES_ERROR;
				CLANG_WARN_EMPTY_BODY = YES;
				CLANG_WARN_ENUM_CONVERSION = YES;
				CLANG_WARN_INFINITE_RECURSION = YES;
				CLANG_WARN_INT_CONVERSION = YES;
				CLANG_WARN_NON_LITERAL_NULL_CONVERSION = YES;
				CLANG_WARN_OBJC_IMPLICIT_RETAIN_SELF = YES;
				CLANG_WARN_OBJC_LITERAL_CONVERSION = YES;
				CLANG_WARN_OBJC_ROOT_CLASS = YES_ERROR;
				CLANG_WARN_RANGE_LOOP_ANALYSIS = YES;
				CLANG_WARN_STRICT_PROTOTYPES = YES;
				CLANG_WARN_SUSPICIOUS_MOVE = YES;
				CLANG_WARN_UNREACHABLE_CODE = YES;
				CLANG_WARN__DUPLICATE_METHOD_MATCH = YES;
				CODE_SIGN_IDENTITY = "";
				"CODE_SIGN_IDENTITY[sdk=iphoneos*]" = "";
				COPY_PHASE_STRIP = NO;
				DEBUG_INFORMATION_FORMAT = dwarf;
				DEVELOPMENT_TEAM = DNN39LJ53Q;
				ENABLE_BITCODE = NO;
				ENABLE_STRICT_OBJC_MSGSEND = YES;
				ENABLE_TESTABILITY = YES;
				GCC_C_LANGUAGE_STANDARD = gnu99;
				GCC_DYNAMIC_NO_PIC = NO;
				GCC_NO_COMMON_BLOCKS = YES;
				GCC_OPTIMIZATION_LEVEL = 0;
				GCC_PREPROCESSOR_DEFINITIONS = (
					"DEBUG=1",
					"$(inherited)",
				);
				GCC_WARN_64_TO_32_BIT_CONVERSION = YES;
				GCC_WARN_ABOUT_RETURN_TYPE = YES_ERROR;
				GCC_WARN_UNDECLARED_SELECTOR = YES;
				GCC_WARN_UNINITIALIZED_AUTOS = YES_AGGRESSIVE;
				GCC_WARN_UNUSED_FUNCTION = YES;
				GCC_WARN_UNUSED_VARIABLE = YES;
				IPHONEOS_DEPLOYMENT_TARGET = 9.1;
				MTL_ENABLE_DEBUG_INFO = YES;
				ONLY_ACTIVE_ARCH = YES;
				OTHER_LDFLAGS = (
					"$(OTHER_LDFLAGS)",
					"-ObjC",
				);
				PROVISIONING_PROFILE = "";
				PROVISIONING_PROFILE_SPECIFIER = "";
				SDKROOT = iphoneos;
				TARGETED_DEVICE_FAMILY = "1,2";
			};
			name = Debug;
		};
		F6C510401D858306001EB536 /* Release */ = {
			isa = XCBuildConfiguration;
			buildSettings = {
				ALWAYS_SEARCH_USER_PATHS = NO;
				CLANG_ANALYZER_LOCALIZABILITY_NONLOCALIZED = YES;
				CLANG_ANALYZER_NONNULL = YES;
				CLANG_CXX_LANGUAGE_STANDARD = "gnu++0x";
				CLANG_CXX_LIBRARY = "libc++";
				CLANG_ENABLE_MODULES = YES;
				CLANG_ENABLE_OBJC_ARC = YES;
				CLANG_WARN_BLOCK_CAPTURE_AUTORELEASING = YES;
				CLANG_WARN_BOOL_CONVERSION = YES;
				CLANG_WARN_COMMA = YES;
				CLANG_WARN_CONSTANT_CONVERSION = YES;
				CLANG_WARN_DEPRECATED_OBJC_IMPLEMENTATIONS = YES;
				CLANG_WARN_DIRECT_OBJC_ISA_USAGE = YES_ERROR;
				CLANG_WARN_EMPTY_BODY = YES;
				CLANG_WARN_ENUM_CONVERSION = YES;
				CLANG_WARN_INFINITE_RECURSION = YES;
				CLANG_WARN_INT_CONVERSION = YES;
				CLANG_WARN_NON_LITERAL_NULL_CONVERSION = YES;
				CLANG_WARN_OBJC_IMPLICIT_RETAIN_SELF = YES;
				CLANG_WARN_OBJC_LITERAL_CONVERSION = YES;
				CLANG_WARN_OBJC_ROOT_CLASS = YES_ERROR;
				CLANG_WARN_RANGE_LOOP_ANALYSIS = YES;
				CLANG_WARN_STRICT_PROTOTYPES = YES;
				CLANG_WARN_SUSPICIOUS_MOVE = YES;
				CLANG_WARN_UNREACHABLE_CODE = YES;
				CLANG_WARN__DUPLICATE_METHOD_MATCH = YES;
				CODE_SIGN_IDENTITY = "";
				"CODE_SIGN_IDENTITY[sdk=iphoneos*]" = "";
				COPY_PHASE_STRIP = NO;
				DEBUG_INFORMATION_FORMAT = "dwarf-with-dsym";
				DEVELOPMENT_TEAM = DNN39LJ53Q;
				ENABLE_BITCODE = NO;
				ENABLE_NS_ASSERTIONS = NO;
				ENABLE_STRICT_OBJC_MSGSEND = YES;
				GCC_C_LANGUAGE_STANDARD = gnu99;
				GCC_NO_COMMON_BLOCKS = YES;
				GCC_WARN_64_TO_32_BIT_CONVERSION = YES;
				GCC_WARN_ABOUT_RETURN_TYPE = YES_ERROR;
				GCC_WARN_UNDECLARED_SELECTOR = YES;
				GCC_WARN_UNINITIALIZED_AUTOS = YES_AGGRESSIVE;
				GCC_WARN_UNUSED_FUNCTION = YES;
				GCC_WARN_UNUSED_VARIABLE = YES;
				IPHONEOS_DEPLOYMENT_TARGET = 9.1;
				MTL_ENABLE_DEBUG_INFO = NO;
				OTHER_LDFLAGS = (
					"$(OTHER_LDFLAGS)",
					"-ObjC",
				);
				PROVISIONING_PROFILE = "";
				PROVISIONING_PROFILE_SPECIFIER = "";
				SDKROOT = iphoneos;
				TARGETED_DEVICE_FAMILY = "1,2";
				VALIDATE_PRODUCT = YES;
			};
			name = Release;
		};
		F6C510421D858306001EB536 /* Debug */ = {
			isa = XCBuildConfiguration;
			baseConfigurationReference = 972B5E7907C06A56F27D883B /* Pods-EasyRTMP.debug.xcconfig */;
			buildSettings = {
				ALWAYS_SEARCH_USER_PATHS = NO;
				ASSETCATALOG_COMPILER_APPICON_NAME = AppIcon;
				CLANG_CXX_LIBRARY = "libc++";
				CODE_SIGN_ENTITLEMENTS = EasyRTMP/EasyRTMP.entitlements;
				CODE_SIGN_IDENTITY = "iPhone Developer";
				"CODE_SIGN_IDENTITY[sdk=iphoneos*]" = "iPhone Developer";
				CODE_SIGN_STYLE = Automatic;
				CURRENT_PROJECT_VERSION = 1;
				DEVELOPMENT_TEAM = 33USAS7KQX;
				ENABLE_BITCODE = NO;
				FRAMEWORK_SEARCH_PATHS = (
					"$(inherited)",
					"$(PROJECT_DIR)/EasyRTMP",
				);
				GCC_PREFIX_HEADER = "${SRCROOT}/EasyRTMP/Main/PrefixHeader.pch";
				HEADER_SEARCH_PATHS = (
					"${SRCROOT}",
					"$(PROJECT_DIR)/EasyRTMP/EasyRTMP-iOS-Library/header",
					"$(PROJECT_DIR)/EasyRTMP/EasyRTMP-iOS-Library/include",
					"$(PROJECT_DIR)/EasyRTMP/EasyRTMP-iOS-Library/include2",
				);
				INFOPLIST_FILE = "$(SRCROOT)/EasyRTMP/Main/Info.plist";
				IPHONEOS_DEPLOYMENT_TARGET = 12.0;
				LD_RUNPATH_SEARCH_PATHS = "$(inherited) @executable_path/Frameworks";
				LIBRARY_SEARCH_PATHS = (
					"$(inherited)",
					"$(PROJECT_DIR)/EasyRTMP/EasyRTMP-iOS-Library",
				);
				MARKETING_VERSION = 2.8;
				ONLY_ACTIVE_ARCH = YES;
				OTHER_LDFLAGS = (
					"$(inherited)",
					"-ObjC",
					"-l\"c++\"",
					"-l\"sqlite3.0\"",
					"-l\"stdc++.6.0.9\"",
					"-l\"z\"",
					"-framework",
					"\"AVFoundation\"",
					"-framework",
					"\"AudioToolbox\"",
					"-framework",
					"\"Bugly\"",
					"-framework",
					"\"CoreGraphics\"",
					"-framework",
					"\"CoreLocation\"",
					"-framework",
					"\"CoreMedia\"",
					"-framework",
					"\"CoreTelephony\"",
					"-framework",
					"\"CoreText\"",
					"-framework",
					"\"GLKit\"",
					"-framework",
					"\"IQKeyboardManager\"",
					"-framework",
					"\"Masonry\"",
					"-framework",
					"\"OpenGLES\"",
					"-framework",
					"\"QuartzCore\"",
					"-framework",
					"\"RTRootNavigationController\"",
					"-framework",
					"\"ReactiveCocoa\"",
					"-framework",
					"\"SystemConfiguration\"",
					"-framework",
					"\"VideoToolbox\"",
				);
				PRODUCT_BUNDLE_IDENTIFIER = org.easydarwin.easydarwinrtmp;
				PRODUCT_NAME = "$(TARGET_NAME)";
				PROVISIONING_PROFILE = "";
				PROVISIONING_PROFILE_SPECIFIER = "";
				TARGETED_DEVICE_FAMILY = 1;
				USER_HEADER_SEARCH_PATHS = "";
				VALID_ARCHS = "armv7 armv7s arm64";
			};
			name = Debug;
		};
		F6C510431D858306001EB536 /* Release */ = {
			isa = XCBuildConfiguration;
			baseConfigurationReference = 1DDF0159A3C68E6B998F514C /* Pods-EasyRTMP.release.xcconfig */;
			buildSettings = {
				ALWAYS_SEARCH_USER_PATHS = NO;
				ASSETCATALOG_COMPILER_APPICON_NAME = AppIcon;
				CLANG_CXX_LIBRARY = "libc++";
				CODE_SIGN_ENTITLEMENTS = EasyRTMP/EasyRTMP.entitlements;
				CODE_SIGN_IDENTITY = "iPhone Developer";
				"CODE_SIGN_IDENTITY[sdk=iphoneos*]" = "iPhone Developer";
				CODE_SIGN_STYLE = Automatic;
				CURRENT_PROJECT_VERSION = 1;
				DEVELOPMENT_TEAM = 33USAS7KQX;
				ENABLE_BITCODE = NO;
				FRAMEWORK_SEARCH_PATHS = (
					"$(inherited)",
					"$(PROJECT_DIR)/EasyRTMP",
				);
				GCC_PREFIX_HEADER = "${SRCROOT}/EasyRTMP/Main/PrefixHeader.pch";
				HEADER_SEARCH_PATHS = (
					"${SRCROOT}",
					"$(PROJECT_DIR)/EasyRTMP/EasyRTMP-iOS-Library/header",
					"$(PROJECT_DIR)/EasyRTMP/EasyRTMP-iOS-Library/include",
					"$(PROJECT_DIR)/EasyRTMP/EasyRTMP-iOS-Library/include2",
				);
				INFOPLIST_FILE = "$(SRCROOT)/EasyRTMP/Main/Info.plist";
				IPHONEOS_DEPLOYMENT_TARGET = 12.0;
				LD_RUNPATH_SEARCH_PATHS = "$(inherited) @executable_path/Frameworks";
				LIBRARY_SEARCH_PATHS = (
					"$(inherited)",
					"$(PROJECT_DIR)/EasyRTMP/EasyRTMP-iOS-Library",
				);
				MARKETING_VERSION = 2.8;
				ONLY_ACTIVE_ARCH = YES;
				OTHER_LDFLAGS = (
					"$(inherited)",
					"-ObjC",
					"-l\"c++\"",
					"-l\"sqlite3.0\"",
					"-l\"stdc++.6.0.9\"",
					"-l\"z\"",
					"-framework",
					"\"AVFoundation\"",
					"-framework",
					"\"AudioToolbox\"",
					"-framework",
					"\"Bugly\"",
					"-framework",
					"\"CoreGraphics\"",
					"-framework",
					"\"CoreLocation\"",
					"-framework",
					"\"CoreMedia\"",
					"-framework",
					"\"CoreTelephony\"",
					"-framework",
					"\"CoreText\"",
					"-framework",
					"\"GLKit\"",
					"-framework",
					"\"IQKeyboardManager\"",
					"-framework",
					"\"Masonry\"",
					"-framework",
					"\"OpenGLES\"",
					"-framework",
					"\"QuartzCore\"",
					"-framework",
					"\"RTRootNavigationController\"",
					"-framework",
					"\"ReactiveCocoa\"",
					"-framework",
					"\"SystemConfiguration\"",
					"-framework",
					"\"VideoToolbox\"",
				);
				PRODUCT_BUNDLE_IDENTIFIER = org.easydarwin.easydarwinrtmp;
				PRODUCT_NAME = "$(TARGET_NAME)";
				PROVISIONING_PROFILE = "";
				PROVISIONING_PROFILE_SPECIFIER = "";
				TARGETED_DEVICE_FAMILY = 1;
				USER_HEADER_SEARCH_PATHS = "";
				VALID_ARCHS = "armv7 armv7s arm64";
			};
			name = Release;
		};
/* End XCBuildConfiguration section */

/* Begin XCConfigurationList section */
		F6C510251D858306001EB536 /* Build configuration list for PBXProject "EasyRTMP" */ = {
			isa = XCConfigurationList;
			buildConfigurations = (
				F6C5103F1D858306001EB536 /* Debug */,
				F6C510401D858306001EB536 /* Release */,
			);
			defaultConfigurationIsVisible = 0;
			defaultConfigurationName = Release;
		};
		F6C510411D858306001EB536 /* Build configuration list for PBXNativeTarget "EasyRTMP" */ = {
			isa = XCConfigurationList;
			buildConfigurations = (
				F6C510421D858306001EB536 /* Debug */,
				F6C510431D858306001EB536 /* Release */,
			);
			defaultConfigurationIsVisible = 0;
			defaultConfigurationName = Release;
		};
/* End XCConfigurationList section */
	};
	rootObject = F6C510221D858306001EB536 /* Project object */;
}
