// !$*UTF8*$!
{
	archiveVersion = 1;
	classes = {
	};
	objectVersion = 46;
	objects = {

/* Begin PBXBuildFile section */
		047A9DD820F33569003CC39F /* URLTool.m in Sources */ = {isa = PBXBuildFile; fileRef = 047A9DD720F33569003CC39F /* URLTool.m */; };
		047A9DDB20F3448A003CC39F /* BaseViewController.m in Sources */ = {isa = PBXBuildFile; fileRef = 047A9DD920F34489003CC39F /* BaseViewController.m */; };
		047A9E0720F34BFE003CC39F /* Pods_EasyRTMP.framework in Frameworks */ = {isa = PBXBuildFile; fileRef = D94BD2DDB07309B15B104DE2 /* Pods_EasyRTMP.framework */; };
		047A9E0E20F36479003CC39F /* WebViewController.m in Sources */ = {isa = PBXBuildFile; fileRef = 047A9E0D20F36479003CC39F /* WebViewController.m */; };
		047A9E1220F37C25003CC39F /* ScanViewController.m in Sources */ = {isa = PBXBuildFile; fileRef = 047A9E1120F37C25003CC39F /* ScanViewController.m */; };
		047A9E1520F37E8F003CC39F /* RecordViewController.m in Sources */ = {isa = PBXBuildFile; fileRef = 047A9E1420F37E8F003CC39F /* RecordViewController.m */; };
		04C61CA220F44B1500D755D9 /* ResolutionViewController2.m in Sources */ = {isa = PBXBuildFile; fileRef = 04C61CA120F44B1500D755D9 /* ResolutionViewController2.m */; };
		04C61CA620F45FBF00D755D9 /* VideoViewController.m in Sources */ = {isa = PBXBuildFile; fileRef = 04C61CA520F45FBF00D755D9 /* VideoViewController.m */; };
		04C61CAA20F484FD00D755D9 /* PromptView.m in Sources */ = {isa = PBXBuildFile; fileRef = 04C61CA920F484FD00D755D9 /* PromptView.m */; };
		04C61CAD20F4857D00D755D9 /* VideoCell.m in Sources */ = {isa = PBXBuildFile; fileRef = 04C61CAC20F4857D00D755D9 /* VideoCell.m */; };
		04C61CB020F48B5200D755D9 /* PhotoViewController.m in Sources */ = {isa = PBXBuildFile; fileRef = 04C61CAF20F48B5200D755D9 /* PhotoViewController.m */; };
		04DF407620F2FE120002EAB9 /* Main.storyboard in Resources */ = {isa = PBXBuildFile; fileRef = 04DF407420F2FE120002EAB9 /* Main.storyboard */; };
		04F7286D20F2F2460089EDCA /* libEasyRTMP.a in Frameworks */ = {isa = PBXBuildFile; fileRef = 04F7286020F2F2460089EDCA /* libEasyRTMP.a */; };
		04F7286E20F2F2460089EDCA /* H264HWDecoder.m in Sources */ = {isa = PBXBuildFile; fileRef = 04F7286720F2F2460089EDCA /* H264HWDecoder.m */; };
		04F7286F20F2F2460089EDCA /* AACEncoder.m in Sources */ = {isa = PBXBuildFile; fileRef = 04F7286820F2F2460089EDCA /* AACEncoder.m */; };
		04F7287020F2F2460089EDCA /* H264Packet.m in Sources */ = {isa = PBXBuildFile; fileRef = 04F7286920F2F2460089EDCA /* H264Packet.m */; };
		04F7287120F2F2460089EDCA /* H264HWEncoder.m in Sources */ = {isa = PBXBuildFile; fileRef = 04F7286A20F2F2460089EDCA /* H264HWEncoder.m */; };
		04F7287220F2F2460089EDCA /* CameraEncoder.m in Sources */ = {isa = PBXBuildFile; fileRef = 04F7286C20F2F2460089EDCA /* CameraEncoder.m */; };
		04F7287820F2F26D0089EDCA /* main.m in Sources */ = {isa = PBXBuildFile; fileRef = 04F7287520F2F26D0089EDCA /* main.m */; };
		04F7287920F2F26D0089EDCA /* AppDelegate.m in Sources */ = {isa = PBXBuildFile; fileRef = 04F7287620F2F26D0089EDCA /* AppDelegate.m */; };
		A1195C581E69A22300535E11 /* ResolutionViewController.m in Sources */ = {isa = PBXBuildFile; fileRef = A1195C561E69A22300535E11 /* ResolutionViewController.m */; };
		A1195C5D1E6A6FE200535E11 /* InfoViewController.m in Sources */ = {isa = PBXBuildFile; fileRef = A1195C5B1E6A6FE200535E11 /* InfoViewController.m */; };
		A1195D251E73A1BD00535E11 /* CoreTelephony.framework in Frameworks */ = {isa = PBXBuildFile; fileRef = A1195D241E73A1BD00535E11 /* CoreTelephony.framework */; };
		A1195D291E73D43200535E11 /* NoNetNotifieViewController.m in Sources */ = {isa = PBXBuildFile; fileRef = A1195D271E73D43200535E11 /* NoNetNotifieViewController.m */; };
		A1195D2F1E73D81E00535E11 /* NoNetTableViewCell.m in Sources */ = {isa = PBXBuildFile; fileRef = A1195D2D1E73D81E00535E11 /* NoNetTableViewCell.m */; };
		A1195D301E73D81E00535E11 /* NoNetTableViewCell.xib in Resources */ = {isa = PBXBuildFile; fileRef = A1195D2E1E73D81E00535E11 /* NoNetTableViewCell.xib */; };
		A175F55B1E24D32F00C76B21 /* SettingViewController.m in Sources */ = {isa = PBXBuildFile; fileRef = A175F55A1E24D32F00C76B21 /* SettingViewController.m */; };
		A1CBFC4B1E4F099900588740 /* AVFoundation.framework in Frameworks */ = {isa = PBXBuildFile; fileRef = A1CBFC4A1E4F099900588740 /* AVFoundation.framework */; };
		A1DBC62B1E8BA7EA001E25E8 /* libc++.tbd in Frameworks */ = {isa = PBXBuildFile; fileRef = A1DBC62A1E8BA7EA001E25E8 /* libc++.tbd */; };
		A1DBC6311E8BA886001E25E8 /* CFNetwork.framework in Frameworks */ = {isa = PBXBuildFile; fileRef = A1DBC6301E8BA886001E25E8 /* CFNetwork.framework */; };
		A1DBC6331E8BA8F8001E25E8 /* libicucore.tbd in Frameworks */ = {isa = PBXBuildFile; fileRef = A1DBC6321E8BA8F8001E25E8 /* libicucore.tbd */; };
		A1DBC6351E8BA90A001E25E8 /* libiconv.tbd in Frameworks */ = {isa = PBXBuildFile; fileRef = A1DBC6341E8BA90A001E25E8 /* libiconv.tbd */; };
		A1DBC6361E8BA91C001E25E8 /* libz.tbd in Frameworks */ = {isa = PBXBuildFile; fileRef = A1DBC62E1E8BA869001E25E8 /* libz.tbd */; };
		A1DBC6381E8BA92C001E25E8 /* libbz2.tbd in Frameworks */ = {isa = PBXBuildFile; fileRef = A1DBC6371E8BA92C001E25E8 /* libbz2.tbd */; };
		A1DBC63A1E8BA93C001E25E8 /* AudioToolbox.framework in Frameworks */ = {isa = PBXBuildFile; fileRef = A1DBC6391E8BA93C001E25E8 /* AudioToolbox.framework */; };
		A1DBC63C1E8BA94A001E25E8 /* VideoToolbox.framework in Frameworks */ = {isa = PBXBuildFile; fileRef = A1DBC63B1E8BA94A001E25E8 /* VideoToolbox.framework */; };
		A1DBC63E1E8BA95A001E25E8 /* SystemConfiguration.framework in Frameworks */ = {isa = PBXBuildFile; fileRef = A1DBC63D1E8BA95A001E25E8 /* SystemConfiguration.framework */; };
		A1DBC6551E8BDFE0001E25E8 /* Foundation.framework in Frameworks */ = {isa = PBXBuildFile; fileRef = A1DBC6541E8BDFE0001E25E8 /* Foundation.framework */; };
		F6C510351D858306001EB536 /* PushViewController.m in Sources */ = {isa = PBXBuildFile; fileRef = F6C510341D858306001EB536 /* PushViewController.m */; };
		F6C5103A1D858306001EB536 /* Assets.xcassets in Resources */ = {isa = PBXBuildFile; fileRef = F6C510391D858306001EB536 /* Assets.xcassets */; };
		F6C5103D1D858306001EB536 /* LaunchScreen.storyboard in Resources */ = {isa = PBXBuildFile; fileRef = F6C5103B1D858306001EB536 /* LaunchScreen.storyboard */; };
/* End PBXBuildFile section */

/* Begin PBXFileReference section */
		047A9DD620F33569003CC39F /* URLTool.h */ = {isa = PBXFileReference; lastKnownFileType = sourcecode.c.h; path = URLTool.h; sourceTree = "<group>"; };
		047A9DD720F33569003CC39F /* URLTool.m */ = {isa = PBXFileReference; lastKnownFileType = sourcecode.c.objc; path = URLTool.m; sourceTree = "<group>"; };
		047A9DD920F34489003CC39F /* BaseViewController.m */ = {isa = PBXFileReference; fileEncoding = 4; lastKnownFileType = sourcecode.c.objc; path = BaseViewController.m; sourceTree = "<group>"; };
		047A9DDA20F3448A003CC39F /* BaseViewController.h */ = {isa = PBXFileReference; fileEncoding = 4; lastKnownFileType = sourcecode.c.h; path = BaseViewController.h; sourceTree = "<group>"; };
		047A9E0120F34B97003CC39F /* IQKeyboardManager.framework */ = {isa = PBXFileReference; explicitFileType = wrapper.framework; path = IQKeyboardManager.framework; sourceTree = BUILT_PRODUCTS_DIR; };
		047A9E0320F34B97003CC39F /* Masonry.framework */ = {isa = PBXFileReference; explicitFileType = wrapper.framework; path = Masonry.framework; sourceTree = BUILT_PRODUCTS_DIR; };
		047A9E0520F34B97003CC39F /* RTRootNavigationController.framework */ = {isa = PBXFileReference; explicitFileType = wrapper.framework; path = RTRootNavigationController.framework; sourceTree = BUILT_PRODUCTS_DIR; };
		047A9E0820F34E01003CC39F /* Security.framework */ = {isa = PBXFileReference; lastKnownFileType = wrapper.framework; name = Security.framework; path = System/Library/Frameworks/Security.framework; sourceTree = SDKROOT; };
		047A9E0A20F34E15003CC39F /* JavaScriptCore.framework */ = {isa = PBXFileReference; lastKnownFileType = wrapper.framework; name = JavaScriptCore.framework; path = System/Library/Frameworks/JavaScriptCore.framework; sourceTree = SDKROOT; };
		047A9E0C20F36479003CC39F /* WebViewController.h */ = {isa = PBXFileReference; lastKnownFileType = sourcecode.c.h; path = WebViewController.h; sourceTree = "<group>"; };
		047A9E0D20F36479003CC39F /* WebViewController.m */ = {isa = PBXFileReference; lastKnownFileType = sourcecode.c.objc; path = WebViewController.m; sourceTree = "<group>"; };
		047A9E1020F37C25003CC39F /* ScanViewController.h */ = {isa = PBXFileReference; lastKnownFileType = sourcecode.c.h; path = ScanViewController.h; sourceTree = "<group>"; };
		047A9E1120F37C25003CC39F /* ScanViewController.m */ = {isa = PBXFileReference; lastKnownFileType = sourcecode.c.objc; path = ScanViewController.m; sourceTree = "<group>"; };
		047A9E1320F37E8F003CC39F /* RecordViewController.h */ = {isa = PBXFileReference; lastKnownFileType = sourcecode.c.h; path = RecordViewController.h; sourceTree = "<group>"; };
		047A9E1420F37E8F003CC39F /* RecordViewController.m */ = {isa = PBXFileReference; lastKnownFileType = sourcecode.c.objc; path = RecordViewController.m; sourceTree = "<group>"; };
		04C61CA020F44B1400D755D9 /* ResolutionViewController2.h */ = {isa = PBXFileReference; fileEncoding = 4; lastKnownFileType = sourcecode.c.h; path = ResolutionViewController2.h; sourceTree = "<group>"; };
		04C61CA120F44B1500D755D9 /* ResolutionViewController2.m */ = {isa = PBXFileReference; fileEncoding = 4; lastKnownFileType = sourcecode.c.objc; path = ResolutionViewController2.m; sourceTree = "<group>"; };
		04C61CA420F45FBF00D755D9 /* VideoViewController.h */ = {isa = PBXFileReference; lastKnownFileType = sourcecode.c.h; path = VideoViewController.h; sourceTree = "<group>"; };
		04C61CA520F45FBF00D755D9 /* VideoViewController.m */ = {isa = PBXFileReference; lastKnownFileType = sourcecode.c.objc; path = VideoViewController.m; sourceTree = "<group>"; };
		04C61CA820F484FD00D755D9 /* PromptView.h */ = {isa = PBXFileReference; fileEncoding = 4; lastKnownFileType = sourcecode.c.h; path = PromptView.h; sourceTree = "<group>"; };
		04C61CA920F484FD00D755D9 /* PromptView.m */ = {isa = PBXFileReference; fileEncoding = 4; lastKnownFileType = sourcecode.c.objc; path = PromptView.m; sourceTree = "<group>"; };
		04C61CAB20F4857D00D755D9 /* VideoCell.h */ = {isa = PBXFileReference; lastKnownFileType = sourcecode.c.h; path = VideoCell.h; sourceTree = "<group>"; };
		04C61CAC20F4857D00D755D9 /* VideoCell.m */ = {isa = PBXFileReference; lastKnownFileType = sourcecode.c.objc; path = VideoCell.m; sourceTree = "<group>"; };
		04C61CAE20F48B5200D755D9 /* PhotoViewController.h */ = {isa = PBXFileReference; lastKnownFileType = sourcecode.c.h; path = PhotoViewController.h; sourceTree = "<group>"; };
		04C61CAF20F48B5200D755D9 /* PhotoViewController.m */ = {isa = PBXFileReference; lastKnownFileType = sourcecode.c.objc; path = PhotoViewController.m; sourceTree = "<group>"; };
		04DF407520F2FE120002EAB9 /* Base */ = {isa = PBXFileReference; lastKnownFileType = file.storyboard; name = Base; path = Base.lproj/Main.storyboard; sourceTree = "<group>"; };
		04DF407720F30F760002EAB9 /* PrefixHeader.pch */ = {isa = PBXFileReference; lastKnownFileType = sourcecode.c.h; path = PrefixHeader.pch; sourceTree = "<group>"; };
		04F7285E20F2F2460089EDCA /* EasyTypes.h */ = {isa = PBXFileReference; fileEncoding = 4; lastKnownFileType = sourcecode.c.h; path = EasyTypes.h; sourceTree = "<group>"; };
		04F7285F20F2F2460089EDCA /* EasyRTMPAPI.h */ = {isa = PBXFileReference; fileEncoding = 4; lastKnownFileType = sourcecode.c.h; path = EasyRTMPAPI.h; sourceTree = "<group>"; };
		04F7286020F2F2460089EDCA /* libEasyRTMP.a */ = {isa = PBXFileReference; lastKnownFileType = archive.ar; path = libEasyRTMP.a; sourceTree = "<group>"; };
		04F7286220F2F2460089EDCA /* CameraEncoder.h */ = {isa = PBXFileReference; fileEncoding = 4; lastKnownFileType = sourcecode.c.h; path = CameraEncoder.h; sourceTree = "<group>"; };
		04F7286420F2F2460089EDCA /* H264Packet.h */ = {isa = PBXFileReference; fileEncoding = 4; lastKnownFileType = sourcecode.c.h; path = H264Packet.h; sourceTree = "<group>"; };
		04F7286520F2F2460089EDCA /* AACEncoder.h */ = {isa = PBXFileReference; fileEncoding = 4; lastKnownFileType = sourcecode.c.h; path = AACEncoder.h; sourceTree = "<group>"; };
		04F7286620F2F2460089EDCA /* H264HWEncoder.h */ = {isa = PBXFileReference; fileEncoding = 4; lastKnownFileType = sourcecode.c.h; path = H264HWEncoder.h; sourceTree = "<group>"; };
		04F7286720F2F2460089EDCA /* H264HWDecoder.m */ = {isa = PBXFileReference; fileEncoding = 4; lastKnownFileType = sourcecode.c.objc; path = H264HWDecoder.m; sourceTree = "<group>"; };
		04F7286820F2F2460089EDCA /* AACEncoder.m */ = {isa = PBXFileReference; fileEncoding = 4; lastKnownFileType = sourcecode.c.objc; path = AACEncoder.m; sourceTree = "<group>"; };
		04F7286920F2F2460089EDCA /* H264Packet.m */ = {isa = PBXFileReference; fileEncoding = 4; lastKnownFileType = sourcecode.c.objc; path = H264Packet.m; sourceTree = "<group>"; };
		04F7286A20F2F2460089EDCA /* H264HWEncoder.m */ = {isa = PBXFileReference; fileEncoding = 4; lastKnownFileType = sourcecode.c.objc; path = H264HWEncoder.m; sourceTree = "<group>"; };
		04F7286B20F2F2460089EDCA /* H264HWDecoder.h */ = {isa = PBXFileReference; fileEncoding = 4; lastKnownFileType = sourcecode.c.h; path = H264HWDecoder.h; sourceTree = "<group>"; };
		04F7286C20F2F2460089EDCA /* CameraEncoder.m */ = {isa = PBXFileReference; fileEncoding = 4; lastKnownFileType = sourcecode.c.objc; path = CameraEncoder.m; sourceTree = "<group>"; };
		04F7287420F2F26D0089EDCA /* AppDelegate.h */ = {isa = PBXFileReference; fileEncoding = 4; lastKnownFileType = sourcecode.c.h; path = AppDelegate.h; sourceTree = "<group>"; };
		04F7287520F2F26D0089EDCA /* main.m */ = {isa = PBXFileReference; fileEncoding = 4; lastKnownFileType = sourcecode.c.objc; path = main.m; sourceTree = "<group>"; };
		04F7287620F2F26D0089EDCA /* AppDelegate.m */ = {isa = PBXFileReference; fileEncoding = 4; lastKnownFileType = sourcecode.c.objc; path = AppDelegate.m; sourceTree = "<group>"; };
		04F7287720F2F26D0089EDCA /* Info.plist */ = {isa = PBXFileReference; fileEncoding = 4; lastKnownFileType = text.plist.xml; path = Info.plist; sourceTree = "<group>"; };
		1DDF0159A3C68E6B998F514C /* Pods-EasyRTMP.release.xcconfig */ = {isa = PBXFileReference; includeInIndex = 1; lastKnownFileType = text.xcconfig; name = "Pods-EasyRTMP.release.xcconfig"; path = "Pods/Target Support Files/Pods-EasyRTMP/Pods-EasyRTMP.release.xcconfig"; sourceTree = "<group>"; };
		972B5E7907C06A56F27D883B /* Pods-EasyRTMP.debug.xcconfig */ = {isa = PBXFileReference; includeInIndex = 1; lastKnownFileType = text.xcconfig; name = "Pods-EasyRTMP.debug.xcconfig"; path = "Pods/Target Support Files/Pods-EasyRTMP/Pods-EasyRTMP.debug.xcconfig"; sourceTree = "<group>"; };
		A1195C551E69A22300535E11 /* ResolutionViewController.h */ = {isa = PBXFileReference; fileEncoding = 4; lastKnownFileType = sourcecode.c.h; path = ResolutionViewController.h; sourceTree = "<group>"; };
		A1195C561E69A22300535E11 /* ResolutionViewController.m */ = {isa = PBXFileReference; fileEncoding = 4; lastKnownFileType = sourcecode.c.objc; path = ResolutionViewController.m; sourceTree = "<group>"; };
		A1195C5A1E6A6FE200535E11 /* InfoViewController.h */ = {isa = PBXFileReference; fileEncoding = 4; lastKnownFileType = sourcecode.c.h; path = InfoViewController.h; sourceTree = "<group>"; };
		A1195C5B1E6A6FE200535E11 /* InfoViewController.m */ = {isa = PBXFileReference; fileEncoding = 4; lastKnownFileType = sourcecode.c.objc; path = InfoViewController.m; sourceTree = "<group>"; };
		A1195D241E73A1BD00535E11 /* CoreTelephony.framework */ = {isa = PBXFileReference; lastKnownFileType = wrapper.framework; name = CoreTelephony.framework; path = System/Library/Frameworks/CoreTelephony.framework; sourceTree = SDKROOT; };
		A1195D261E73D43200535E11 /* NoNetNotifieViewController.h */ = {isa = PBXFileReference; fileEncoding = 4; lastKnownFileType = sourcecode.c.h; path = NoNetNotifieViewController.h; sourceTree = "<group>"; };
		A1195D271E73D43200535E11 /* NoNetNotifieViewController.m */ = {isa = PBXFileReference; fileEncoding = 4; lastKnownFileType = sourcecode.c.objc; path = NoNetNotifieViewController.m; sourceTree = "<group>"; };
		A1195D2C1E73D81E00535E11 /* NoNetTableViewCell.h */ = {isa = PBXFileReference; fileEncoding = 4; lastKnownFileType = sourcecode.c.h; path = NoNetTableViewCell.h; sourceTree = "<group>"; };
		A1195D2D1E73D81E00535E11 /* NoNetTableViewCell.m */ = {isa = PBXFileReference; fileEncoding = 4; lastKnownFileType = sourcecode.c.objc; path = NoNetTableViewCell.m; sourceTree = "<group>"; };
		A1195D2E1E73D81E00535E11 /* NoNetTableViewCell.xib */ = {isa = PBXFileReference; fileEncoding = 4; lastKnownFileType = file.xib; path = NoNetTableViewCell.xib; sourceTree = "<group>"; };
		A175F5591E24D32F00C76B21 /* SettingViewController.h */ = {isa = PBXFileReference; fileEncoding = 4; lastKnownFileType = sourcecode.c.h; path = SettingViewController.h; sourceTree = "<group>"; };
		A175F55A1E24D32F00C76B21 /* SettingViewController.m */ = {isa = PBXFileReference; fileEncoding = 4; lastKnownFileType = sourcecode.c.objc; path = SettingViewController.m; sourceTree = "<group>"; };
		A1CBFC4A1E4F099900588740 /* AVFoundation.framework */ = {isa = PBXFileReference; lastKnownFileType = wrapper.framework; name = AVFoundation.framework; path = System/Library/Frameworks/AVFoundation.framework; sourceTree = SDKROOT; };
		A1DBC62A1E8BA7EA001E25E8 /* libc++.tbd */ = {isa = PBXFileReference; lastKnownFileType = "sourcecode.text-based-dylib-definition"; name = "libc++.tbd"; path = "usr/lib/libc++.tbd"; sourceTree = SDKROOT; };
		A1DBC62C1E8BA833001E25E8 /* libstdc++.tbd */ = {isa = PBXFileReference; lastKnownFileType = "sourcecode.text-based-dylib-definition"; name = "libstdc++.tbd"; path = "usr/lib/libstdc++.tbd"; sourceTree = SDKROOT; };
		A1DBC62E1E8BA869001E25E8 /* libz.tbd */ = {isa = PBXFileReference; lastKnownFileType = "sourcecode.text-based-dylib-definition"; name = libz.tbd; path = usr/lib/libz.tbd; sourceTree = SDKROOT; };
		A1DBC6301E8BA886001E25E8 /* CFNetwork.framework */ = {isa = PBXFileReference; lastKnownFileType = wrapper.framework; name = CFNetwork.framework; path = System/Library/Frameworks/CFNetwork.framework; sourceTree = SDKROOT; };
		A1DBC6321E8BA8F8001E25E8 /* libicucore.tbd */ = {isa = PBXFileReference; lastKnownFileType = "sourcecode.text-based-dylib-definition"; name = libicucore.tbd; path = usr/lib/libicucore.tbd; sourceTree = SDKROOT; };
		A1DBC6341E8BA90A001E25E8 /* libiconv.tbd */ = {isa = PBXFileReference; lastKnownFileType = "sourcecode.text-based-dylib-definition"; name = libiconv.tbd; path = usr/lib/libiconv.tbd; sourceTree = SDKROOT; };
		A1DBC6371E8BA92C001E25E8 /* libbz2.tbd */ = {isa = PBXFileReference; lastKnownFileType = "sourcecode.text-based-dylib-definition"; name = libbz2.tbd; path = usr/lib/libbz2.tbd; sourceTree = SDKROOT; };
		A1DBC6391E8BA93C001E25E8 /* AudioToolbox.framework */ = {isa = PBXFileReference; lastKnownFileType = wrapper.framework; name = AudioToolbox.framework; path = System/Library/Frameworks/AudioToolbox.framework; sourceTree = SDKROOT; };
		A1DBC63B1E8BA94A001E25E8 /* VideoToolbox.framework */ = {isa = PBXFileReference; lastKnownFileType = wrapper.framework; name = VideoToolbox.framework; path = System/Library/Frameworks/VideoToolbox.framework; sourceTree = SDKROOT; };
		A1DBC63D1E8BA95A001E25E8 /* SystemConfiguration.framework */ = {isa = PBXFileReference; lastKnownFileType = wrapper.framework; name = SystemConfiguration.framework; path = System/Library/Frameworks/SystemConfiguration.framework; sourceTree = SDKROOT; };
		A1DBC6541E8BDFE0001E25E8 /* Foundation.framework */ = {isa = PBXFileReference; lastKnownFileType = wrapper.framework; name = Foundation.framework; path = System/Library/Frameworks/Foundation.framework; sourceTree = SDKROOT; };
		D94BD2DDB07309B15B104DE2 /* Pods_EasyRTMP.framework */ = {isa = PBXFileReference; explicitFileType = wrapper.framework; includeInIndex = 0; path = Pods_EasyRTMP.framework; sourceTree = BUILT_PRODUCTS_DIR; };
		F6C5102A1D858306001EB536 /* EasyRTMP.app */ = {isa = PBXFileReference; explicitFileType = wrapper.application; includeInIndex = 0; path = EasyRTMP.app; sourceTree = BUILT_PRODUCTS_DIR; };
		F6C510331D858306001EB536 /* PushViewController.h */ = {isa = PBXFileReference; lastKnownFileType = sourcecode.c.h; path = PushViewController.h; sourceTree = "<group>"; };
		F6C510341D858306001EB536 /* PushViewController.m */ = {isa = PBXFileReference; lastKnownFileType = sourcecode.c.objc; path = PushViewController.m; sourceTree = "<group>"; };
		F6C510391D858306001EB536 /* Assets.xcassets */ = {isa = PBXFileReference; lastKnownFileType = folder.assetcatalog; path = Assets.xcassets; sourceTree = "<group>"; };
		F6C5103C1D858306001EB536 /* Base */ = {isa = PBXFileReference; lastKnownFileType = file.storyboard; name = Base; path = Base.lproj/LaunchScreen.storyboard; sourceTree = "<group>"; };
/* End PBXFileReference section */

/* Begin PBXFrameworksBuildPhase section */
		F6C510271D858306001EB536 /* Frameworks */ = {
			isa = PBXFrameworksBuildPhase;
			buildActionMask = 2147483647;
			files = (
				A1DBC6381E8BA92C001E25E8 /* libbz2.tbd in Frameworks */,
				A1DBC6361E8BA91C001E25E8 /* libz.tbd in Frameworks */,
				A1DBC6351E8BA90A001E25E8 /* libiconv.tbd in Frameworks */,
				A1DBC6331E8BA8F8001E25E8 /* libicucore.tbd in Frameworks */,
				A1DBC62B1E8BA7EA001E25E8 /* libc++.tbd in Frameworks */,
				04F7286D20F2F2460089EDCA /* libEasyRTMP.a in Frameworks */,
				A1DBC63E1E8BA95A001E25E8 /* SystemConfiguration.framework in Frameworks */,
				A1DBC6551E8BDFE0001E25E8 /* Foundation.framework in Frameworks */,
				A1DBC63C1E8BA94A001E25E8 /* VideoToolbox.framework in Frameworks */,
				A1DBC63A1E8BA93C001E25E8 /* AudioToolbox.framework in Frameworks */,
				A1DBC6311E8BA886001E25E8 /* CFNetwork.framework in Frameworks */,
				A1195D251E73A1BD00535E11 /* CoreTelephony.framework in Frameworks */,
				A1CBFC4B1E4F099900588740 /* AVFoundation.framework in Frameworks */,
				047A9E0720F34BFE003CC39F /* Pods_EasyRTMP.framework in Frameworks */,
			);
			runOnlyForDeploymentPostprocessing = 0;
		};
/* End PBXFrameworksBuildPhase section */

/* Begin PBXGroup section */
		047A9DDC20F3452E003CC39F /* Setting */ = {
			isa = PBXGroup;
			children = (
				A175F5591E24D32F00C76B21 /* SettingViewController.h */,
				A175F55A1E24D32F00C76B21 /* SettingViewController.m */,
				047A9E1020F37C25003CC39F /* ScanViewController.h */,
				047A9E1120F37C25003CC39F /* ScanViewController.m */,
				04C61CA320F45F7400D755D9 /* Record */,
				04C61CA020F44B1400D755D9 /* ResolutionViewController2.h */,
				04C61CA120F44B1500D755D9 /* ResolutionViewController2.m */,
			);
			path = Setting;
			sourceTree = "<group>";
		};
		047A9E0F20F37C02003CC39F /* Info */ = {
			isa = PBXGroup;
			children = (
				A1195C5A1E6A6FE200535E11 /* InfoViewController.h */,
				A1195C5B1E6A6FE200535E11 /* InfoViewController.m */,
				047A9E0C20F36479003CC39F /* WebViewController.h */,
				047A9E0D20F36479003CC39F /* WebViewController.m */,
			);
			path = Info;
			sourceTree = "<group>";
		};
		04C61CA320F45F7400D755D9 /* Record */ = {
			isa = PBXGroup;
			children = (
				047A9E1320F37E8F003CC39F /* RecordViewController.h */,
				047A9E1420F37E8F003CC39F /* RecordViewController.m */,
				04C61CA420F45FBF00D755D9 /* VideoViewController.h */,
				04C61CA520F45FBF00D755D9 /* VideoViewController.m */,
				04C61CAE20F48B5200D755D9 /* PhotoViewController.h */,
				04C61CAF20F48B5200D755D9 /* PhotoViewController.m */,
			);
			path = Record;
			sourceTree = "<group>";
		};
		04C61CA720F484F300D755D9 /* View */ = {
			isa = PBXGroup;
			children = (
				04C61CA820F484FD00D755D9 /* PromptView.h */,
				04C61CA920F484FD00D755D9 /* PromptView.m */,
				04C61CAB20F4857D00D755D9 /* VideoCell.h */,
				04C61CAC20F4857D00D755D9 /* VideoCell.m */,
			);
			path = View;
			sourceTree = "<group>";
		};
		04DF407820F3352F0002EAB9 /* DataLayer */ = {
			isa = PBXGroup;
			children = (
				047A9DD620F33569003CC39F /* URLTool.h */,
				047A9DD720F33569003CC39F /* URLTool.m */,
			);
			path = DataLayer;
			sourceTree = "<group>";
		};
		04F7285D20F2F2460089EDCA /* EasyRTMPLib */ = {
			isa = PBXGroup;
			children = (
				04F7285E20F2F2460089EDCA /* EasyTypes.h */,
				04F7285F20F2F2460089EDCA /* EasyRTMPAPI.h */,
				04F7286020F2F2460089EDCA /* libEasyRTMP.a */,
			);
			path = EasyRTMPLib;
			sourceTree = "<group>";
		};
		04F7286120F2F2460089EDCA /* Encoder */ = {
			isa = PBXGroup;
			children = (
				04F7286320F2F2460089EDCA /* Codec */,
				04F7286220F2F2460089EDCA /* CameraEncoder.h */,
				04F7286C20F2F2460089EDCA /* CameraEncoder.m */,
			);
			path = Encoder;
			sourceTree = "<group>";
		};
		04F7286320F2F2460089EDCA /* Codec */ = {
			isa = PBXGroup;
			children = (
				04F7286520F2F2460089EDCA /* AACEncoder.h */,
				04F7286820F2F2460089EDCA /* AACEncoder.m */,
				04F7286420F2F2460089EDCA /* H264Packet.h */,
				04F7286920F2F2460089EDCA /* H264Packet.m */,
				04F7286B20F2F2460089EDCA /* H264HWDecoder.h */,
				04F7286720F2F2460089EDCA /* H264HWDecoder.m */,
				04F7286620F2F2460089EDCA /* H264HWEncoder.h */,
				04F7286A20F2F2460089EDCA /* H264HWEncoder.m */,
			);
			path = Codec;
			sourceTree = "<group>";
		};
		04F7287320F2F26D0089EDCA /* Main */ = {
			isa = PBXGroup;
			children = (
				04F7287420F2F26D0089EDCA /* AppDelegate.h */,
				04F7287620F2F26D0089EDCA /* AppDelegate.m */,
				04F7287520F2F26D0089EDCA /* main.m */,
				04F7287720F2F26D0089EDCA /* Info.plist */,
				04DF407720F30F760002EAB9 /* PrefixHeader.pch */,
			);
			path = Main;
			sourceTree = "<group>";
		};
		4CF00F35B117ACE87C468131 /* Pods */ = {
			isa = PBXGroup;
			children = (
				972B5E7907C06A56F27D883B /* Pods-EasyRTMP.debug.xcconfig */,
				1DDF0159A3C68E6B998F514C /* Pods-EasyRTMP.release.xcconfig */,
			);
			name = Pods;
			sourceTree = "<group>";
		};
		667D99D82007AD8F00F580D7 /* ViewController */ = {
			isa = PBXGroup;
			children = (
				047A9DDA20F3448A003CC39F /* BaseViewController.h */,
				047A9DD920F34489003CC39F /* BaseViewController.m */,
				F6C510331D858306001EB536 /* PushViewController.h */,
				F6C510341D858306001EB536 /* PushViewController.m */,
				A1195C551E69A22300535E11 /* ResolutionViewController.h */,
				A1195C561E69A22300535E11 /* ResolutionViewController.m */,
				047A9E0F20F37C02003CC39F /* Info */,
				047A9DDC20F3452E003CC39F /* Setting */,
				667D99D92007B17200F580D7 /* Additional */,
			);
			path = ViewController;
			sourceTree = "<group>";
		};
		667D99D92007B17200F580D7 /* Additional */ = {
			isa = PBXGroup;
			children = (
				A1195D261E73D43200535E11 /* NoNetNotifieViewController.h */,
				A1195D271E73D43200535E11 /* NoNetNotifieViewController.m */,
				A1195D2C1E73D81E00535E11 /* NoNetTableViewCell.h */,
				A1195D2D1E73D81E00535E11 /* NoNetTableViewCell.m */,
				A1195D2E1E73D81E00535E11 /* NoNetTableViewCell.xib */,
			);
			path = Additional;
			sourceTree = "<group>";
		};
		A1CBFC491E4F099900588740 /* Frameworks */ = {
			isa = PBXGroup;
			children = (
				047A9E0A20F34E15003CC39F /* JavaScriptCore.framework */,
				047A9E0820F34E01003CC39F /* Security.framework */,
				047A9E0120F34B97003CC39F /* IQKeyboardManager.framework */,
				047A9E0320F34B97003CC39F /* Masonry.framework */,
				047A9E0520F34B97003CC39F /* RTRootNavigationController.framework */,
				A1DBC6541E8BDFE0001E25E8 /* Foundation.framework */,
				A1DBC63D1E8BA95A001E25E8 /* SystemConfiguration.framework */,
				A1DBC63B1E8BA94A001E25E8 /* VideoToolbox.framework */,
				A1DBC6391E8BA93C001E25E8 /* AudioToolbox.framework */,
				A1DBC6371E8BA92C001E25E8 /* libbz2.tbd */,
				A1DBC6341E8BA90A001E25E8 /* libiconv.tbd */,
				A1DBC6321E8BA8F8001E25E8 /* libicucore.tbd */,
				A1DBC6301E8BA886001E25E8 /* CFNetwork.framework */,
				A1DBC62E1E8BA869001E25E8 /* libz.tbd */,
				A1DBC62C1E8BA833001E25E8 /* libstdc++.tbd */,
				A1DBC62A1E8BA7EA001E25E8 /* libc++.tbd */,
				A1195D241E73A1BD00535E11 /* CoreTelephony.framework */,
				A1CBFC4A1E4F099900588740 /* AVFoundation.framework */,
				D94BD2DDB07309B15B104DE2 /* Pods_EasyRTMP.framework */,
			);
			name = Frameworks;
			sourceTree = "<group>";
		};
		F6C510211D858306001EB536 = {
			isa = PBXGroup;
			children = (
				F6C5102C1D858306001EB536 /* EasyRTMP */,
				F6C5102B1D858306001EB536 /* Products */,
				A1CBFC491E4F099900588740 /* Frameworks */,
				4CF00F35B117ACE87C468131 /* Pods */,
			);
			sourceTree = "<group>";
		};
		F6C5102B1D858306001EB536 /* Products */ = {
			isa = PBXGroup;
			children = (
				F6C5102A1D858306001EB536 /* EasyRTMP.app */,
			);
			name = Products;
			sourceTree = "<group>";
		};
		F6C5102C1D858306001EB536 /* EasyRTMP */ = {
			isa = PBXGroup;
			children = (
				04F7287320F2F26D0089EDCA /* Main */,
				04C61CA720F484F300D755D9 /* View */,
				667D99D82007AD8F00F580D7 /* ViewController */,
				04DF407820F3352F0002EAB9 /* DataLayer */,
				04F7285D20F2F2460089EDCA /* EasyRTMPLib */,
				04F7286120F2F2460089EDCA /* Encoder */,
				F6C5102D1D858306001EB536 /* Supporting Files */,
			);
			path = EasyRTMP;
			sourceTree = "<group>";
		};
		F6C5102D1D858306001EB536 /* Supporting Files */ = {
			isa = PBXGroup;
			children = (
				F6C5103B1D858306001EB536 /* LaunchScreen.storyboard */,
				04DF407420F2FE120002EAB9 /* Main.storyboard */,
				F6C510391D858306001EB536 /* Assets.xcassets */,
			);
			name = "Supporting Files";
			sourceTree = "<group>";
		};
/* End PBXGroup section */

/* Begin PBXNativeTarget section */
		F6C510291D858306001EB536 /* EasyRTMP */ = {
			isa = PBXNativeTarget;
			buildConfigurationList = F6C510411D858306001EB536 /* Build configuration list for PBXNativeTarget "EasyRTMP" */;
			buildPhases = (
				E4824ADC41F78FD1A3828CEC /* [CP] Check Pods Manifest.lock */,
				F6C510261D858306001EB536 /* Sources */,
				F6C510271D858306001EB536 /* Frameworks */,
				F6C510281D858306001EB536 /* Resources */,
				73AB458BCE39B739FC6189FF /* [CP] Embed Pods Frameworks */,
			);
			buildRules = (
			);
			dependencies = (
			);
			name = EasyRTMP;
			productName = EasyPusher;
			productReference = F6C5102A1D858306001EB536 /* EasyRTMP.app */;
			productType = "com.apple.product-type.application";
		};
/* End PBXNativeTarget section */

/* Begin PBXProject section */
		F6C510221D858306001EB536 /* Project object */ = {
			isa = PBXProject;
			attributes = {
				LastUpgradeCheck = 0940;
				ORGANIZATIONNAME = phylony;
				TargetAttributes = {
					F6C510291D858306001EB536 = {
						CreatedOnToolsVersion = 7.3.1;
						DevelopmentTeam = 33USAS7KQX;
						ProvisioningStyle = Automatic;
					};
				};
			};
			buildConfigurationList = F6C510251D858306001EB536 /* Build configuration list for PBXProject "EasyRTMP" */;
			compatibilityVersion = "Xcode 3.2";
			developmentRegion = English;
			hasScannedForEncodings = 0;
			knownRegions = (
				en,
				Base,
			);
			mainGroup = F6C510211D858306001EB536;
			productRefGroup = F6C5102B1D858306001EB536 /* Products */;
			projectDirPath = "";
			projectRoot = "";
			targets = (
				F6C510291D858306001EB536 /* EasyRTMP */,
			);
		};
/* End PBXProject section */

/* Begin PBXResourcesBuildPhase section */
		F6C510281D858306001EB536 /* Resources */ = {
			isa = PBXResourcesBuildPhase;
			buildActionMask = 2147483647;
			files = (
				04DF407620F2FE120002EAB9 /* Main.storyboard in Resources */,
				F6C5103D1D858306001EB536 /* LaunchScreen.storyboard in Resources */,
				F6C5103A1D858306001EB536 /* Assets.xcassets in Resources */,
				A1195D301E73D81E00535E11 /* NoNetTableViewCell.xib in Resources */,
			);
			runOnlyForDeploymentPostprocessing = 0;
		};
/* End PBXResourcesBuildPhase section */

/* Begin PBXShellScriptBuildPhase section */
		73AB458BCE39B739FC6189FF /* [CP] Embed Pods Frameworks */ = {
			isa = PBXShellScriptBuildPhase;
			buildActionMask = 2147483647;
			files = (
			);
			inputPaths = (
				"${SRCROOT}/Pods/Target Support Files/Pods-EasyRTMP/Pods-EasyRTMP-frameworks.sh",
				"${BUILT_PRODUCTS_DIR}/IQKeyboardManager/IQKeyboardManager.framework",
				"${BUILT_PRODUCTS_DIR}/Masonry/Masonry.framework",
				"${BUILT_PRODUCTS_DIR}/RTRootNavigationController/RTRootNavigationController.framework",
				"${BUILT_PRODUCTS_DIR}/ReactiveCocoa/ReactiveCocoa.framework",
			);
			name = "[CP] Embed Pods Frameworks";
			outputPaths = (
				"${TARGET_BUILD_DIR}/${FRAMEWORKS_FOLDER_PATH}/IQKeyboardManager.framework",
				"${TARGET_BUILD_DIR}/${FRAMEWORKS_FOLDER_PATH}/Masonry.framework",
				"${TARGET_BUILD_DIR}/${FRAMEWORKS_FOLDER_PATH}/RTRootNavigationController.framework",
				"${TARGET_BUILD_DIR}/${FRAMEWORKS_FOLDER_PATH}/ReactiveCocoa.framework",
			);
			runOnlyForDeploymentPostprocessing = 0;
			shellPath = /bin/sh;
			shellScript = "\"${SRCROOT}/Pods/Target Support Files/Pods-EasyRTMP/Pods-EasyRTMP-frameworks.sh\"\n";
			showEnvVarsInLog = 0;
		};
		E4824ADC41F78FD1A3828CEC /* [CP] Check Pods Manifest.lock */ = {
			isa = PBXShellScriptBuildPhase;
			buildActionMask = 2147483647;
			files = (
			);
			inputPaths = (
				"${PODS_PODFILE_DIR_PATH}/Podfile.lock",
				"${PODS_ROOT}/Manifest.lock",
			);
			name = "[CP] Check Pods Manifest.lock";
			outputPaths = (
				"$(DERIVED_FILE_DIR)/Pods-EasyRTMP-checkManifestLockResult.txt",
			);
			runOnlyForDeploymentPostprocessing = 0;
			shellPath = /bin/sh;
			shellScript = "diff \"${PODS_PODFILE_DIR_PATH}/Podfile.lock\" \"${PODS_ROOT}/Manifest.lock\" > /dev/null\nif [ $? != 0 ] ; then\n    # print error to STDERR\n    echo \"error: The sandbox is not in sync with the Podfile.lock. Run 'pod install' or update your CocoaPods installation.\" >&2\n    exit 1\nfi\n# This output is used by Xcode 'outputs' to avoid re-running this script phase.\necho \"SUCCESS\" > \"${SCRIPT_OUTPUT_FILE_0}\"\n";
			showEnvVarsInLog = 0;
		};
/* End PBXShellScriptBuildPhase section */

/* Begin PBXSourcesBuildPhase section */
		F6C510261D858306001EB536 /* Sources */ = {
			isa = PBXSourcesBuildPhase;
			buildActionMask = 2147483647;
			files = (
				04F7287020F2F2460089EDCA /* H264Packet.m in Sources */,
				047A9E1220F37C25003CC39F /* ScanViewController.m in Sources */,
				A1195C581E69A22300535E11 /* ResolutionViewController.m in Sources */,
				04F7286E20F2F2460089EDCA /* H264HWDecoder.m in Sources */,
				04C61CA220F44B1500D755D9 /* ResolutionViewController2.m in Sources */,
				A1195D2F1E73D81E00535E11 /* NoNetTableViewCell.m in Sources */,
				04F7286F20F2F2460089EDCA /* AACEncoder.m in Sources */,
				04F7287820F2F26D0089EDCA /* main.m in Sources */,
				F6C510351D858306001EB536 /* PushViewController.m in Sources */,
				A1195C5D1E6A6FE200535E11 /* InfoViewController.m in Sources */,
				04C61CB020F48B5200D755D9 /* PhotoViewController.m in Sources */,
				04C61CA620F45FBF00D755D9 /* VideoViewController.m in Sources */,
				04C61CAD20F4857D00D755D9 /* VideoCell.m in Sources */,
				A1195D291E73D43200535E11 /* NoNetNotifieViewController.m in Sources */,
				047A9E0E20F36479003CC39F /* WebViewController.m in Sources */,
				047A9DD820F33569003CC39F /* URLTool.m in Sources */,
				A175F55B1E24D32F00C76B21 /* SettingViewController.m in Sources */,
				04F7287120F2F2460089EDCA /* H264HWEncoder.m in Sources */,
				047A9DDB20F3448A003CC39F /* BaseViewController.m in Sources */,
				047A9E1520F37E8F003CC39F /* RecordViewController.m in Sources */,
				04F7287920F2F26D0089EDCA /* AppDelegate.m in Sources */,
				04C61CAA20F484FD00D755D9 /* PromptView.m in Sources */,
				04F7287220F2F2460089EDCA /* CameraEncoder.m in Sources */,
			);
			runOnlyForDeploymentPostprocessing = 0;
		};
/* End PBXSourcesBuildPhase section */

/* Begin PBXVariantGroup section */
		04DF407420F2FE120002EAB9 /* Main.storyboard */ = {
			isa = PBXVariantGroup;
			children = (
				04DF407520F2FE120002EAB9 /* Base */,
			);
			name = Main.storyboard;
			sourceTree = "<group>";
		};
		F6C5103B1D858306001EB536 /* LaunchScreen.storyboard */ = {
			isa = PBXVariantGroup;
			children = (
				F6C5103C1D858306001EB536 /* Base */,
			);
			name = LaunchScreen.storyboard;
			sourceTree = "<group>";
		};
/* End PBXVariantGroup section */

/* Begin XCBuildConfiguration section */
		F6C5103F1D858306001EB536 /* Debug */ = {
			isa = XCBuildConfiguration;
			buildSettings = {
				ALWAYS_SEARCH_USER_PATHS = NO;
				CLANG_ANALYZER_NONNULL = YES;
				CLANG_CXX_LANGUAGE_STANDARD = "gnu++0x";
				CLANG_CXX_LIBRARY = "libc++";
				CLANG_ENABLE_MODULES = YES;
				CLANG_ENABLE_OBJC_ARC = YES;
				CLANG_WARN_BLOCK_CAPTURE_AUTORELEASING = YES;
				CLANG_WARN_BOOL_CONVERSION = YES;
				CLANG_WARN_COMMA = YES;
				CLANG_WARN_CONSTANT_CONVERSION = YES;
				CLANG_WARN_DEPRECATED_OBJC_IMPLEMENTATIONS = YES;
				CLANG_WARN_DIRECT_OBJC_ISA_USAGE = YES_ERROR;
				CLANG_WARN_EMPTY_BODY = YES;
				CLANG_WARN_ENUM_CONVERSION = YES;
				CLANG_WARN_INFINITE_RECURSION = YES;
				CLANG_WARN_INT_CONVERSION = YES;
				CLANG_WARN_NON_LITERAL_NULL_CONVERSION = YES;
				CLANG_WARN_OBJC_IMPLICIT_RETAIN_SELF = YES;
				CLANG_WARN_OBJC_LITERAL_CONVERSION = YES;
				CLANG_WARN_OBJC_ROOT_CLASS = YES_ERROR;
				CLANG_WARN_RANGE_LOOP_ANALYSIS = YES;
				CLANG_WARN_STRICT_PROTOTYPES = YES;
				CLANG_WARN_SUSPICIOUS_MOVE = YES;
				CLANG_WARN_UNREACHABLE_CODE = YES;
				CLANG_WARN__DUPLICATE_METHOD_MATCH = YES;
				CODE_SIGN_IDENTITY = "";
				"CODE_SIGN_IDENTITY[sdk=iphoneos*]" = "";
				COPY_PHASE_STRIP = NO;
				DEBUG_INFORMATION_FORMAT = dwarf;
				DEVELOPMENT_TEAM = DNN39LJ53Q;
				ENABLE_BITCODE = NO;
				ENABLE_STRICT_OBJC_MSGSEND = YES;
				ENABLE_TESTABILITY = YES;
				GCC_C_LANGUAGE_STANDARD = gnu99;
				GCC_DYNAMIC_NO_PIC = NO;
				GCC_NO_COMMON_BLOCKS = YES;
				GCC_OPTIMIZATION_LEVEL = 0;
				GCC_PREPROCESSOR_DEFINITIONS = (
					"DEBUG=1",
					"$(inherited)",
				);
				GCC_WARN_64_TO_32_BIT_CONVERSION = YES;
				GCC_WARN_ABOUT_RETURN_TYPE = YES_ERROR;
				GCC_WARN_UNDECLARED_SELECTOR = YES;
				GCC_WARN_UNINITIALIZED_AUTOS = YES_AGGRESSIVE;
				GCC_WARN_UNUSED_FUNCTION = YES;
				GCC_WARN_UNUSED_VARIABLE = YES;
				IPHONEOS_DEPLOYMENT_TARGET = 8.0;
				MTL_ENABLE_DEBUG_INFO = YES;
				ONLY_ACTIVE_ARCH = YES;
				OTHER_LDFLAGS = (
					"$(OTHER_LDFLAGS)",
					"-ObjC",
				);
				PROVISIONING_PROFILE = "";
				PROVISIONING_PROFILE_SPECIFIER = "";
				SDKROOT = iphoneos;
				TARGETED_DEVICE_FAMILY = "1,2";
			};
			name = Debug;
		};
		F6C510401D858306001EB536 /* Release */ = {
			isa = XCBuildConfiguration;
			buildSettings = {
				ALWAYS_SEARCH_USER_PATHS = NO;
				CLANG_ANALYZER_NONNULL = YES;
				CLANG_CXX_LANGUAGE_STANDARD = "gnu++0x";
				CLANG_CXX_LIBRARY = "libc++";
				CLANG_ENABLE_MODULES = YES;
				CLANG_ENABLE_OBJC_ARC = YES;
				CLANG_WARN_BLOCK_CAPTURE_AUTORELEASING = YES;
				CLANG_WARN_BOOL_CONVERSION = YES;
				CLANG_WARN_COMMA = YES;
				CLANG_WARN_CONSTANT_CONVERSION = YES;
				CLANG_WARN_DEPRECATED_OBJC_IMPLEMENTATIONS = YES;
				CLANG_WARN_DIRECT_OBJC_ISA_USAGE = YES_ERROR;
				CLANG_WARN_EMPTY_BODY = YES;
				CLANG_WARN_ENUM_CONVERSION = YES;
				CLANG_WARN_INFINITE_RECURSION = YES;
				CLANG_WARN_INT_CONVERSION = YES;
				CLANG_WARN_NON_LITERAL_NULL_CONVERSION = YES;
				CLANG_WARN_OBJC_IMPLICIT_RETAIN_SELF = YES;
				CLANG_WARN_OBJC_LITERAL_CONVERSION = YES;
				CLANG_WARN_OBJC_ROOT_CLASS = YES_ERROR;
				CLANG_WARN_RANGE_LOOP_ANALYSIS = YES;
				CLANG_WARN_STRICT_PROTOTYPES = YES;
				CLANG_WARN_SUSPICIOUS_MOVE = YES;
				CLANG_WARN_UNREACHABLE_CODE = YES;
				CLANG_WARN__DUPLICATE_METHOD_MATCH = YES;
				CODE_SIGN_IDENTITY = "";
				"CODE_SIGN_IDENTITY[sdk=iphoneos*]" = "";
				COPY_PHASE_STRIP = NO;
				DEBUG_INFORMATION_FORMAT = "dwarf-with-dsym";
				DEVELOPMENT_TEAM = DNN39LJ53Q;
				ENABLE_BITCODE = NO;
				ENABLE_NS_ASSERTIONS = NO;
				ENABLE_STRICT_OBJC_MSGSEND = YES;
				GCC_C_LANGUAGE_STANDARD = gnu99;
				GCC_NO_COMMON_BLOCKS = YES;
				GCC_WARN_64_TO_32_BIT_CONVERSION = YES;
				GCC_WARN_ABOUT_RETURN_TYPE = YES_ERROR;
				GCC_WARN_UNDECLARED_SELECTOR = YES;
				GCC_WARN_UNINITIALIZED_AUTOS = YES_AGGRESSIVE;
				GCC_WARN_UNUSED_FUNCTION = YES;
				GCC_WARN_UNUSED_VARIABLE = YES;
				IPHONEOS_DEPLOYMENT_TARGET = 8.0;
				MTL_ENABLE_DEBUG_INFO = NO;
				OTHER_LDFLAGS = (
					"$(OTHER_LDFLAGS)",
					"-ObjC",
				);
				PROVISIONING_PROFILE = "";
				PROVISIONING_PROFILE_SPECIFIER = "";
				SDKROOT = iphoneos;
				TARGETED_DEVICE_FAMILY = "1,2";
				VALIDATE_PRODUCT = YES;
			};
			name = Release;
		};
		F6C510421D858306001EB536 /* Debug */ = {
			isa = XCBuildConfiguration;
			baseConfigurationReference = 972B5E7907C06A56F27D883B /* Pods-EasyRTMP.debug.xcconfig */;
			buildSettings = {
				ALWAYS_SEARCH_USER_PATHS = NO;
				ASSETCATALOG_COMPILER_APPICON_NAME = AppIcon;
				CLANG_CXX_LIBRARY = "libc++";
				CODE_SIGN_IDENTITY = "iPhone Developer";
				"CODE_SIGN_IDENTITY[sdk=iphoneos*]" = "iPhone Developer";
				DEVELOPMENT_TEAM = 33USAS7KQX;
				ENABLE_BITCODE = NO;
				GCC_PREFIX_HEADER = "${SRCROOT}/EasyRTMP/Main/PrefixHeader.pch";
				HEADER_SEARCH_PATHS = "";
				INFOPLIST_FILE = "$(SRCROOT)/EasyRTMP/Main/Info.plist";
				IPHONEOS_DEPLOYMENT_TARGET = 9.0;
				LD_RUNPATH_SEARCH_PATHS = "$(inherited) @executable_path/Frameworks";
				LIBRARY_SEARCH_PATHS = (
					"$(inherited)",
					"$(PROJECT_DIR)/EasyRTMP/EasyRTMPLib",
				);
				ONLY_ACTIVE_ARCH = YES;
				OTHER_LDFLAGS = (
					"$(inherited)",
					"-ObjC",
					"-l\"c++\"",
					"-l\"sqlite3.0\"",
					"-l\"stdc++.6.0.9\"",
					"-l\"z\"",
					"-framework",
					"\"AVFoundation\"",
					"-framework",
					"\"AudioToolbox\"",
					"-framework",
					"\"Bugly\"",
					"-framework",
					"\"CoreGraphics\"",
					"-framework",
					"\"CoreLocation\"",
					"-framework",
					"\"CoreMedia\"",
					"-framework",
					"\"CoreTelephony\"",
					"-framework",
					"\"CoreText\"",
					"-framework",
					"\"GLKit\"",
					"-framework",
					"\"IQKeyboardManager\"",
					"-framework",
					"\"Masonry\"",
					"-framework",
					"\"OpenGLES\"",
					"-framework",
					"\"QuartzCore\"",
					"-framework",
					"\"RTRootNavigationController\"",
					"-framework",
					"\"ReactiveCocoa\"",
					"-framework",
					"\"SystemConfiguration\"",
					"-framework",
					"\"VideoToolbox\"",
				);
				PRODUCT_BUNDLE_IDENTIFIER = org.easydarwin.easydarwinrtmp;
				PRODUCT_NAME = "$(TARGET_NAME)";
				PROVISIONING_PROFILE = "";
				PROVISIONING_PROFILE_SPECIFIER = "";
				TARGETED_DEVICE_FAMILY = 1;
				USER_HEADER_SEARCH_PATHS = "";
				VALID_ARCHS = "armv7 armv7s arm64";
			};
			name = Debug;
		};
		F6C510431D858306001EB536 /* Release */ = {
			isa = XCBuildConfiguration;
			baseConfigurationReference = 1DDF0159A3C68E6B998F514C /* Pods-EasyRTMP.release.xcconfig */;
			buildSettings = {
				ALWAYS_SEARCH_USER_PATHS = NO;
				ASSETCATALOG_COMPILER_APPICON_NAME = AppIcon;
				CLANG_CXX_LIBRARY = "libc++";
				CODE_SIGN_IDENTITY = "iPhone Developer";
				"CODE_SIGN_IDENTITY[sdk=iphoneos*]" = "iPhone Developer";
				DEVELOPMENT_TEAM = 33USAS7KQX;
				ENABLE_BITCODE = NO;
				GCC_PREFIX_HEADER = "${SRCROOT}/EasyRTMP/Main/PrefixHeader.pch";
				HEADER_SEARCH_PATHS = "";
				INFOPLIST_FILE = "$(SRCROOT)/EasyRTMP/Main/Info.plist";
				IPHONEOS_DEPLOYMENT_TARGET = 9.0;
				LD_RUNPATH_SEARCH_PATHS = "$(inherited) @executable_path/Frameworks";
				LIBRARY_SEARCH_PATHS = (
					"$(inherited)",
					"$(PROJECT_DIR)/EasyRTMP/EasyRTMPLib",
				);
				ONLY_ACTIVE_ARCH = YES;
				OTHER_LDFLAGS = (
					"$(inherited)",
					"-ObjC",
					"-l\"c++\"",
					"-l\"sqlite3.0\"",
					"-l\"stdc++.6.0.9\"",
					"-l\"z\"",
					"-framework",
					"\"AVFoundation\"",
					"-framework",
					"\"AudioToolbox\"",
					"-framework",
					"\"Bugly\"",
					"-framework",
					"\"CoreGraphics\"",
					"-framework",
					"\"CoreLocation\"",
					"-framework",
					"\"CoreMedia\"",
					"-framework",
					"\"CoreTelephony\"",
					"-framework",
					"\"CoreText\"",
					"-framework",
					"\"GLKit\"",
					"-framework",
					"\"IQKeyboardManager\"",
					"-framework",
					"\"Masonry\"",
					"-framework",
					"\"OpenGLES\"",
					"-framework",
					"\"QuartzCore\"",
					"-framework",
					"\"RTRootNavigationController\"",
					"-framework",
					"\"ReactiveCocoa\"",
					"-framework",
					"\"SystemConfiguration\"",
					"-framework",
					"\"VideoToolbox\"",
				);
				PRODUCT_BUNDLE_IDENTIFIER = org.easydarwin.easydarwinrtmp;
				PRODUCT_NAME = "$(TARGET_NAME)";
				PROVISIONING_PROFILE = "";
				PROVISIONING_PROFILE_SPECIFIER = "";
				TARGETED_DEVICE_FAMILY = 1;
				USER_HEADER_SEARCH_PATHS = "";
				VALID_ARCHS = "armv7 armv7s arm64";
			};
			name = Release;
		};
/* End XCBuildConfiguration section */

/* Begin XCConfigurationList section */
		F6C510251D858306001EB536 /* Build configuration list for PBXProject "EasyRTMP" */ = {
			isa = XCConfigurationList;
			buildConfigurations = (
				F6C5103F1D858306001EB536 /* Debug */,
				F6C510401D858306001EB536 /* Release */,
			);
			defaultConfigurationIsVisible = 0;
			defaultConfigurationName = Release;
		};
		F6C510411D858306001EB536 /* Build configuration list for PBXNativeTarget "EasyRTMP" */ = {
			isa = XCConfigurationList;
			buildConfigurations = (
				F6C510421D858306001EB536 /* Debug */,
				F6C510431D858306001EB536 /* Release */,
			);
			defaultConfigurationIsVisible = 0;
			defaultConfigurationName = Release;
		};
/* End XCConfigurationList section */
	};
	rootObject = F6C510221D858306001EB536 /* Project object */;
}
